github.com/gohugoio/hugo-mod-bootstrap-scss/v5 v5.20300.20003 h1:pt/JGVD5YYRsVVijOHPZI6YKTUvbR4e0hgV9B0S6rbI=
github.com/gohugoio/hugo-mod-bootstrap-scss/v5 v5.20300.20003/go.mod h1:mvM05r93HiefwoaxQTaYiJxtJAhTebwQtU1Xh/J+Okk=
github.com/gohugoio/hugo-mod-jslibs-dist/popperjs/v2 v2.21100.20000/go.mod h1:mFberT6ZtcchrsDtfvJM7aAH2bDKLdOnruUHl0hlapI=
github.com/hbstack/blog v0.15.7 h1:B+uKSPfrJgBgXfqZNzCCV3OsCBOgdeeZ+DIuccLpnoc=
github.com/hbstack/blog v0.15.7/go.mod h1:l9CC8dn4Ld/OZTxLFq1Q2s+DMCnisgE6fUxXXT8Q5Ks=
github.com/hbstack/blog/modules/breadcrumb v0.1.12 h1:TbRHU+yJS8y0SjlzqhTMc3co9ALkAmaKq0e02EvB0mE=
github.com/hbstack/blog/modules/breadcrumb v0.1.12/go.mod h1:oaM9EWWpD0SOJBD0AO09JUTPdfJ26HHHPrRNboycGok=
github.com/hbstack/blog/modules/featured-image v0.2.11 h1:qFggN5jLNPV41AGgzI96OPaHhej04GHESjoLVwUESjY=
github.com/hbstack/blog/modules/featured-image v0.2.11/go.mod h1:RkMGNqp6WnzGfA/2V6R89AVEjsYcaq0FlF8KhsbbQ+0=
github.com/hbstack/blog/modules/heading-sign v0.1.13 h1:3t6jBdakaWvrlX2PXTNBoV6PfanSM/gfdxaz1z48AFE=
github.com/hbstack/blog/modules/heading-sign v0.1.13/go.mod h1:R21UOgyJMpmvIZA1/VNPRZka5Fl9e5v1NoFdtt5Kamg=
github.com/hbstack/blog/modules/post-nav v0.2.10 h1:61SWwCRNyoe87Mh9JP9/JVpzTEinYDWFru4xXh2ifGY=
github.com/hbstack/blog/modules/post-nav v0.2.10/go.mod h1:0GS4LynQFq/zTfyo5PEbgCQNeLS0Simvu5jC8LptkuE=
github.com/hbstack/blog/modules/related-posts v0.1.12 h1:dGbOxmtZ0JGLYqdhUACHIZtx6LQ0dV9dhL6k5YLcWgQ=
github.com/hbstack/blog/modules/related-posts v0.1.12/go.mod h1:VrN7C5rOzjQ3rHbO68kavy/u3gB1FgaWsbFkPH0mG/A=
github.com/hbstack/bootstrap v0.2.0 h1:pHZ1KQ0HHwhHFbgzZ401kMSxkS7Tg0I/X002SD6WHak=
github.com/hbstack/bootstrap v0.2.0/go.mod h1:BqrUe89qxDkc8kxJ4iaK/XZxzZrWhlGloOFJfcNxAUU=
github.com/hbstack/footer v0.2.3 h1:eO3RYWFVKjZCfv1b7CTPwWiWGiPJYB5GzpSitFVLif0=
github.com/hbstack/footer v0.2.3/go.mod h1:83AHk2CsJmFjLu6Tz1z/indPsWFU3WGVb3EI/IX2g1k=
github.com/hbstack/footer/modules/socials v0.2.2 h1:9aEg0LXDpvHXcpCBSssM5XLjDPW/Skz7xabz2ybEbMA=
github.com/hbstack/footer/modules/socials v0.2.2/go.mod h1:sDb2P7iE/bVOwsPBICE0g7PSt8jzHvpTMSq5yzy4Odw=
github.com/hbstack/header v0.9.0 h1:lhFJYaaOSuuQ7/vavg9pULZ/po2JcoZrAiISh9Iqw70=
github.com/hbstack/header v0.9.0/go.mod h1:ihpMPmzro0155ZHtd3t95C1R5NN61JUZ/0Hng3GpiGo=
github.com/hbstack/header/modules/language-picker v0.1.14 h1:TqbubJw1QZksJ/q/jqcHcRhY3PLDDmoYnY+3bCowjsE=
github.com/hbstack/header/modules/language-picker v0.1.14/go.mod h1:rHukdXlCDa5duCRq74+gMSdYlx7iyTMYwq3gdYrDGRA=
github.com/hbstack/header/modules/search v0.1.24 h1:x+OB31TpsgqMA1ASvelY8M6VokJv8S1zPGJcLeal6t8=
github.com/hbstack/header/modules/search v0.1.24/go.mod h1:Y4TtJmovCaGm7lEnB/Gw0CARgqACo/vjKFRFqfvCTJM=
github.com/hbstack/header/modules/socials v0.1.18 h1:f+JYlOJUMP9/JpZ4yOYaKC82rpYkjS34FR96J+AZYOg=
github.com/hbstack/header/modules/socials v0.1.18/go.mod h1:PNRThsNsYmjPBpPj8/BIW+U1fTUh8NETlbmPePz8ioQ=
github.com/hbstack/header/modules/theme-toggle v0.1.14 h1:iC7ZRbNo72qn1Vudnu5DAn2pr0gONrTunrrMbG2lPok=
github.com/hbstack/header/modules/theme-toggle v0.1.14/go.mod h1:7W99Yalps+pF9HviB0UB+M7bjX/Xd+LA17O0JqKceUs=
github.com/hbstack/mermaid v0.1.0 h1:T/3Az7xujbFmbC4r1tZGKTwt6GOcz/72yc2N9oFNU2I=
github.com/hbstack/mermaid v0.1.0/go.mod h1:dQAfzX1SA4b3k5ytA8WPR5luxjX4ii7EdtoRsr8WLNw=
github.com/hbstack/syntax-highlighting v0.1.0 h1:WxdhNgCktllNKQDqu1BmLmg9dsi77/dXIlcdQ8KZZI0=
github.com/hbstack/syntax-highlighting v0.1.0/go.mod h1:6IoaM+tSIkKZblIrT1i5L3zVH68nt4UScU9JB30FQsc=
github.com/hbstack/syntax-highlighting/styles/gruvbox v0.1.0 h1:lGH8nqOU/+3yzHIk5s1nTrzHDImEnvLkr/0viuPfx3Y=
github.com/hbstack/syntax-highlighting/styles/gruvbox v0.1.0/go.mod h1:ar5ZFplNyVZCVG6rvo69co1hNZwptxtrDz3zproGLPg=
github.com/hugomods/base v0.1.0 h1:3o9Y85BvXHjkYzZfswM/EtthQ8GOYKN8aXHkIWqu3/8=
github.com/hugomods/base v0.1.0/go.mod h1:hnWCPbVxuhXBwdFax3mmbMlWKmIo/7OP36MCLOyHtT4=
github.com/hugomods/bootstrap v0.11.1 h1:gbJRe1FyxnCxWq5DtyGXxVpU0rmFa5uS1htNUYKo8GQ=
github.com/hugomods/bootstrap v0.11.1/go.mod h1:NVii94xgqDocyD0+aAWamBLPJjNspfMynEdmIOXO3Vs=
github.com/hugomods/bootstrap v0.11.2/go.mod h1:NVii94xgqDocyD0+aAWamBLPJjNspfMynEdmIOXO3Vs=
github.com/hugomods/fuse-js v0.1.0 h1:CmWHBZANvjOP44RDNQNLntqlLf9GLqeM29jekxTNcPE=
github.com/hugomods/fuse-js v0.1.0/go.mod h1:srCqvtBQR02HS/abTraDU4oINv1D3PljNPdexdoHhpo=
github.com/hugomods/hugopress v0.2.1 h1:coYEPHUNLuTxKrVWVIPgs0lbZ6yrqxdWjgSriNFuBVo=
github.com/hugomods/hugopress v0.2.1/go.mod h1:CRYvr60xOkZOf4Atkuj+uEj2EH5pjJ39Ws3aJAkoMkA=
github.com/hugomods/i18n-js v0.2.1 h1:uIUl4LiYdwo8IK08oq7OmluYLedL21Wc9Rig1taDTSI=
github.com/hugomods/i18n-js v0.2.1/go.mod h1:eJfxjgI2CQsNA1/ReIVvr5127DftUKcbHd2A2SQmDvU=
github.com/hugomods/icons v0.6.0 h1:G6RU93okhPPRDh/jqcew9gwkcYpSpg0rCBv4S6yUAFw=
github.com/hugomods/icons v0.6.0/go.mod h1:cIkSvK6W0q6N4U6n9KGz+QfRWQXAW0INd+1P31gPNGg=
github.com/hugomods/icons/vendors/simple-icons v1.0.11 h1:Faq8i0sJNX3XZXQBf8QIOsh/u2jBuCW+Cn/6Ow7l5fQ=
github.com/hugomods/icons/vendors/simple-icons v1.0.11/go.mod h1:ygxynoNwK4aE9ijEAZHtTV4V/FaovN4kHKH9m7X2yZM=
github.com/hugomods/icons/vendors/simple-icons v1.0.12/go.mod h1:D79JYuM4y6yOrgk09kNuQL5x1qi4rHgAPmM8qtv5dB4=
github.com/hugomods/images v0.7.0 h1:NEGgCSrh1YuHGmTAL9wDAKLdXL4WU6Nw4BfkampJxyM=
github.com/hugomods/images v0.7.0/go.mod h1:U6Gwj16LKvk66rOMyGFrnF6f0aV8lT89lqOsckOAjYY=
github.com/hugomods/katex v0.2.0 h1:h5hG0vnyL6dMzNiLeNMXb+VPwseZXoTORjzV6e6YgJw=
github.com/hugomods/katex v0.2.0/go.mod h1:8wO7jRjPT+M6UeipsJ0Hpah4LjWU9P6V5CO0eEKvL8U=
github.com/hugomods/mermaid v0.1.1 h1:12b8DbdiKOTtPmkWOMXsBz3LKkAWVqa5tGkbEboj0a4=
github.com/hugomods/mermaid v0.1.1/go.mod h1:7sKIZLAeYsXXnKRh4KR70UQx27xnzf0mSQ2o99zTLS0=
github.com/hugomods/seo/modules/alternatives v0.1.0 h1:G5IjM7j7ExgXEMyxQj1Z/5JwwRW8DEmL0nDJYxA3NhE=
github.com/hugomods/seo/modules/alternatives v0.1.0/go.mod h1:ff9uz+f5yii9k2jbwt/HKM3RpLR3EYZrNQBAOabNxMA=
github.com/hugomods/seo/modules/base v0.1.0 h1:ZEkWuYeRJeQakBkBThO3N3lmGzOZoPixs4pDugJXfJk=
github.com/hugomods/seo/modules/base v0.1.0/go.mod h1:qfm1Vga0eGxL+Szgz8Jopm+NtJ5PGov2a2dikTg1qSg=
github.com/hugomods/seo/modules/favicons v0.2.0 h1:pzQMocbHHMNNiuE5vsCxE4qqaJBprYAUX4EOoiF+ynM=
github.com/hugomods/seo/modules/favicons v0.2.0/go.mod h1:xFDhrpWUZR4NMMVkilzT6xFBHiF5eyCQ8PlzOS2K9lY=
github.com/hugomods/seo/modules/open-graph v0.1.0 h1:Whveal1j1n2xZWcAlNAd2rdfKp7Fh5apol36wLGLb54=
github.com/hugomods/seo/modules/open-graph v0.1.0/go.mod h1:G7mXf7D1QtRN/i7A9v+cUF5P55H/QaxRqxJ8tp9fVq4=
github.com/hugomods/seo/modules/schema v0.1.1 h1:8IuJxCOxk9pfKpCFMik5fDCX7zaFwkGoeKacnYV0sgA=
github.com/hugomods/seo/modules/schema v0.1.1/go.mod h1:R6hRr2FIJITcMnFA/3V3dPAZgGQLNWGS7v1PLsmVRxU=
github.com/hugomods/seo/modules/translations v0.1.0 h1:wPDuPKGx/x+otHn2HfAankKCGQxSrC3gLHhRHpNjC18=
github.com/hugomods/seo/modules/translations v0.1.0/go.mod h1:yU2p2hk2dK86YNRU9zfoWRoCrYmrjEmf3oN7cCTbzcM=
github.com/hugomods/seo/modules/twitter-cards v0.1.0 h1:jH9WfmFZ3kCndUkATM/D/BYL+TQYoXA7/IxgQJbifKQ=
github.com/hugomods/seo/modules/twitter-cards v0.1.0/go.mod h1:QYs7SWbhXSQrsn/RHZSD7DwzaCHFpoLQdVPxEI3j63k=
github.com/hugomods/shortcodes v0.10.0 h1:NKu2m1xciBsqzu7PU0SDu1C12OHdX+pMjfUI975kCXM=
github.com/hugomods/shortcodes v0.10.0/go.mod h1:EnVopbZMNI/HeteM3Lp3phBTCRLvPSe7l142qhRFFPY=
github.com/twbs/bootstrap v5.3.0+incompatible/go.mod h1:fZTSrkpSf0/HkL0IIJzvVspTt1r9zuf7XlZau8kpcY0=
github.com/twbs/icons v1.10.5 h1:F9uvW7cGfDBAautw5aeCmnB3hw4vv3aEQGbHnzcQKaE=
github.com/twbs/icons v1.10.5/go.mod h1:GnRlymgVWp5iVJCMa0Me5b6tFyGpVc2bSxPMRGIJmyA=
