github.com/gohugoio/hugo-mod-bootstrap-scss/v5 v5.20300.20200 h1:SmpwwN3DNzJWbV+IT8gaFu07ENUFpCvKou5BHYUKuVs=
github.com/gohugoio/hugo-mod-bootstrap-scss/v5 v5.20300.20200/go.mod h1:kx8MBj9T7SFR8ZClWvKZPmmUxBaltkoXvnWlZZcSnYA=
github.com/gohugoio/hugo-mod-jslibs-dist/popperjs/v2 v2.21100.20000/go.mod h1:mFberT6ZtcchrsDtfvJM7aAH2bDKLdOnruUHl0hlapI=
github.com/hbstack/blog v0.15.8 h1:YXggs2a5u1O901TdV681dEhv6Zs9Oj24eP0XUuQOj2s=
github.com/hbstack/blog v0.15.8/go.mod h1:eyO2jY0S5VC7D2DPAW80c0YEAj8+8fyRmKvlKBwTV9Y=
github.com/hbstack/blog v0.15.9/go.mod h1:CGEILF/dAKWnkXru0R/eEDikXMPxvBFeOTvFZsg2L/s=
github.com/hbstack/blog v0.16.0/go.mod h1:MZiQPU9CMlM/fKtCihoKRD7xR+243P9LymQ9R+JEKcQ=
github.com/hbstack/blog v0.16.1/go.mod h1:8sBP+PIq/hKN6Y99DuA3jup+aFUl/bbB8okNgwERNOs=
github.com/hbstack/blog/modules/breadcrumb v0.1.13 h1:OZKnRKkAHn+61o51i8yT+djI2UYeguxaBNJUOfmWxXE=
github.com/hbstack/blog/modules/breadcrumb v0.1.13/go.mod h1:d1fkB4UEG9ncXkAUKYDDz3Foib+v4q5wW5sroIpXmQc=
github.com/hbstack/blog/modules/breadcrumb v0.1.14/go.mod h1:QnT56HSOtIE3fTNkAMXWp6Ts1um+zWDlhdLNdGpN4zo=
github.com/hbstack/blog/modules/breadcrumb v0.1.15/go.mod h1:Bx0kizY5MaRUu+HpLiq76u425dfBFZce41ls1NZRqz4=
github.com/hbstack/blog/modules/breadcrumb v0.1.16/go.mod h1:IDJYZB2NaalO9aOFt06WZROsA96Mo9L7pUIG3trBt0I=
github.com/hbstack/blog/modules/featured-image v0.2.12 h1:8/r88r+AArb5GG9/1ZOaGDaJQy3fUDNPQ3SadbyLEec=
github.com/hbstack/blog/modules/featured-image v0.2.12/go.mod h1:3g1A/4TgrLaT8cZX1lsdgGRrjN+IQHy2Mt1ig3+NEKA=
github.com/hbstack/blog/modules/featured-image v0.2.13/go.mod h1:DgyeWjLB+461yfkwgqPcmiSISH/2JwHyv12+oaM3u9g=
github.com/hbstack/blog/modules/featured-image v0.2.14/go.mod h1:daN2ov1ascIC+OUC17YDbABQjwqcPxnVPtzbbwKmjBk=
github.com/hbstack/blog/modules/featured-image v0.2.15/go.mod h1:QbmzFB1iHL5SWsHso/7ei89QbOPdBzHxk5AmVs3Iow8=
github.com/hbstack/blog/modules/heading-sign v0.1.14 h1:LQ847k8Bwy3tPj3APQ7MA/V+qQ5OjKJikQBP/8LLL20=
github.com/hbstack/blog/modules/heading-sign v0.1.14/go.mod h1:Q4lbhSy1BZ9zjCzDECtyx7Sna1QxiREpQttHiIfbVkI=
github.com/hbstack/blog/modules/heading-sign v0.1.15/go.mod h1:9Ly5ZUsXsKqcdymXRYEP2GlOKypoNqA/0oARLo/FbTU=
github.com/hbstack/blog/modules/heading-sign v0.1.16/go.mod h1:DEcSa8eaKIsOD/e+KVSH4IxSdeEzhGOA4flgkHMGqnQ=
github.com/hbstack/blog/modules/heading-sign v0.1.17/go.mod h1:O7fC6ln+vfQ+xpTP+jjH3axqN8HkP/NFyT0xCTBTF+8=
github.com/hbstack/blog/modules/post-nav v0.2.11 h1:Jee1HBquoH2EN9LDAP4ZBEnN1osxL+p39HWx97K3lAk=
github.com/hbstack/blog/modules/post-nav v0.2.11/go.mod h1:Dn/jDQ1TpDdioYYZyxlRvnhkMkV0Oc0wY3Yj3PMtc64=
github.com/hbstack/blog/modules/post-nav v0.2.12/go.mod h1:eHcLia78CNnsy0uiLqL/WWRB8Q66D8Nxr1N8ygqAcBc=
github.com/hbstack/blog/modules/post-nav v0.2.13/go.mod h1:i7ikEFM4y7tFVc3Hle2xw6RHcXNgJcfyxUbeHJiOe9I=
github.com/hbstack/blog/modules/post-nav v0.2.14/go.mod h1:qdavGlLCaDcFfWTqVV23w4+XU7xC53xtGm4tajQv27g=
github.com/hbstack/blog/modules/related-posts v0.1.13 h1:v/uSYR5wnNLRwwkBi6H+o6n8zxvZqJ7G3YWDtvAPmCQ=
github.com/hbstack/blog/modules/related-posts v0.1.13/go.mod h1:qoqDRe0lxq4olu+DwYODjcunbkJvSn+isQDy4Svf964=
github.com/hbstack/blog/modules/related-posts v0.1.14/go.mod h1:pyzb1WNinQ3g4epq0mDzpo6LoXx1XX7LOtXbcZB1GYQ=
github.com/hbstack/blog/modules/related-posts v0.1.15/go.mod h1:Y0Vt7R0BLRdPfkJq5ZK6npXrZA6vDmBWU/woDA5IVyw=
github.com/hbstack/blog/modules/related-posts v0.1.16/go.mod h1:e+FQvL55bomTZbnnv8QgONoB9JJfX7LWB9VMaIgVwoc=
github.com/hbstack/bootstrap v0.2.0 h1:pHZ1KQ0HHwhHFbgzZ401kMSxkS7Tg0I/X002SD6WHak=
github.com/hbstack/bootstrap v0.2.0/go.mod h1:BqrUe89qxDkc8kxJ4iaK/XZxzZrWhlGloOFJfcNxAUU=
github.com/hbstack/footer v0.2.5 h1:SBelvFYo8/IDPisprlZxEaR70PXcoHfjL+2mm1ir6/A=
github.com/hbstack/footer v0.2.5/go.mod h1:L0ZYdYRROlGUGLRA9QchkYeByHIff/EU4WKRdAUW+E8=
github.com/hbstack/footer/modules/socials v0.2.4 h1:O2wfIFWVzmGWiel+uT9ipGYhdIuqqaG34UZ3wwLDJ10=
github.com/hbstack/footer/modules/socials v0.2.4/go.mod h1:pdjL1xFGtz9Tob7b8LtOtKWvY+krtH2zv0xF6v8JS1E=
github.com/hbstack/header v0.11.0 h1:ASqPBW5S1oojfnpLq6JMXejEFSXsxRxABmOxzJmeDB8=
github.com/hbstack/header v0.11.0/go.mod h1:MkFJjAqVs/pgOEBjdCzBTdjT6q43It0PGvZh56OkdB4=
github.com/hbstack/header v0.11.1/go.mod h1:MkFJjAqVs/pgOEBjdCzBTdjT6q43It0PGvZh56OkdB4=
github.com/hbstack/header v0.11.3/go.mod h1:MkFJjAqVs/pgOEBjdCzBTdjT6q43It0PGvZh56OkdB4=
github.com/hbstack/header/modules/language-picker v0.1.17 h1:Ssguu1bX+fG+qay4oM0r6t+rWuH44+1lQ+q57UgY81E=
github.com/hbstack/header/modules/language-picker v0.1.17/go.mod h1:nbdkbAXd0DlNJgfG/QPMQ56rfvD1n58YLI03XZeUEmU=
github.com/hbstack/header/modules/language-picker v0.1.18/go.mod h1:NktjHB9iRkmFH5rZ1XXPc7D40mcMOipDmKyCoxwGfxM=
github.com/hbstack/header/modules/language-picker v0.1.19/go.mod h1:Sz/xCTaw7eL8mU8wL+d/sIpN7sjJnOGyd1VsR1iio9o=
github.com/hbstack/header/modules/language-picker v0.1.20/go.mod h1:aNct66xWjiQoxjNiUIGDA0gwvjPyyRQ5Qdww+BCPMuw=
github.com/hbstack/header/modules/search v0.1.27 h1:SXkIQg4jfFJKX+bvFtoS69j6TxVQ0czgrWAISesB14E=
github.com/hbstack/header/modules/search v0.1.27/go.mod h1:2xQ5lbiNTgWFFbUSMx0edktKhwtJs59wCwppwABPwQo=
github.com/hbstack/header/modules/search v0.1.28/go.mod h1:DEShhkQEvh36507BdXXLnAB6pNjNoDYC17EwfT4Al08=
github.com/hbstack/header/modules/search v0.1.30/go.mod h1:DRhdnl4uzi6pjWmv0UMMUOlotLtUgFlWbGWZ2xXm4Js=
github.com/hbstack/header/modules/socials v0.1.23 h1:TTqjllJzzakPyqiwF2Mp7Ft82xy7PAYwZDOGErSPPMQ=
github.com/hbstack/header/modules/socials v0.1.23/go.mod h1:wBLG4VnCNtVTD5XNGy1iwFsemCdTmroDV6+Ootoo4iY=
github.com/hbstack/header/modules/socials v0.1.24/go.mod h1:UU4FJT0/cqi/z4ttmBJlIQm9BdpEvuBaErmEBDVlPjc=
github.com/hbstack/header/modules/theme-toggle v0.1.17 h1:4HuMpd77BQZ49swamC1y6S2TH/3+dHiD+AXIqB1ULjU=
github.com/hbstack/header/modules/theme-toggle v0.1.17/go.mod h1:Wv12j/hd0VYgif8ecd/l2JXXQpynOu+AUSvSBiFtKVU=
github.com/hbstack/header/modules/theme-toggle v0.1.18/go.mod h1:QFRunk14ktM/oYuYxlKOnJvw0ZPFTiPnSSbWwSYLLc4=
github.com/hbstack/mermaid v0.1.0 h1:T/3Az7xujbFmbC4r1tZGKTwt6GOcz/72yc2N9oFNU2I=
github.com/hbstack/mermaid v0.1.0/go.mod h1:dQAfzX1SA4b3k5ytA8WPR5luxjX4ii7EdtoRsr8WLNw=
github.com/hbstack/syntax-highlighting v0.1.0 h1:WxdhNgCktllNKQDqu1BmLmg9dsi77/dXIlcdQ8KZZI0=
github.com/hbstack/syntax-highlighting v0.1.0/go.mod h1:6IoaM+tSIkKZblIrT1i5L3zVH68nt4UScU9JB30FQsc=
github.com/hbstack/syntax-highlighting/styles/gruvbox v0.1.0 h1:lGH8nqOU/+3yzHIk5s1nTrzHDImEnvLkr/0viuPfx3Y=
github.com/hbstack/syntax-highlighting/styles/gruvbox v0.1.0/go.mod h1:ar5ZFplNyVZCVG6rvo69co1hNZwptxtrDz3zproGLPg=
github.com/hugomods/base v0.1.0 h1:3o9Y85BvXHjkYzZfswM/EtthQ8GOYKN8aXHkIWqu3/8=
github.com/hugomods/base v0.1.0/go.mod h1:hnWCPbVxuhXBwdFax3mmbMlWKmIo/7OP36MCLOyHtT4=
github.com/hugomods/bootstrap v0.13.0 h1:0xtsCsx1Kek4iYpQHX1LLxHPYt/f7qABEGv1qPaWBSI=
github.com/hugomods/bootstrap v0.13.0/go.mod h1:7IkovSZw/9Grx2bgcTMielY5vvLjPBzy5x/bPIA1BlY=
github.com/hugomods/fuse-js v0.1.0 h1:CmWHBZANvjOP44RDNQNLntqlLf9GLqeM29jekxTNcPE=
github.com/hugomods/fuse-js v0.1.0/go.mod h1:srCqvtBQR02HS/abTraDU4oINv1D3PljNPdexdoHhpo=
github.com/hugomods/hugopress v0.2.1 h1:coYEPHUNLuTxKrVWVIPgs0lbZ6yrqxdWjgSriNFuBVo=
github.com/hugomods/hugopress v0.2.1/go.mod h1:CRYvr60xOkZOf4Atkuj+uEj2EH5pjJ39Ws3aJAkoMkA=
github.com/hugomods/i18n-js v0.2.1 h1:uIUl4LiYdwo8IK08oq7OmluYLedL21Wc9Rig1taDTSI=
github.com/hugomods/i18n-js v0.2.1/go.mod h1:eJfxjgI2CQsNA1/ReIVvr5127DftUKcbHd2A2SQmDvU=
github.com/hugomods/icons v0.6.0 h1:G6RU93okhPPRDh/jqcew9gwkcYpSpg0rCBv4S6yUAFw=
github.com/hugomods/icons v0.6.0/go.mod h1:cIkSvK6W0q6N4U6n9KGz+QfRWQXAW0INd+1P31gPNGg=
github.com/hugomods/icons/vendors/simple-icons v1.0.16 h1:xF2DVja+MgSvrtm73qALZXaBTGXDRwNBM/20lFXiD50=
github.com/hugomods/icons/vendors/simple-icons v1.0.16/go.mod h1:BV4f9pZ5cIHqMskgrsAR2/FKXIfD2WPidUTK27Y5E8Y=
github.com/hugomods/icons/vendors/simple-icons v1.0.17/go.mod h1:SMVLm5zll8PIeX3+jRalh83amsynIlL+Zha/8ZXKn68=
github.com/hugomods/images v0.7.0 h1:NEGgCSrh1YuHGmTAL9wDAKLdXL4WU6Nw4BfkampJxyM=
github.com/hugomods/images v0.7.0/go.mod h1:U6Gwj16LKvk66rOMyGFrnF6f0aV8lT89lqOsckOAjYY=
github.com/hugomods/images v0.8.0/go.mod h1:U6Gwj16LKvk66rOMyGFrnF6f0aV8lT89lqOsckOAjYY=
github.com/hugomods/katex v0.3.0 h1:hq0Kels9clL38Y2K/QZgXFKF7hQuumyQYz16TT4/Hhk=
github.com/hugomods/katex v0.3.0/go.mod h1:EBY1YQTN6F8FDQz+mWp3EzEh8vDN31YjL9luVni+Wm0=
github.com/hugomods/mermaid v0.1.1 h1:12b8DbdiKOTtPmkWOMXsBz3LKkAWVqa5tGkbEboj0a4=
github.com/hugomods/mermaid v0.1.1/go.mod h1:7sKIZLAeYsXXnKRh4KR70UQx27xnzf0mSQ2o99zTLS0=
github.com/hugomods/seo/modules/alternatives v0.1.0 h1:G5IjM7j7ExgXEMyxQj1Z/5JwwRW8DEmL0nDJYxA3NhE=
github.com/hugomods/seo/modules/alternatives v0.1.0/go.mod h1:ff9uz+f5yii9k2jbwt/HKM3RpLR3EYZrNQBAOabNxMA=
github.com/hugomods/seo/modules/base v0.1.0 h1:ZEkWuYeRJeQakBkBThO3N3lmGzOZoPixs4pDugJXfJk=
github.com/hugomods/seo/modules/base v0.1.0/go.mod h1:qfm1Vga0eGxL+Szgz8Jopm+NtJ5PGov2a2dikTg1qSg=
github.com/hugomods/seo/modules/favicons v0.2.0 h1:pzQMocbHHMNNiuE5vsCxE4qqaJBprYAUX4EOoiF+ynM=
github.com/hugomods/seo/modules/favicons v0.2.0/go.mod h1:xFDhrpWUZR4NMMVkilzT6xFBHiF5eyCQ8PlzOS2K9lY=
github.com/hugomods/seo/modules/open-graph v0.1.0 h1:Whveal1j1n2xZWcAlNAd2rdfKp7Fh5apol36wLGLb54=
github.com/hugomods/seo/modules/open-graph v0.1.0/go.mod h1:G7mXf7D1QtRN/i7A9v+cUF5P55H/QaxRqxJ8tp9fVq4=
github.com/hugomods/seo/modules/schema v0.1.1 h1:8IuJxCOxk9pfKpCFMik5fDCX7zaFwkGoeKacnYV0sgA=
github.com/hugomods/seo/modules/schema v0.1.1/go.mod h1:R6hRr2FIJITcMnFA/3V3dPAZgGQLNWGS7v1PLsmVRxU=
github.com/hugomods/seo/modules/translations v0.1.0 h1:wPDuPKGx/x+otHn2HfAankKCGQxSrC3gLHhRHpNjC18=
github.com/hugomods/seo/modules/translations v0.1.0/go.mod h1:yU2p2hk2dK86YNRU9zfoWRoCrYmrjEmf3oN7cCTbzcM=
github.com/hugomods/seo/modules/twitter-cards v0.1.0 h1:jH9WfmFZ3kCndUkATM/D/BYL+TQYoXA7/IxgQJbifKQ=
github.com/hugomods/seo/modules/twitter-cards v0.1.0/go.mod h1:QYs7SWbhXSQrsn/RHZSD7DwzaCHFpoLQdVPxEI3j63k=
github.com/hugomods/shortcodes v0.12.1 h1:bhPTgbDIUEG8Hqi0eMESdrCN9Ot4SE3zV0TXSUlo+Fo=
github.com/hugomods/shortcodes v0.12.1/go.mod h1:EnVopbZMNI/HeteM3Lp3phBTCRLvPSe7l142qhRFFPY=
github.com/twbs/bootstrap v5.3.2+incompatible/go.mod h1:fZTSrkpSf0/HkL0IIJzvVspTt1r9zuf7XlZau8kpcY0=
github.com/twbs/icons v1.11.1 h1:lMKkMwupTDfBJWXx6RFLwfYuCmqG/uUAu2LaOf7bZjU=
github.com/twbs/icons v1.11.1/go.mod h1:GnRlymgVWp5iVJCMa0Me5b6tFyGpVc2bSxPMRGIJmyA=
