github.com/gohugoio/hugo-mod-bootstrap-scss/v5 v5.20300.20200 h1:SmpwwN3DNzJWbV+IT8gaFu07ENUFpCvKou5BHYUKuVs=
github.com/gohugoio/hugo-mod-bootstrap-scss/v5 v5.20300.20200/go.mod h1:kx8MBj9T7SFR8ZClWvKZPmmUxBaltkoXvnWlZZcSnYA=
github.com/gohugoio/hugo-mod-jslibs-dist/popperjs/v2 v2.21100.20000/go.mod h1:mFberT6ZtcchrsDtfvJM7aAH2bDKLdOnruUHl0hlapI=
github.com/hbstack/bootstrap v0.2.0 h1:pHZ1KQ0HHwhHFbgzZ401kMSxkS7Tg0I/X002SD6WHak=
github.com/hbstack/bootstrap v0.2.0/go.mod h1:BqrUe89qxDkc8kxJ4iaK/XZxzZrWhlGloOFJfcNxAUU=
github.com/hbstack/mermaid v0.1.0 h1:T/3Az7xujbFmbC4r1tZGKTwt6GOcz/72yc2N9oFNU2I=
github.com/hbstack/mermaid v0.1.0/go.mod h1:dQAfzX1SA4b3k5ytA8WPR5luxjX4ii7EdtoRsr8WLNw=
github.com/hugomods/base v0.1.0 h1:3o9Y85BvXHjkYzZfswM/EtthQ8GOYKN8aXHkIWqu3/8=
github.com/hugomods/base v0.1.0/go.mod h1:hnWCPbVxuhXBwdFax3mmbMlWKmIo/7OP36MCLOyHtT4=
github.com/hugomods/base v0.2.0/go.mod h1:hnWCPbVxuhXBwdFax3mmbMlWKmIo/7OP36MCLOyHtT4=
github.com/hugomods/base v0.3.0/go.mod h1:hnWCPbVxuhXBwdFax3mmbMlWKmIo/7OP36MCLOyHtT4=
github.com/hugomods/base v0.4.0/go.mod h1:hnWCPbVxuhXBwdFax3mmbMlWKmIo/7OP36MCLOyHtT4=
github.com/hugomods/bootstrap v0.13.0 h1:0xtsCsx1Kek4iYpQHX1LLxHPYt/f7qABEGv1qPaWBSI=
github.com/hugomods/bootstrap v0.13.0/go.mod h1:7IkovSZw/9Grx2bgcTMielY5vvLjPBzy5x/bPIA1BlY=
github.com/hugomods/hugopress v0.2.1 h1:coYEPHUNLuTxKrVWVIPgs0lbZ6yrqxdWjgSriNFuBVo=
github.com/hugomods/hugopress v0.2.1/go.mod h1:CRYvr60xOkZOf4Atkuj+uEj2EH5pjJ39Ws3aJAkoMkA=
github.com/hugomods/hugopress v0.2.2/go.mod h1:CRYvr60xOkZOf4Atkuj+uEj2EH5pjJ39Ws3aJAkoMkA=
github.com/hugomods/icons v0.6.0 h1:G6RU93okhPPRDh/jqcew9gwkcYpSpg0rCBv4S6yUAFw=
github.com/hugomods/icons/vendors/bootstrap v0.5.1 h1:H4G4kK9ltn3Cn/oyi+i7qhSyxPA+U4L85fUFQ9wNnxo=
github.com/hugomods/icons/vendors/bootstrap v0.5.1/go.mod h1:tFEoO7zed/8FDT6LeKLGnzDbx7D8HK7ZaLshnF0RYjQ=
github.com/hugomods/images v0.7.0 h1:NEGgCSrh1YuHGmTAL9wDAKLdXL4WU6Nw4BfkampJxyM=
github.com/hugomods/images v0.7.0/go.mod h1:U6Gwj16LKvk66rOMyGFrnF6f0aV8lT89lqOsckOAjYY=
github.com/hugomods/images v0.8.0/go.mod h1:U6Gwj16LKvk66rOMyGFrnF6f0aV8lT89lqOsckOAjYY=
github.com/hugomods/images v0.8.1/go.mod h1:U6Gwj16LKvk66rOMyGFrnF6f0aV8lT89lqOsckOAjYY=
github.com/hugomods/katex v0.3.0 h1:hq0Kels9clL38Y2K/QZgXFKF7hQuumyQYz16TT4/Hhk=
github.com/hugomods/katex v0.3.0/go.mod h1:EBY1YQTN6F8FDQz+mWp3EzEh8vDN31YjL9luVni+Wm0=
github.com/hugomods/shortcodes v0.12.1 h1:bhPTgbDIUEG8Hqi0eMESdrCN9Ot4SE3zV0TXSUlo+Fo=
github.com/hugomods/shortcodes v0.12.1/go.mod h1:EnVopbZMNI/HeteM3Lp3phBTCRLvPSe7l142qhRFFPY=
github.com/twbs/bootstrap v5.3.2+incompatible/go.mod h1:fZTSrkpSf0/HkL0IIJzvVspTt1r9zuf7XlZau8kpcY0=
