github.com/gohugoio/hugo-mod-bootstrap-scss/v5 v5.20300.20003 h1:pt/JGVD5YYRsVVijOHPZI6YKTUvbR4e0hgV9B0S6rbI=
github.com/gohugoio/hugo-mod-bootstrap-scss/v5 v5.20300.20003/go.mod h1:mvM05r93HiefwoaxQTaYiJxtJAhTebwQtU1Xh/J+Okk=
github.com/gohugoio/hugo-mod-bootstrap-scss/v5 v5.20300.20200/go.mod h1:kx8MBj9T7SFR8ZClWvKZPmmUxBaltkoXvnWlZZcSnYA=
github.com/gohugoio/hugo-mod-jslibs-dist/popperjs/v2 v2.21100.20000/go.mod h1:mFberT6ZtcchrsDtfvJM7aAH2bDKLdOnruUHl0hlapI=
github.com/hbstack/bootstrap v0.2.0 h1:pHZ1KQ0HHwhHFbgzZ401kMSxkS7Tg0I/X002SD6WHak=
github.com/hbstack/bootstrap v0.2.0/go.mod h1:BqrUe89qxDkc8kxJ4iaK/XZxzZrWhlGloOFJfcNxAUU=
github.com/hbstack/mermaid v0.1.0 h1:T/3Az7xujbFmbC4r1tZGKTwt6GOcz/72yc2N9oFNU2I=
github.com/hbstack/mermaid v0.1.0/go.mod h1:dQAfzX1SA4b3k5ytA8WPR5luxjX4ii7EdtoRsr8WLNw=
github.com/hugomods/base v0.1.0 h1:3o9Y85BvXHjkYzZfswM/EtthQ8GOYKN8aXHkIWqu3/8=
github.com/hugomods/base v0.1.0/go.mod h1:hnWCPbVxuhXBwdFax3mmbMlWKmIo/7OP36MCLOyHtT4=
github.com/hugomods/bootstrap v0.9.1 h1:NOB0DqkZWZIRKrBlHgm/3hMBVwbmAmXjjutJBkN348c=
github.com/hugomods/bootstrap v0.9.1/go.mod h1:NVii94xgqDocyD0+aAWamBLPJjNspfMynEdmIOXO3Vs=
github.com/hugomods/bootstrap v0.10.0/go.mod h1:NVii94xgqDocyD0+aAWamBLPJjNspfMynEdmIOXO3Vs=
github.com/hugomods/bootstrap v0.11.1/go.mod h1:NVii94xgqDocyD0+aAWamBLPJjNspfMynEdmIOXO3Vs=
github.com/hugomods/bootstrap v0.11.2/go.mod h1:NVii94xgqDocyD0+aAWamBLPJjNspfMynEdmIOXO3Vs=
github.com/hugomods/bootstrap v0.11.3/go.mod h1:NVii94xgqDocyD0+aAWamBLPJjNspfMynEdmIOXO3Vs=
github.com/hugomods/hugopress v0.2.1 h1:coYEPHUNLuTxKrVWVIPgs0lbZ6yrqxdWjgSriNFuBVo=
github.com/hugomods/hugopress v0.2.1/go.mod h1:CRYvr60xOkZOf4Atkuj+uEj2EH5pjJ39Ws3aJAkoMkA=
github.com/hugomods/icons v0.6.0 h1:G6RU93okhPPRDh/jqcew9gwkcYpSpg0rCBv4S6yUAFw=
github.com/hugomods/icons/vendors/bootstrap v0.5.0 h1:CHEGk677heq2kJZa7XsGHRc3Hwizl9NFkmNw146OVm0=
github.com/hugomods/icons/vendors/bootstrap v0.5.0/go.mod h1:kfC17VWV+tNi6PGF4AY7CJBBa1/HEgWxCYq2kNOdcdI=
github.com/hugomods/icons/vendors/bootstrap v0.5.1/go.mod h1:tFEoO7zed/8FDT6LeKLGnzDbx7D8HK7ZaLshnF0RYjQ=
github.com/hugomods/images v0.7.0 h1:NEGgCSrh1YuHGmTAL9wDAKLdXL4WU6Nw4BfkampJxyM=
github.com/hugomods/images v0.7.0/go.mod h1:U6Gwj16LKvk66rOMyGFrnF6f0aV8lT89lqOsckOAjYY=
github.com/hugomods/katex v0.2.0 h1:h5hG0vnyL6dMzNiLeNMXb+VPwseZXoTORjzV6e6YgJw=
github.com/hugomods/katex v0.2.0/go.mod h1:8wO7jRjPT+M6UeipsJ0Hpah4LjWU9P6V5CO0eEKvL8U=
github.com/hugomods/shortcodes v0.10.0 h1:NKu2m1xciBsqzu7PU0SDu1C12OHdX+pMjfUI975kCXM=
github.com/hugomods/shortcodes v0.10.0/go.mod h1:EnVopbZMNI/HeteM3Lp3phBTCRLvPSe7l142qhRFFPY=
github.com/hugomods/shortcodes v0.11.0/go.mod h1:EnVopbZMNI/HeteM3Lp3phBTCRLvPSe7l142qhRFFPY=
github.com/hugomods/shortcodes v0.12.0/go.mod h1:EnVopbZMNI/HeteM3Lp3phBTCRLvPSe7l142qhRFFPY=
github.com/twbs/bootstrap v5.3.0+incompatible/go.mod h1:fZTSrkpSf0/HkL0IIJzvVspTt1r9zuf7XlZau8kpcY0=
github.com/twbs/bootstrap v5.3.2+incompatible/go.mod h1:fZTSrkpSf0/HkL0IIJzvVspTt1r9zuf7XlZau8kpcY0=
