github.com/gohugoio/hugo-mod-bootstrap-scss/v5 v5.20300.20002 h1:6F6sjCSkFIIgqLp4SEIL1Ao9ZfKyM6OmgqEdTlc58Yk=
github.com/gohugoio/hugo-mod-bootstrap-scss/v5 v5.20300.20002/go.mod h1:Q6TrjM78wB13zkOMBSV4IZIZ54tbshmE2fem9CYx2pU=
github.com/gohugoio/hugo-mod-bootstrap-scss/v5 v5.20300.20003/go.mod h1:mvM05r93HiefwoaxQTaYiJxtJAhTebwQtU1Xh/J+Okk=
github.com/gohugoio/hugo-mod-jslibs-dist/popperjs/v2 v2.21100.20000/go.mod h1:mFberT6ZtcchrsDtfvJM7aAH2bDKLdOnruUHl0hlapI=
github.com/hbstack/footer v0.2.1 h1:GZbSRcGNMeKAiDLeai0cPaEnztkDBraTNQqe2uap944=
github.com/hbstack/footer v0.2.1/go.mod h1:ldb4b95D/7NVWQWFTIngasypCA+QQQRj1I+1BEyOi/c=
github.com/hbstack/footer/modules/socials v0.1.4 h1:Ng/z4Te/jhfBx5cRF72aeKCZhHYpZN8OPH6I5FTOfGQ=
github.com/hbstack/footer/modules/socials v0.1.4/go.mod h1:OFSOZad4lOf2h0dklopr/c2mmlGe5iEtq13did6+e2k=
github.com/hugomods/hugopress v0.1.0 h1:qktwbSWtbrEz/nX2wBmxDLzzS4o6/rjp7p0GWcOZ+PU=
github.com/hugomods/hugopress v0.1.0/go.mod h1:CRYvr60xOkZOf4Atkuj+uEj2EH5pjJ39Ws3aJAkoMkA=
github.com/hugomods/icons v0.6.0 h1:G6RU93okhPPRDh/jqcew9gwkcYpSpg0rCBv4S6yUAFw=
github.com/hugomods/icons/vendors/simple-icons v0.11.0 h1:n/+8UC7JaFKOfoZa1xXlR/4m9ltjEdZzrirXzMbzppA=
github.com/hugomods/icons/vendors/simple-icons v0.11.0/go.mod h1:Ie17K870r5lY0b4xmXZs9Bil/lCSyRyHX7e84jt1I+U=
github.com/hugomods/icons/vendors/simple-icons v0.12.0/go.mod h1:HRoAt4pAGMH8wXDLr8b0JHg3WlGbCtIayHgYoYpE9g8=
github.com/hugomods/icons/vendors/simple-icons v0.13.0/go.mod h1:v/oRhlvStyi/5SE30t6Hg6Qpduhf5de6V0uvPjfz6Yk=
github.com/hugomods/icons/vendors/simple-icons v0.14.0/go.mod h1:KOf0KCVA3Jor+RJuEv85KdLWYYmTtNhHhgDPJ0SZCRo=
github.com/twbs/bootstrap v5.3.0-alpha3+incompatible/go.mod h1:fZTSrkpSf0/HkL0IIJzvVspTt1r9zuf7XlZau8kpcY0=
github.com/twbs/bootstrap v5.3.0+incompatible/go.mod h1:fZTSrkpSf0/HkL0IIJzvVspTt1r9zuf7XlZau8kpcY0=
