github.com/gohugoio/hugo-mod-bootstrap-scss/v5 v5.20300.20200 h1:SmpwwN3DNzJWbV+IT8gaFu07ENUFpCvKou5BHYUKuVs=
github.com/gohugoio/hugo-mod-bootstrap-scss/v5 v5.20300.20200/go.mod h1:kx8MBj9T7SFR8ZClWvKZPmmUxBaltkoXvnWlZZcSnYA=
github.com/gohugoio/hugo-mod-jslibs-dist/popperjs/v2 v2.21100.20000/go.mod h1:mFberT6ZtcchrsDtfvJM7aAH2bDKLdOnruUHl0hlapI=
github.com/hbstack/blog v0.15.8 h1:YXggs2a5u1O901TdV681dEhv6Zs9Oj24eP0XUuQOj2s=
github.com/hbstack/blog v0.15.8/go.mod h1:eyO2jY0S5VC7D2DPAW80c0YEAj8+8fyRmKvlKBwTV9Y=
github.com/hbstack/blog v0.15.9/go.mod h1:CGEILF/dAKWnkXru0R/eEDikXMPxvBFeOTvFZsg2L/s=
github.com/hbstack/blog v0.16.0/go.mod h1:MZiQPU9CMlM/fKtCihoKRD7xR+243P9LymQ9R+JEKcQ=
github.com/hbstack/blog v0.16.1/go.mod h1:8sBP+PIq/hKN6Y99DuA3jup+aFUl/bbB8okNgwERNOs=
github.com/hbstack/blog v0.17.0/go.mod h1:Bgd+QmsuBWQQs19OsYSJ08a4Bjc74Ntbda+jROslwZU=
github.com/hbstack/blog v0.18.0/go.mod h1:KnzxoBimPscpB0275kItIJPWM989KPj6ADJIbZTGaY0=
github.com/hbstack/blog v0.18.1/go.mod h1:KnzxoBimPscpB0275kItIJPWM989KPj6ADJIbZTGaY0=
github.com/hbstack/blog v0.19.0/go.mod h1:KnzxoBimPscpB0275kItIJPWM989KPj6ADJIbZTGaY0=
github.com/hbstack/blog v0.19.1/go.mod h1:dKyXHRCRkEA1MzCYPUDu4RhEKDZZ/0zEjveJ0rRPj/k=
github.com/hbstack/blog v0.19.2/go.mod h1:dKyXHRCRkEA1MzCYPUDu4RhEKDZZ/0zEjveJ0rRPj/k=
github.com/hbstack/blog v0.20.0/go.mod h1:54hUZXBYs1tBUVH2ogb2xxXPLMLqTDHmLbwEXt/czJ8=
github.com/hbstack/blog v0.21.0/go.mod h1:uOHUphJ8GjPeFHoGq50aEEsbiQ1OLiBsa8Qll0i3BuY=
github.com/hbstack/blog v0.22.0/go.mod h1:/7lTlv0U75nnxemioHYmBEOW/rYYm+n0s/xjEWnW8FI=
github.com/hbstack/blog v0.22.1/go.mod h1:/7lTlv0U75nnxemioHYmBEOW/rYYm+n0s/xjEWnW8FI=
github.com/hbstack/blog v0.22.2/go.mod h1:chG+CUsXw7iAnB+PU1sYCRzEg/wGIbSDjycnuG0rus4=
github.com/hbstack/blog v0.22.3/go.mod h1:Cgl6vahWLroBnWElXKa8aLcgkXIEAw6/4S+dW8f1AGk=
github.com/hbstack/blog v0.22.5/go.mod h1:Cgl6vahWLroBnWElXKa8aLcgkXIEAw6/4S+dW8f1AGk=
github.com/hbstack/blog v0.22.6/go.mod h1:t2NOr8WXadG+x0e7p38D5M8JCOw4G14WyuWg12DTejg=
github.com/hbstack/blog v0.22.7/go.mod h1:t2NOr8WXadG+x0e7p38D5M8JCOw4G14WyuWg12DTejg=
github.com/hbstack/blog v0.22.8/go.mod h1:vTjQqYFAK5nRcKdiktZOgSqOh6F0taDzqykJjjZkGuw=
github.com/hbstack/blog v0.23.0/go.mod h1:+hvHHCoBYAtUDBaf1JD54mJ/XScL+TSa/OZD+OrfbgY=
github.com/hbstack/blog v0.24.0/go.mod h1:+hvHHCoBYAtUDBaf1JD54mJ/XScL+TSa/OZD+OrfbgY=
github.com/hbstack/blog v0.24.1/go.mod h1:kph+UDJmulJJ2UqNN1L9pCYNVMk6qAY9kAVnn/2QIik=
github.com/hbstack/blog v0.24.2/go.mod h1:MVyMZqDGbWrT4FTC7X0mJwoBvanhD22j/0CWsS/saFo=
github.com/hbstack/blog v0.24.3/go.mod h1:54ctuT+rObZR1Ta9PvHvFGfpR+lP4chp5QRsJksht5c=
github.com/hbstack/blog v0.25.0/go.mod h1:tBpnIWjlf0ybe/0j3LVj3dS7FD2GQL0/RMP2qpMYveM=
github.com/hbstack/blog v0.25.1/go.mod h1:XBIbUVJR4ueJQmt8h1C+rB9Q7dZ06EVc36g2ffH0TiU=
github.com/hbstack/blog v0.25.2/go.mod h1:RHtaIph9jKCXLIMVzdc9voX7pSu6fpk2IPzVwGLWjKc=
github.com/hbstack/blog v0.26.0/go.mod h1:y3guhi3enHGM4+RKekB8NaewEw8EczmCU+HvmgIsjSU=
github.com/hbstack/blog v0.26.1/go.mod h1:WBmo3M7F5HFabY2nWU8g2oJ8RK7rAynxKwVWf15AAIQ=
github.com/hbstack/blog v0.26.2/go.mod h1:WBmo3M7F5HFabY2nWU8g2oJ8RK7rAynxKwVWf15AAIQ=
github.com/hbstack/blog v0.26.3/go.mod h1:WBmo3M7F5HFabY2nWU8g2oJ8RK7rAynxKwVWf15AAIQ=
github.com/hbstack/blog v0.27.0/go.mod h1:WBmo3M7F5HFabY2nWU8g2oJ8RK7rAynxKwVWf15AAIQ=
github.com/hbstack/blog v0.27.2/go.mod h1:WBmo3M7F5HFabY2nWU8g2oJ8RK7rAynxKwVWf15AAIQ=
github.com/hbstack/blog v0.29.0/go.mod h1:JeosIMEAE5RvRokP03xIVhPL1n19e0oyfvaMNzr+OpE=
github.com/hbstack/blog v0.29.1/go.mod h1:seD+hskGzqejUgQJeif45jFXJDP9ltY7UkWBvb0Q/To=
github.com/hbstack/blog v0.30.0/go.mod h1:VRcCQo79uAPKJJ9zILRovLEi5GhJ5kWcfuCcSmbWpa4=
github.com/hbstack/blog v0.31.0/go.mod h1:VRcCQo79uAPKJJ9zILRovLEi5GhJ5kWcfuCcSmbWpa4=
github.com/hbstack/blog v0.31.1/go.mod h1:GO9bM+547de/TtOGP6cETsz8zymLkLrximZHj06B6Co=
github.com/hbstack/blog v0.32.0/go.mod h1:GO9bM+547de/TtOGP6cETsz8zymLkLrximZHj06B6Co=
github.com/hbstack/blog v0.32.1/go.mod h1:GO9bM+547de/TtOGP6cETsz8zymLkLrximZHj06B6Co=
github.com/hbstack/blog v0.32.2/go.mod h1:ArJ8ucu5m8PHmRNk/Y/K5y5JHXZvhnuyV1XKoGuWqd4=
github.com/hbstack/blog/modules/breadcrumb v0.1.13 h1:OZKnRKkAHn+61o51i8yT+djI2UYeguxaBNJUOfmWxXE=
github.com/hbstack/blog/modules/breadcrumb v0.1.13/go.mod h1:d1fkB4UEG9ncXkAUKYDDz3Foib+v4q5wW5sroIpXmQc=
github.com/hbstack/blog/modules/breadcrumb v0.1.14/go.mod h1:QnT56HSOtIE3fTNkAMXWp6Ts1um+zWDlhdLNdGpN4zo=
github.com/hbstack/blog/modules/breadcrumb v0.1.15/go.mod h1:Bx0kizY5MaRUu+HpLiq76u425dfBFZce41ls1NZRqz4=
github.com/hbstack/blog/modules/breadcrumb v0.1.16/go.mod h1:IDJYZB2NaalO9aOFt06WZROsA96Mo9L7pUIG3trBt0I=
github.com/hbstack/blog/modules/breadcrumb v0.1.17/go.mod h1:LVnjsdno11DPcJoWH3xnhrHReeiX5zP+vJRoFo+DmDQ=
github.com/hbstack/blog/modules/breadcrumb v0.1.19/go.mod h1:A006/NK+6qiL/2lQ42CA9rVw00St28G2tGCQOIFJSqA=
github.com/hbstack/blog/modules/breadcrumb v0.1.20/go.mod h1:y7ILJ8vd+NCizDDRqdqxuajUV62YrwBk72728lcWPvw=
github.com/hbstack/blog/modules/breadcrumb v0.1.21/go.mod h1:L+7V8+yWEesEMt5olaCqUHK/AJvJxJTrZxBpIgUoDnM=
github.com/hbstack/blog/modules/breadcrumb v0.1.22/go.mod h1:abqj7FTsHihbv3B2szGm4YmVGVZWzWg2VVA5ZhqUyKY=
github.com/hbstack/blog/modules/featured-image v0.2.12 h1:8/r88r+AArb5GG9/1ZOaGDaJQy3fUDNPQ3SadbyLEec=
github.com/hbstack/blog/modules/featured-image v0.2.12/go.mod h1:3g1A/4TgrLaT8cZX1lsdgGRrjN+IQHy2Mt1ig3+NEKA=
github.com/hbstack/blog/modules/featured-image v0.2.13/go.mod h1:DgyeWjLB+461yfkwgqPcmiSISH/2JwHyv12+oaM3u9g=
github.com/hbstack/blog/modules/featured-image v0.2.14/go.mod h1:daN2ov1ascIC+OUC17YDbABQjwqcPxnVPtzbbwKmjBk=
github.com/hbstack/blog/modules/featured-image v0.2.15/go.mod h1:QbmzFB1iHL5SWsHso/7ei89QbOPdBzHxk5AmVs3Iow8=
github.com/hbstack/blog/modules/featured-image v0.2.16/go.mod h1:Ql5kmCXH51q7cRmKwVs4x4zn4kOAd02GeTwQC9FaMoU=
github.com/hbstack/blog/modules/featured-image v0.2.18/go.mod h1:7xorHxzuSnSO9N1T+sxTZhTr6Lt+V8h6mEmNasG1bmo=
github.com/hbstack/blog/modules/featured-image v0.2.19/go.mod h1:5jaQDmc9Ralz4QICY8e9JPlmDfsg3WeNStlsFrUSPVQ=
github.com/hbstack/blog/modules/featured-image v0.2.20/go.mod h1:OJ8Y29wUJEI4aCLtD/xy7bBzCkJiHmkBVz/l2hvmAww=
github.com/hbstack/blog/modules/featured-image v0.2.21/go.mod h1:+gxtGAEh7aXDDKQA0wWzdi9HPLcqCSRtRp63F+NN8QU=
github.com/hbstack/blog/modules/heading-sign v0.1.14 h1:LQ847k8Bwy3tPj3APQ7MA/V+qQ5OjKJikQBP/8LLL20=
github.com/hbstack/blog/modules/heading-sign v0.1.14/go.mod h1:Q4lbhSy1BZ9zjCzDECtyx7Sna1QxiREpQttHiIfbVkI=
github.com/hbstack/blog/modules/heading-sign v0.1.15/go.mod h1:9Ly5ZUsXsKqcdymXRYEP2GlOKypoNqA/0oARLo/FbTU=
github.com/hbstack/blog/modules/heading-sign v0.1.16/go.mod h1:DEcSa8eaKIsOD/e+KVSH4IxSdeEzhGOA4flgkHMGqnQ=
github.com/hbstack/blog/modules/heading-sign v0.1.17/go.mod h1:O7fC6ln+vfQ+xpTP+jjH3axqN8HkP/NFyT0xCTBTF+8=
github.com/hbstack/blog/modules/heading-sign v0.1.18/go.mod h1:8VvVQC5HXt4eDJg/KsAu+H6kAEV21xthXcn98NSDKpM=
github.com/hbstack/blog/modules/heading-sign v0.1.20/go.mod h1:P2daipU5Zl95PqHpFzAPq6/2hoG7V4GlaDtpHBBmtWU=
github.com/hbstack/blog/modules/heading-sign v0.1.21/go.mod h1:iOmZZFbVPejTWKSSS49hUpdXEAsK+VdM94pcQkvLlGk=
github.com/hbstack/blog/modules/heading-sign v0.1.22/go.mod h1:5JzFPz1b2iFKcFLGkWdsE6GWPPpThc5jCuN2onr8UgE=
github.com/hbstack/blog/modules/heading-sign v0.1.23/go.mod h1:fBpZ5ifaLbAVClB/cXGQCD45wFc7bU/GBuNyTwTMjJ8=
github.com/hbstack/blog/modules/post-nav v0.2.11 h1:Jee1HBquoH2EN9LDAP4ZBEnN1osxL+p39HWx97K3lAk=
github.com/hbstack/blog/modules/post-nav v0.2.11/go.mod h1:Dn/jDQ1TpDdioYYZyxlRvnhkMkV0Oc0wY3Yj3PMtc64=
github.com/hbstack/blog/modules/post-nav v0.2.12/go.mod h1:eHcLia78CNnsy0uiLqL/WWRB8Q66D8Nxr1N8ygqAcBc=
github.com/hbstack/blog/modules/post-nav v0.2.13/go.mod h1:i7ikEFM4y7tFVc3Hle2xw6RHcXNgJcfyxUbeHJiOe9I=
github.com/hbstack/blog/modules/post-nav v0.2.14/go.mod h1:qdavGlLCaDcFfWTqVV23w4+XU7xC53xtGm4tajQv27g=
github.com/hbstack/blog/modules/post-nav v0.2.15/go.mod h1:d06kyy89kkf8D9gj350+cNOLhcmhn4VbGDkX4QgjWl8=
github.com/hbstack/blog/modules/post-nav v0.3.1/go.mod h1:xR3YFqdXSbEyL6w31UC7EbfY9sY7Wcu56D2oDIxVxi8=
github.com/hbstack/blog/modules/post-nav v0.3.2/go.mod h1:VUOkPqGKHVll+IPgI0oZlhjw1IAZwlibT184dnKVzYE=
github.com/hbstack/blog/modules/post-nav v0.3.3/go.mod h1:gbjBCf92bjEwfnZVNh3pj21o+MYx2pPgNj2SvKSkinA=
github.com/hbstack/blog/modules/post-nav v0.3.4/go.mod h1:ogsyzVxfRRi2mlFq2z67Vg7CFfczSgykb7Tl0CiRKzM=
github.com/hbstack/blog/modules/post-nav v0.3.5/go.mod h1:RaRPQwGTMcIzUqSlRD2fthSWGeEfIuPMLbLt/LKZFcY=
github.com/hbstack/blog/modules/post-nav v0.3.6/go.mod h1:NjxKH/72tO9mtUwUvtgD3mIGSNYHmFe6YisS6zSJd6s=
github.com/hbstack/blog/modules/post-nav v0.3.7/go.mod h1:GZ0npVaGdRhaQNlNoCFqPexC7YYoWCLl82ZIAWQ7h6c=
github.com/hbstack/blog/modules/post-nav v0.3.8/go.mod h1:sofELsR4vKeCqgtG4tzIHDqM9PFCgNBVXMcCZ7N4CSs=
github.com/hbstack/blog/modules/related-posts v0.1.13 h1:v/uSYR5wnNLRwwkBi6H+o6n8zxvZqJ7G3YWDtvAPmCQ=
github.com/hbstack/blog/modules/related-posts v0.1.13/go.mod h1:qoqDRe0lxq4olu+DwYODjcunbkJvSn+isQDy4Svf964=
github.com/hbstack/blog/modules/related-posts v0.1.14/go.mod h1:pyzb1WNinQ3g4epq0mDzpo6LoXx1XX7LOtXbcZB1GYQ=
github.com/hbstack/blog/modules/related-posts v0.1.15/go.mod h1:Y0Vt7R0BLRdPfkJq5ZK6npXrZA6vDmBWU/woDA5IVyw=
github.com/hbstack/blog/modules/related-posts v0.1.16/go.mod h1:e+FQvL55bomTZbnnv8QgONoB9JJfX7LWB9VMaIgVwoc=
github.com/hbstack/blog/modules/related-posts v0.1.17/go.mod h1:ZCopBSvf9MBz+2cCvkIToVGJYIq6DF+6Ppu1M7nURpk=
github.com/hbstack/blog/modules/related-posts v0.2.1/go.mod h1:AMUnUU8fmRqXvi+/iGcA7WNGlG5DQNBKRNOGjuqtM6w=
github.com/hbstack/blog/modules/related-posts v0.2.2/go.mod h1:yx3jhSPZy1G2RtW2GZDijZtqm9w7A2y0ng3vmoKZs8g=
github.com/hbstack/blog/modules/related-posts v0.2.3/go.mod h1:y5bp1zWsMM9hqCIMcs97vqdq6cvFVSXL47C0ubIl0Hk=
github.com/hbstack/blog/modules/related-posts v0.2.4/go.mod h1:doDygspG1tGEX2VUdLe0VhJ0uApoBUzku7s3/WyThCc=
github.com/hbstack/blog/modules/related-posts v0.2.5/go.mod h1:MG7gAdmJIMDTRD9Qyx3ANsJCY/xmG12zO69aDSKWDlE=
github.com/hbstack/blog/modules/related-posts v0.3.0/go.mod h1:CdfAPmda/Sakyt+hvicJudKIuwx3/pwfHTDb2dNk8FQ=
github.com/hbstack/footer v0.2.5 h1:SBelvFYo8/IDPisprlZxEaR70PXcoHfjL+2mm1ir6/A=
github.com/hbstack/footer v0.2.5/go.mod h1:L0ZYdYRROlGUGLRA9QchkYeByHIff/EU4WKRdAUW+E8=
github.com/hbstack/footer v0.2.6/go.mod h1:MqglUBsBvlatiE5utMwLlnwHxLLOPe89zFmuD4HM37M=
github.com/hbstack/footer v0.2.7/go.mod h1:MqglUBsBvlatiE5utMwLlnwHxLLOPe89zFmuD4HM37M=
github.com/hbstack/footer v0.2.8/go.mod h1:9lJgQPtlefBNs/nrdt6Qr/hF5CjvymwkUVBunjdgrcg=
github.com/hbstack/footer v0.2.9/go.mod h1:9lJgQPtlefBNs/nrdt6Qr/hF5CjvymwkUVBunjdgrcg=
github.com/hbstack/footer v0.2.10/go.mod h1:z779/sE1prEcABuz4RjhSwA8QkFLkmf+xv/5yM3BtPc=
github.com/hbstack/footer v0.3.0/go.mod h1:mYITqQNk4PJWxPciS4/r0bRuB3cDDOXZ3dGwIHuYTME=
github.com/hbstack/footer v0.4.0/go.mod h1:5eB1ETT2WO5pNHObzRpFdwzrcQnHDGoBUOi+gtX/fa4=
github.com/hbstack/footer v0.4.1/go.mod h1:EvignAN0ShrWDbPAlf9+lrRfJSha9G4wYPDUed4wPzg=
github.com/hbstack/header v0.11.0 h1:ASqPBW5S1oojfnpLq6JMXejEFSXsxRxABmOxzJmeDB8=
github.com/hbstack/header v0.11.0/go.mod h1:MkFJjAqVs/pgOEBjdCzBTdjT6q43It0PGvZh56OkdB4=
github.com/hbstack/header v0.11.1/go.mod h1:MkFJjAqVs/pgOEBjdCzBTdjT6q43It0PGvZh56OkdB4=
github.com/hbstack/header v0.11.3/go.mod h1:MkFJjAqVs/pgOEBjdCzBTdjT6q43It0PGvZh56OkdB4=
github.com/hbstack/header v0.12.0/go.mod h1:MkFJjAqVs/pgOEBjdCzBTdjT6q43It0PGvZh56OkdB4=
github.com/hbstack/header v0.12.1/go.mod h1:MkFJjAqVs/pgOEBjdCzBTdjT6q43It0PGvZh56OkdB4=
github.com/hbstack/header v0.12.2/go.mod h1:Tr1ae4nQQ43FQM+z/GcCPwTANmuJ8NaUpzcEcN4ynTg=
github.com/hbstack/header v0.12.3/go.mod h1:Tr1ae4nQQ43FQM+z/GcCPwTANmuJ8NaUpzcEcN4ynTg=
github.com/hbstack/header v0.12.4/go.mod h1:4XKdpn0KyL9VN8tFRsVqU8AF5eOM1Gw5+vvhXlsF/X0=
github.com/hbstack/header v0.12.5/go.mod h1:qJ6oP59zCAmkKnFALrEOBo92dnAmxCkYeG1uFjmVMj8=
github.com/hbstack/header v0.12.6/go.mod h1:7veV7tRH43rdYf4OIhoiy473Y/qoyeAJhglGTO+egKE=
github.com/hbstack/header v0.12.7/go.mod h1:UmRz21kEHDZjFA+TGjWSM/68WL8xHK15CmNgWBM9BEM=
github.com/hbstack/header v0.13.0/go.mod h1:F50k0BteNpwlfSs4V+5k4jn+ozqRnjTfxugUT7esA80=
github.com/hbstack/header v0.14.0/go.mod h1:F50k0BteNpwlfSs4V+5k4jn+ozqRnjTfxugUT7esA80=
github.com/hbstack/header v0.14.1/go.mod h1:f0GHuDsvRYKmseNq10MAqX9yySxNQTKFNwW+z1p3YWg=
github.com/hbstack/header v0.14.2/go.mod h1:ixl3LE1P436T4lVErrUVTyRv7fYqEs4zLc1OeBK+VqI=
github.com/hbstack/header v0.14.3/go.mod h1:W7eolpYJctsTD8GVFEj09Ogbqqy8OAqcxBEbW3ZTYIg=
github.com/hugomods/base v0.1.0 h1:3o9Y85BvXHjkYzZfswM/EtthQ8GOYKN8aXHkIWqu3/8=
github.com/hugomods/base v0.1.0/go.mod h1:hnWCPbVxuhXBwdFax3mmbMlWKmIo/7OP36MCLOyHtT4=
github.com/hugomods/base v0.2.0/go.mod h1:hnWCPbVxuhXBwdFax3mmbMlWKmIo/7OP36MCLOyHtT4=
github.com/hugomods/base v0.3.0/go.mod h1:hnWCPbVxuhXBwdFax3mmbMlWKmIo/7OP36MCLOyHtT4=
github.com/hugomods/base v0.4.0/go.mod h1:hnWCPbVxuhXBwdFax3mmbMlWKmIo/7OP36MCLOyHtT4=
github.com/hugomods/base v0.4.1/go.mod h1:hnWCPbVxuhXBwdFax3mmbMlWKmIo/7OP36MCLOyHtT4=
github.com/hugomods/base v0.4.2/go.mod h1:hnWCPbVxuhXBwdFax3mmbMlWKmIo/7OP36MCLOyHtT4=
github.com/hugomods/base v0.5.0/go.mod h1:hnWCPbVxuhXBwdFax3mmbMlWKmIo/7OP36MCLOyHtT4=
github.com/hugomods/base v0.6.0/go.mod h1:hnWCPbVxuhXBwdFax3mmbMlWKmIo/7OP36MCLOyHtT4=
github.com/hugomods/hugopress v0.2.1 h1:coYEPHUNLuTxKrVWVIPgs0lbZ6yrqxdWjgSriNFuBVo=
github.com/hugomods/hugopress v0.2.1/go.mod h1:CRYvr60xOkZOf4Atkuj+uEj2EH5pjJ39Ws3aJAkoMkA=
github.com/hugomods/hugopress v0.2.2/go.mod h1:CRYvr60xOkZOf4Atkuj+uEj2EH5pjJ39Ws3aJAkoMkA=
github.com/hugomods/hugopress v0.2.3/go.mod h1:CRYvr60xOkZOf4Atkuj+uEj2EH5pjJ39Ws3aJAkoMkA=
github.com/hugomods/icons v0.6.0 h1:G6RU93okhPPRDh/jqcew9gwkcYpSpg0rCBv4S6yUAFw=
github.com/hugomods/icons v0.6.0/go.mod h1:cIkSvK6W0q6N4U6n9KGz+QfRWQXAW0INd+1P31gPNGg=
github.com/hugomods/icons v0.6.1/go.mod h1:cIkSvK6W0q6N4U6n9KGz+QfRWQXAW0INd+1P31gPNGg=
github.com/hugomods/icons v0.6.2/go.mod h1:cIkSvK6W0q6N4U6n9KGz+QfRWQXAW0INd+1P31gPNGg=
github.com/hugomods/icons v0.6.3/go.mod h1:cIkSvK6W0q6N4U6n9KGz+QfRWQXAW0INd+1P31gPNGg=
github.com/hugomods/icons/vendors/simple-icons v1.0.16 h1:xF2DVja+MgSvrtm73qALZXaBTGXDRwNBM/20lFXiD50=
github.com/hugomods/icons/vendors/simple-icons v1.0.16/go.mod h1:BV4f9pZ5cIHqMskgrsAR2/FKXIfD2WPidUTK27Y5E8Y=
github.com/hugomods/icons/vendors/simple-icons v1.0.17/go.mod h1:SMVLm5zll8PIeX3+jRalh83amsynIlL+Zha/8ZXKn68=
github.com/hugomods/icons/vendors/simple-icons v1.0.18/go.mod h1:8pAAI7UX84AUnxTRCVJ8u9oZUgeRHteLnkZwbf+ogKc=
github.com/hugomods/icons/vendors/simple-icons v1.0.19/go.mod h1:9MeUCHoTT5TXJnS+YRv5ML8VZrDBvYEJx0sWjw0hHfM=
github.com/hugomods/icons/vendors/simple-icons v1.0.20/go.mod h1:8wbqQIjRS1HdnGDhTIhgfpHjfRDU5/k3223eEVJYyeE=
github.com/hugomods/icons/vendors/simple-icons v1.0.21/go.mod h1:l5nhvpMaZiL2iVTl0KCvOE5PzXUfXsODQiQ5u7fqX9w=
github.com/hugomods/icons/vendors/simple-icons v1.0.22/go.mod h1:baULjal4gCvJeiuE4BMxkR2Gh1IWhVvJRJ0FJiSxMwo=
github.com/hugomods/icons/vendors/simple-icons v1.0.23/go.mod h1:o6weSXwunOIg3Gu3XoA5ZHo1vBzJRhKpbJJBdIb1Rpg=
github.com/hugomods/icons/vendors/simple-icons v1.0.24/go.mod h1:de5K5DTbhux0E8u9stiNIqtJ5O/k29xOAqoYTnhsKMw=
github.com/hugomods/icons/vendors/simple-icons v1.0.25/go.mod h1:Yi5H1QtUn2ijo/jEkgjHi5i5jnjIkmREZuJ1qzuRqh0=
github.com/hugomods/icons/vendors/simple-icons v1.0.26/go.mod h1:TM3sfNzBmqrckH18wYC0ksdsqvZFpZULE0gnbSeNoUY=
github.com/hugomods/icons/vendors/simple-icons v1.0.27/go.mod h1:1JLmxEWlmmxE67YzC/CbP19QEfFMoucbLzMWvJ5N4DQ=
github.com/hugomods/icons/vendors/simple-icons v1.0.28/go.mod h1:p1h2vSOPRPf+wlqISlrZPNZqF6dLdg4T0l9A05KM4BM=
github.com/hugomods/icons/vendors/simple-icons v1.0.29/go.mod h1:xarNh9bs80owlZgbN9TP894ITqsjiClD3B/JIJtfYL8=
github.com/hugomods/icons/vendors/simple-icons v1.0.30/go.mod h1:xarNh9bs80owlZgbN9TP894ITqsjiClD3B/JIJtfYL8=
github.com/hugomods/icons/vendors/simple-icons v1.0.31/go.mod h1:mXoItc29/obFr5EOEiDmrLMZQ+3juCch3YyQ8Jo6ElA=
github.com/hugomods/icons/vendors/simple-icons v1.0.32/go.mod h1:l038jUYiTs8kdeAcGBVj4cuP25KQku6gb/H0NDjix3Y=
github.com/hugomods/icons/vendors/simple-icons v1.0.33/go.mod h1:La0IFKLpjIf2fJduy4tD89ZYlyv8rfcDA+WW5enNUFM=
github.com/hugomods/icons/vendors/simple-icons v1.0.34/go.mod h1:5gxe7UQ8FingkIsuIid/a3C0BwhH9aYtCzwjf/2Cm/o=
github.com/hugomods/icons/vendors/simple-icons v1.0.35/go.mod h1:uc0Ig96nm0s46VMxdy1Hzy9BEmLq0c1nIbPzuMlgILI=
github.com/hugomods/icons/vendors/simple-icons v1.0.36/go.mod h1:831A05oHGziqogtDl3NW7ZjtHpnPTzhK/w/19/mnH+E=
github.com/hugomods/icons/vendors/simple-icons v1.0.37/go.mod h1:YnC8ZUSGAKOhW3aY8qugJLe6w5Ck/k8EXBzGmKN5YdA=
github.com/hugomods/icons/vendors/simple-icons v1.0.38/go.mod h1:XhswsNEfVeOhYACVe9+IIN7Z2AN0keT1ddnWv/vHp9A=
github.com/hugomods/icons/vendors/simple-icons v1.0.39/go.mod h1:Y+C3h6tOJ938GK7dqUxC7nYPtcIcmKOFLlWaikRv+8c=
github.com/hugomods/seo/modules/base v0.1.0 h1:ZEkWuYeRJeQakBkBThO3N3lmGzOZoPixs4pDugJXfJk=
github.com/hugomods/seo/modules/base v0.1.0/go.mod h1:qfm1Vga0eGxL+Szgz8Jopm+NtJ5PGov2a2dikTg1qSg=
github.com/hugomods/seo/modules/base v0.1.1/go.mod h1:qfm1Vga0eGxL+Szgz8Jopm+NtJ5PGov2a2dikTg1qSg=
github.com/twbs/bootstrap v5.3.2+incompatible/go.mod h1:fZTSrkpSf0/HkL0IIJzvVspTt1r9zuf7XlZau8kpcY0=
github.com/twbs/icons v1.11.1 h1:lMKkMwupTDfBJWXx6RFLwfYuCmqG/uUAu2LaOf7bZjU=
github.com/twbs/icons v1.11.1/go.mod h1:GnRlymgVWp5iVJCMa0Me5b6tFyGpVc2bSxPMRGIJmyA=
github.com/twbs/icons v1.11.2/go.mod h1:GnRlymgVWp5iVJCMa0Me5b6tFyGpVc2bSxPMRGIJmyA=
github.com/twbs/icons v1.11.3/go.mod h1:GnRlymgVWp5iVJCMa0Me5b6tFyGpVc2bSxPMRGIJmyA=
