github.com/gohugoio/hugo-mod-bootstrap-scss/v5 v5.20300.20003 h1:pt/JGVD5YYRsVVijOHPZI6YKTUvbR4e0hgV9B0S6rbI=
github.com/gohugoio/hugo-mod-bootstrap-scss/v5 v5.20300.20003/go.mod h1:mvM05r93HiefwoaxQTaYiJxtJAhTebwQtU1Xh/J+Okk=
github.com/gohugoio/hugo-mod-jslibs-dist/popperjs/v2 v2.21100.20000/go.mod h1:mFberT6ZtcchrsDtfvJM7aAH2bDKLdOnruUHl0hlapI=
github.com/hbstack/blog v0.15.6 h1:cwja/Wr8RK0XNBTQsrX6JF9TEummqftPmoVvy9IZ4gk=
github.com/hbstack/blog v0.15.6/go.mod h1:PUptR70n73JrJPvp7DwG4BsOKSD8vQUVjRFmTreVY4o=
github.com/hbstack/blog/modules/breadcrumb v0.1.11 h1:TxwqOQSawHI1L6fAH0QffIZ7y30Rt69/b1WziawauD0=
github.com/hbstack/blog/modules/breadcrumb v0.1.11/go.mod h1:m88W4yLWqn29Oc8iIArCE5LXAC2ZefZvw2nQ+YKlT9w=
github.com/hbstack/blog/modules/featured-image v0.2.10 h1:oHvlDcUiPAyCrlpQGpTzRQSHzx3OpEOAQsHUTnCPky8=
github.com/hbstack/blog/modules/featured-image v0.2.10/go.mod h1:i9GtUQV9PJuULiHg0k/E3AiC8nEYdPEkXZahoXD7wwc=
github.com/hbstack/blog/modules/heading-sign v0.1.12 h1:a2Vj2hZWEgnx9xAbzQ5dWk96+K01F+yODqR93CGzJzI=
github.com/hbstack/blog/modules/heading-sign v0.1.12/go.mod h1:NiRha6ek9POlc6ZxbcP5hxPDva9XCcDAE0SLZ89P7tc=
github.com/hbstack/blog/modules/post-nav v0.2.9 h1:stcA18a46rETwsFUxESpxbre56RpP9U4whOcU3tDaRU=
github.com/hbstack/blog/modules/post-nav v0.2.9/go.mod h1:pKRlCy3s5jvWpLzs4Yf47eH+blIUMZmS3RzxetaJ8GE=
github.com/hbstack/blog/modules/related-posts v0.1.11 h1:S6spc2pVL5l54ZTv1qTQe7rcgdFWEsLyEHwyIF+p9Ag=
github.com/hbstack/blog/modules/related-posts v0.1.11/go.mod h1:qiDGf3KC/aCV+R1PZ5YhNZsB8UhrLHn/26outzgstWA=
github.com/hbstack/footer v0.2.2 h1:lut4Z3u1PYY18OMoJcRL1/REl/bb3ItycAkxI3jHUEY=
github.com/hbstack/footer v0.2.2/go.mod h1:ap949YxPpXEhcYPoZt2RTCS3tfeEMwsdRIqSvCrM2No=
github.com/hbstack/header v0.8.1 h1:VGYiT93z3YWg8X2FLXUv/TglHzUJiLzVxduH+rzFchw=
github.com/hbstack/header v0.8.1/go.mod h1:ZnACw6m73xB7Z5TUTyjErh6yURnMDDSWj8BVVrR9/+M=
github.com/hugomods/base v0.1.0 h1:3o9Y85BvXHjkYzZfswM/EtthQ8GOYKN8aXHkIWqu3/8=
github.com/hugomods/base v0.1.0/go.mod h1:hnWCPbVxuhXBwdFax3mmbMlWKmIo/7OP36MCLOyHtT4=
github.com/hugomods/hugopress v0.2.1 h1:coYEPHUNLuTxKrVWVIPgs0lbZ6yrqxdWjgSriNFuBVo=
github.com/hugomods/hugopress v0.2.1/go.mod h1:CRYvr60xOkZOf4Atkuj+uEj2EH5pjJ39Ws3aJAkoMkA=
github.com/hugomods/icons v0.6.0 h1:G6RU93okhPPRDh/jqcew9gwkcYpSpg0rCBv4S6yUAFw=
github.com/hugomods/icons v0.6.0/go.mod h1:cIkSvK6W0q6N4U6n9KGz+QfRWQXAW0INd+1P31gPNGg=
github.com/hugomods/icons/vendors/simple-icons v1.0.10 h1:2OxQDhnwJNm+2KiOTbQnPRqB0Z84t5eI4Fl8GJT/+lk=
github.com/hugomods/icons/vendors/simple-icons v1.0.10/go.mod h1:Q89vk6C3APCGLGitoKG4lcoZN/iCn5wVilAraxrxtFQ=
github.com/hugomods/seo/modules/base v0.1.0 h1:ZEkWuYeRJeQakBkBThO3N3lmGzOZoPixs4pDugJXfJk=
github.com/hugomods/seo/modules/base v0.1.0/go.mod h1:qfm1Vga0eGxL+Szgz8Jopm+NtJ5PGov2a2dikTg1qSg=
github.com/twbs/bootstrap v5.3.0+incompatible/go.mod h1:fZTSrkpSf0/HkL0IIJzvVspTt1r9zuf7XlZau8kpcY0=
github.com/twbs/icons v1.10.5 h1:F9uvW7cGfDBAautw5aeCmnB3hw4vv3aEQGbHnzcQKaE=
github.com/twbs/icons v1.10.5/go.mod h1:GnRlymgVWp5iVJCMa0Me5b6tFyGpVc2bSxPMRGIJmyA=
