github.com/gohugoio/hugo-mod-jslibs-dist/popperjs/v2 v2.21100.20000 h1:GZxx4Hc+yb0/t3/rau1j8XlAxLE4CyXns2fqQbyqWfs=
github.com/gohugoio/hugo-mod-jslibs-dist/popperjs/v2 v2.21100.20000/go.mod h1:mFberT6ZtcchrsDtfvJM7aAH2bDKLdOnruUHl0hlapI=
github.com/hbstack/carousel v0.2.3 h1:4jCjvd2+MDm9sAp3FOtPVa06JmnNLdfBRTxtkyrXl/M=
github.com/hbstack/carousel v0.2.3/go.mod h1:BUoUKVTPOSoE2iCJABFoCURetHa6OCw6r+gr5DBYavo=
github.com/hbstack/carousel v0.2.4/go.mod h1:AchKlXiqYNZouE3Ee/VSSQle2FUZV5CJgTnPBFI7Gj0=
github.com/hbstack/docs v0.6.4 h1:Uid2yk/x95i2qGfOQ3x06cSlVaHIYl08zNdmdO7D60o=
github.com/hbstack/docs v0.6.4/go.mod h1:kSVzryHYdTGxWh0TF0Nvkk8BoZBQLgiokgPUK8hKfzs=
github.com/hbstack/docs v0.7.0/go.mod h1:gg+Shum/JRUzh/A1/SOT8nXHjokygF39SufrpYsD29s=
github.com/hbstack/docs v0.8.0/go.mod h1:gg+Shum/JRUzh/A1/SOT8nXHjokygF39SufrpYsD29s=
github.com/hbstack/docs v0.9.0/go.mod h1:rXOtp9eVDMJnrIYZzYBSSUlFElj8hJZiaoCh4cv8cPg=
github.com/hbstack/docs v0.10.0/go.mod h1:MPNsuVtGkOZckKppIIvusem151aoO934hv7yj/epWFw=
github.com/hbstack/docs v0.11.0/go.mod h1:lnY3lCyZMU+MjKanhIm+WyBTqIPjLInJgP8ukIzPDtE=
github.com/hbstack/docs v0.11.1/go.mod h1:vzdSxwSyCPWZUSXbLOojFd5YhZDWceyfbSRjLVkvEDs=
github.com/hbstack/docs v0.11.2/go.mod h1:lhMS1RUegW09gWtwJNr9svMjuzREAaFB1OFwusWoZEg=
github.com/hbstack/docs v0.11.3/go.mod h1:r5PqcXIcXb91kEGMrczPPcKYNJou+u/UvEcWHu7bSvo=
github.com/hbstack/docs v0.11.4/go.mod h1:Lmw+6O3fOIrkCBqAYYGgRCCn6iK4Jk3KsftN7KEFO7o=
github.com/hbstack/docs v0.11.5/go.mod h1:scQd01bWyOnI9eIPhEihRFi/fjwSKuPVafGEXuLKSLI=
github.com/hbstack/docs v0.11.6/go.mod h1:/zkJ3wq0ZfDGYuK9SoQ1perr3fuh26+9jaLEQTdapIU=
github.com/hbstack/docs v0.11.7/go.mod h1:cvXBPmA+1TqRIf7CqL6Q3YFO820VsI9ZFEtF91/Uvx0=
github.com/hbstack/docs/modules/breadcrumb v0.1.6 h1:oShbIYWTKT+mOUyFVCep58U/cVJInnWt1YSlqcXMhMs=
github.com/hbstack/docs/modules/breadcrumb v0.1.6/go.mod h1:a+K5/jvdYPlSgragg2Og3qn1To/gwSR+vYxHKYFUJS8=
github.com/hbstack/docs/modules/breadcrumb v0.1.7/go.mod h1:UjZ1pDFCob8cHTKXOoYMo6SwxBxWKaNc0KlQEaCBAbk=
github.com/hbstack/docs/modules/breadcrumb v0.1.8/go.mod h1:1NKYNYa8Lw8KWY+3AoSiCOuDmBnRsWdC3iD9DK7QX1c=
github.com/hbstack/docs/modules/breadcrumb v0.1.9/go.mod h1:vpQYRcZmRTqYpVb7x7sOgw13MxBuNgUt82wQDz6ZtZU=
github.com/hbstack/docs/modules/doc-nav v0.2.5 h1:9JQbivRmauRsw2cyS1NRSbpoXIeMWQFafsZbYGWaQ00=
github.com/hbstack/docs/modules/doc-nav v0.2.5/go.mod h1:pBJKJb0X6zhWKcCJcyG13yrd3HumoDptQATFP4teW9o=
github.com/hbstack/docs/modules/doc-nav v0.3.0/go.mod h1:w9luWR/6FiLUs2tbjW4jD0/iG1rnndXZm76NmokhPNc=
github.com/hbstack/docs/modules/doc-nav v0.3.1/go.mod h1:oPis8QwnR1g8wGnNMbDo3VSS6++sAluQNC1NG4QXCns=
github.com/hbstack/docs/modules/doc-nav v0.3.2/go.mod h1:s/gO2HobSLPXjcKJ94CWi5S3+qeVYmkfRtr6gMo06Cg=
github.com/hbstack/docs/modules/doc-nav v0.3.4/go.mod h1:52tWPJSu6DO7q5KXK/O6F+nUWKbveNOHkJC1yie51Es=
github.com/hbstack/docs/modules/featured-image v0.2.5 h1:Yt0WYsLEMLvlGyXtLyuoMBH/tMkzN7upfNrLAHxei2Q=
github.com/hbstack/docs/modules/featured-image v0.2.5/go.mod h1:xO6X2rM/zCEFbpfejHCUzbNeqfbuyYCxcycngt+V+kA=
github.com/hbstack/docs/modules/featured-image v0.2.6/go.mod h1:7RL3v8GF/63rB5bY/2XoWiFRBTrNz4xbCvWGAOqYuMc=
github.com/hbstack/docs/modules/featured-image v0.2.7/go.mod h1:dt6FzvWZGx/4zzQnqItcbsMED9EVPkNDU7w2BxBPwRg=
github.com/hbstack/docs/modules/featured-image v0.2.8/go.mod h1:zg3OOJK2GXuggE0w/Ov2M0FDzyCHs8BRoWiD7Nz5o58=
github.com/hbstack/docs/modules/heading-sign v0.1.6 h1:5OgBkLlbEEDtQcBcIiek36ey3KXncHFwyYnhLlVbNCg=
github.com/hbstack/docs/modules/heading-sign v0.1.6/go.mod h1:uDDtKAQi/XHH6pPCsbpPFMI7Ba3ZGjFYpSewxfwPJYk=
github.com/hbstack/docs/modules/heading-sign v0.1.7/go.mod h1:QVJkUvDKZML3q2sibECzpAk3ylJ2cwv0s5naEDJfhm0=
github.com/hbstack/docs/modules/heading-sign v0.1.8/go.mod h1:S139I7KQWECptWp28peWm1jWkrpLYYsLkxljYBm1MdY=
github.com/hbstack/docs/modules/heading-sign v0.1.9/go.mod h1:64D1dr+tmjfQh0F1PtYa+cs9PiZttR6LCoXaiBXD4bI=
github.com/hbstack/hb v0.7.1 h1:bnlE/KrhOKADI5aydZG822kT1o9QR8I8TdOWugqaMJE=
github.com/hbstack/hb v0.7.1/go.mod h1:S/08mx1tK6yxjQIkSqvpqG8HrBzMBDJq1WC5QjXW9p0=
github.com/hbstack/hb v0.7.2/go.mod h1:ZOmDVAInLN3kwl/uoggHvj9e7dU5UFIcvswIGbNdq4M=
github.com/hbstack/hb v0.8.0/go.mod h1:Z+gW6UsRwuivPcqqEb67h7vSQwSCWOr7KxNXkhcsEzM=
github.com/hbstack/hb v0.8.1/go.mod h1:Z+gW6UsRwuivPcqqEb67h7vSQwSCWOr7KxNXkhcsEzM=
github.com/hbstack/hb v0.9.0/go.mod h1:6T8TytCOb1C0EIRVcjzwuhI/G/H0ytTOaJbT1xwiDuY=
github.com/hbstack/hb v0.9.1/go.mod h1:6T8TytCOb1C0EIRVcjzwuhI/G/H0ytTOaJbT1xwiDuY=
github.com/hbstack/hb v0.9.2/go.mod h1:6T8TytCOb1C0EIRVcjzwuhI/G/H0ytTOaJbT1xwiDuY=
github.com/hbstack/hb v0.10.0/go.mod h1:6T8TytCOb1C0EIRVcjzwuhI/G/H0ytTOaJbT1xwiDuY=
github.com/hbstack/hb v0.11.0/go.mod h1:6T8TytCOb1C0EIRVcjzwuhI/G/H0ytTOaJbT1xwiDuY=
github.com/hbstack/pagination v0.2.0 h1:1TKy5bLrwkIxHJPLjK+k6Ws9ZO6Lg2ppP+Z1iVvDoAw=
github.com/hbstack/pagination v0.2.0/go.mod h1:IwCFgkfkXMVjudqJ8nHcwQLlXmwx0MRtNFOCd+0I3Vw=
github.com/hbstack/pagination v0.2.1/go.mod h1:rYUcK2N6NxzLiy67xfXzt1xSCE5QKFPYHG3+2hsecYQ=
github.com/hbstack/pagination v0.3.0/go.mod h1:rYUcK2N6NxzLiy67xfXzt1xSCE5QKFPYHG3+2hsecYQ=
github.com/hbstack/pagination v0.4.0/go.mod h1:xAvZzN0UZW0j/IAUipcRIIQ7P9Sq44M3k47HaHy7OuU=
github.com/hbstack/pagination v0.5.0/go.mod h1:xAvZzN0UZW0j/IAUipcRIIQ7P9Sq44M3k47HaHy7OuU=
github.com/hbstack/pagination v0.6.0/go.mod h1:xAvZzN0UZW0j/IAUipcRIIQ7P9Sq44M3k47HaHy7OuU=
github.com/hbstack/socials v0.6.0 h1:vnDZLpQmA2tJAHQeOXuFtlzMIoE8rUKahiBRuhkeg3w=
github.com/hbstack/socials v0.6.0/go.mod h1:vOckvjx7Tvhg+QJ4rKR7lTj3GytBMACj1Q43V459J5Q=
github.com/hbstack/socials v0.7.0/go.mod h1:0IViwiReyAknJBIXFqhThn6m13jbib6lLFYfMIWZYzY=
github.com/hbstack/socials v0.8.0/go.mod h1:D9aDcI9L3rlQpCPhpPfPUerKmH0Fr6LezwLJYeFWfRQ=
github.com/hbstack/socials v0.9.0/go.mod h1:8H+ztN27J59oWcQyQTFj95HsauF2a22GXqQlNMGTQw4=
github.com/hugomods/gravatar v0.2.0 h1:642HNhGN7Mw7qefNcUFJKzLoT2zJKt4IQkrS53mIUfA=
github.com/hugomods/gravatar v0.2.0/go.mod h1:oATWuh5u2XUK/ZKzOD0VEP5I/TZfVZwplTyhT61Q4Fc=
github.com/hugomods/icons v0.6.0 h1:G6RU93okhPPRDh/jqcew9gwkcYpSpg0rCBv4S6yUAFw=
github.com/hugomods/icons/vendors/bootstrap v0.5.1 h1:H4G4kK9ltn3Cn/oyi+i7qhSyxPA+U4L85fUFQ9wNnxo=
github.com/hugomods/icons/vendors/bootstrap v0.5.1/go.mod h1:tFEoO7zed/8FDT6LeKLGnzDbx7D8HK7ZaLshnF0RYjQ=
github.com/hugomods/icons/vendors/bootstrap v0.5.2/go.mod h1:O+9YwW2aJiOIC7R/zmSnoiZjiix1HMJD5J7NRLxRg+M=
github.com/hugomods/icons/vendors/bootstrap v0.5.3/go.mod h1:SuPcqO3u8gN4epmf+2L1G8pg6X3nXj2D6FYRWd+OIrw=
github.com/hugomods/icons/vendors/bootstrap v0.5.4/go.mod h1:DtuYP+dG9Sttfsggd9k09h/hapZBsel6JJ1vNetkaCg=
github.com/hugomods/images v0.7.0 h1:NEGgCSrh1YuHGmTAL9wDAKLdXL4WU6Nw4BfkampJxyM=
github.com/hugomods/images v0.7.0/go.mod h1:U6Gwj16LKvk66rOMyGFrnF6f0aV8lT89lqOsckOAjYY=
github.com/hugomods/images v0.8.0/go.mod h1:U6Gwj16LKvk66rOMyGFrnF6f0aV8lT89lqOsckOAjYY=
github.com/hugomods/images v0.8.1/go.mod h1:U6Gwj16LKvk66rOMyGFrnF6f0aV8lT89lqOsckOAjYY=
github.com/hugomods/images v0.8.2/go.mod h1:U6Gwj16LKvk66rOMyGFrnF6f0aV8lT89lqOsckOAjYY=
github.com/hugomods/images v0.8.3/go.mod h1:U6Gwj16LKvk66rOMyGFrnF6f0aV8lT89lqOsckOAjYY=
github.com/hugomods/images v0.8.4/go.mod h1:U6Gwj16LKvk66rOMyGFrnF6f0aV8lT89lqOsckOAjYY=
github.com/hugomods/images v0.9.0/go.mod h1:U6Gwj16LKvk66rOMyGFrnF6f0aV8lT89lqOsckOAjYY=
github.com/hugomods/simple-icons v9.16.1+incompatible h1:uwR8zjl8/FBKK/MzWc7G/53xlZbtpSF6TFvT26jyTlo=
github.com/hugomods/simple-icons v9.16.1+incompatible/go.mod h1:1Lvymol7AMVY7ji/o88jMoDHHZIJ5Wc+WwNe5hjmk+U=
github.com/hugomods/simple-icons v9.17.0+incompatible/go.mod h1:1Lvymol7AMVY7ji/o88jMoDHHZIJ5Wc+WwNe5hjmk+U=
github.com/hugomods/simple-icons v9.18.0+incompatible/go.mod h1:1Lvymol7AMVY7ji/o88jMoDHHZIJ5Wc+WwNe5hjmk+U=
github.com/hugomods/simple-icons v9.19.0+incompatible/go.mod h1:1Lvymol7AMVY7ji/o88jMoDHHZIJ5Wc+WwNe5hjmk+U=
github.com/hugomods/simple-icons v9.19.1+incompatible/go.mod h1:1Lvymol7AMVY7ji/o88jMoDHHZIJ5Wc+WwNe5hjmk+U=
github.com/hugomods/simple-icons v9.20.0+incompatible/go.mod h1:1Lvymol7AMVY7ji/o88jMoDHHZIJ5Wc+WwNe5hjmk+U=
github.com/hugomods/simple-icons v9.21.0+incompatible/go.mod h1:1Lvymol7AMVY7ji/o88jMoDHHZIJ5Wc+WwNe5hjmk+U=
github.com/hugomods/simple-icons v10.0.0+incompatible/go.mod h1:1Lvymol7AMVY7ji/o88jMoDHHZIJ5Wc+WwNe5hjmk+U=
github.com/hugomods/simple-icons v10.2.0+incompatible/go.mod h1:1Lvymol7AMVY7ji/o88jMoDHHZIJ5Wc+WwNe5hjmk+U=
github.com/hugomods/simple-icons v10.3.0+incompatible/go.mod h1:1Lvymol7AMVY7ji/o88jMoDHHZIJ5Wc+WwNe5hjmk+U=
github.com/hugomods/simple-icons v10.4.0+incompatible/go.mod h1:1Lvymol7AMVY7ji/o88jMoDHHZIJ5Wc+WwNe5hjmk+U=
github.com/hugomods/simple-icons v11.0.0+incompatible/go.mod h1:1Lvymol7AMVY7ji/o88jMoDHHZIJ5Wc+WwNe5hjmk+U=
github.com/hugomods/simple-icons v11.1.0+incompatible/go.mod h1:1Lvymol7AMVY7ji/o88jMoDHHZIJ5Wc+WwNe5hjmk+U=
github.com/hugomods/simple-icons v11.4.0+incompatible/go.mod h1:1Lvymol7AMVY7ji/o88jMoDHHZIJ5Wc+WwNe5hjmk+U=
