github.com/gohugoio/hugo-mod-jslibs-dist/popperjs/v2 v2.21100.20000 h1:GZxx4Hc+yb0/t3/rau1j8XlAxLE4CyXns2fqQbyqWfs=
github.com/gohugoio/hugo-mod-jslibs-dist/popperjs/v2 v2.21100.20000/go.mod h1:mFberT6ZtcchrsDtfvJM7aAH2bDKLdOnruUHl0hlapI=
github.com/hbstack/carousel v0.2.3 h1:4jCjvd2+MDm9sAp3FOtPVa06JmnNLdfBRTxtkyrXl/M=
github.com/hbstack/carousel v0.2.3/go.mod h1:BUoUKVTPOSoE2iCJABFoCURetHa6OCw6r+gr5DBYavo=
github.com/hbstack/carousel v0.2.4/go.mod h1:AchKlXiqYNZouE3Ee/VSSQle2FUZV5CJgTnPBFI7Gj0=
github.com/hbstack/docs v0.6.4 h1:Uid2yk/x95i2qGfOQ3x06cSlVaHIYl08zNdmdO7D60o=
github.com/hbstack/docs v0.6.4/go.mod h1:kSVzryHYdTGxWh0TF0Nvkk8BoZBQLgiokgPUK8hKfzs=
github.com/hbstack/docs v0.7.0/go.mod h1:gg+Shum/JRUzh/A1/SOT8nXHjokygF39SufrpYsD29s=
github.com/hbstack/docs v0.8.0/go.mod h1:gg+Shum/JRUzh/A1/SOT8nXHjokygF39SufrpYsD29s=
github.com/hbstack/docs/modules/breadcrumb v0.1.6 h1:oShbIYWTKT+mOUyFVCep58U/cVJInnWt1YSlqcXMhMs=
github.com/hbstack/docs/modules/breadcrumb v0.1.6/go.mod h1:a+K5/jvdYPlSgragg2Og3qn1To/gwSR+vYxHKYFUJS8=
github.com/hbstack/docs/modules/breadcrumb v0.1.7/go.mod h1:UjZ1pDFCob8cHTKXOoYMo6SwxBxWKaNc0KlQEaCBAbk=
github.com/hbstack/docs/modules/breadcrumb v0.1.8/go.mod h1:1NKYNYa8Lw8KWY+3AoSiCOuDmBnRsWdC3iD9DK7QX1c=
github.com/hbstack/docs/modules/breadcrumb v0.1.9/go.mod h1:vpQYRcZmRTqYpVb7x7sOgw13MxBuNgUt82wQDz6ZtZU=
github.com/hbstack/docs/modules/doc-nav v0.2.5 h1:9JQbivRmauRsw2cyS1NRSbpoXIeMWQFafsZbYGWaQ00=
github.com/hbstack/docs/modules/doc-nav v0.2.5/go.mod h1:pBJKJb0X6zhWKcCJcyG13yrd3HumoDptQATFP4teW9o=
github.com/hbstack/docs/modules/doc-nav v0.3.0/go.mod h1:w9luWR/6FiLUs2tbjW4jD0/iG1rnndXZm76NmokhPNc=
github.com/hbstack/docs/modules/doc-nav v0.3.1/go.mod h1:oPis8QwnR1g8wGnNMbDo3VSS6++sAluQNC1NG4QXCns=
github.com/hbstack/docs/modules/doc-nav v0.3.2/go.mod h1:s/gO2HobSLPXjcKJ94CWi5S3+qeVYmkfRtr6gMo06Cg=
github.com/hbstack/docs/modules/featured-image v0.2.5 h1:Yt0WYsLEMLvlGyXtLyuoMBH/tMkzN7upfNrLAHxei2Q=
github.com/hbstack/docs/modules/featured-image v0.2.5/go.mod h1:xO6X2rM/zCEFbpfejHCUzbNeqfbuyYCxcycngt+V+kA=
github.com/hbstack/docs/modules/featured-image v0.2.6/go.mod h1:7RL3v8GF/63rB5bY/2XoWiFRBTrNz4xbCvWGAOqYuMc=
github.com/hbstack/docs/modules/featured-image v0.2.7/go.mod h1:dt6FzvWZGx/4zzQnqItcbsMED9EVPkNDU7w2BxBPwRg=
github.com/hbstack/docs/modules/heading-sign v0.1.6 h1:5OgBkLlbEEDtQcBcIiek36ey3KXncHFwyYnhLlVbNCg=
github.com/hbstack/docs/modules/heading-sign v0.1.6/go.mod h1:uDDtKAQi/XHH6pPCsbpPFMI7Ba3ZGjFYpSewxfwPJYk=
github.com/hbstack/docs/modules/heading-sign v0.1.7/go.mod h1:QVJkUvDKZML3q2sibECzpAk3ylJ2cwv0s5naEDJfhm0=
github.com/hbstack/docs/modules/heading-sign v0.1.8/go.mod h1:S139I7KQWECptWp28peWm1jWkrpLYYsLkxljYBm1MdY=
github.com/hbstack/hb v0.7.1 h1:bnlE/KrhOKADI5aydZG822kT1o9QR8I8TdOWugqaMJE=
github.com/hbstack/hb v0.7.1/go.mod h1:S/08mx1tK6yxjQIkSqvpqG8HrBzMBDJq1WC5QjXW9p0=
github.com/hbstack/hb v0.7.2/go.mod h1:ZOmDVAInLN3kwl/uoggHvj9e7dU5UFIcvswIGbNdq4M=
github.com/hbstack/pagination v0.2.0 h1:1TKy5bLrwkIxHJPLjK+k6Ws9ZO6Lg2ppP+Z1iVvDoAw=
github.com/hbstack/pagination v0.2.0/go.mod h1:IwCFgkfkXMVjudqJ8nHcwQLlXmwx0MRtNFOCd+0I3Vw=
github.com/hbstack/pagination v0.2.1/go.mod h1:rYUcK2N6NxzLiy67xfXzt1xSCE5QKFPYHG3+2hsecYQ=
github.com/hbstack/pagination v0.3.0/go.mod h1:rYUcK2N6NxzLiy67xfXzt1xSCE5QKFPYHG3+2hsecYQ=
github.com/hbstack/socials v0.6.0 h1:vnDZLpQmA2tJAHQeOXuFtlzMIoE8rUKahiBRuhkeg3w=
github.com/hbstack/socials v0.6.0/go.mod h1:vOckvjx7Tvhg+QJ4rKR7lTj3GytBMACj1Q43V459J5Q=
github.com/hbstack/socials v0.7.0/go.mod h1:0IViwiReyAknJBIXFqhThn6m13jbib6lLFYfMIWZYzY=
github.com/hugomods/gravatar v0.2.0 h1:642HNhGN7Mw7qefNcUFJKzLoT2zJKt4IQkrS53mIUfA=
github.com/hugomods/gravatar v0.2.0/go.mod h1:oATWuh5u2XUK/ZKzOD0VEP5I/TZfVZwplTyhT61Q4Fc=
github.com/hugomods/icons v0.6.0 h1:G6RU93okhPPRDh/jqcew9gwkcYpSpg0rCBv4S6yUAFw=
github.com/hugomods/icons/vendors/bootstrap v0.5.1 h1:H4G4kK9ltn3Cn/oyi+i7qhSyxPA+U4L85fUFQ9wNnxo=
github.com/hugomods/icons/vendors/bootstrap v0.5.1/go.mod h1:tFEoO7zed/8FDT6LeKLGnzDbx7D8HK7ZaLshnF0RYjQ=
github.com/hugomods/images v0.7.0 h1:NEGgCSrh1YuHGmTAL9wDAKLdXL4WU6Nw4BfkampJxyM=
github.com/hugomods/images v0.7.0/go.mod h1:U6Gwj16LKvk66rOMyGFrnF6f0aV8lT89lqOsckOAjYY=
github.com/hugomods/images v0.8.0/go.mod h1:U6Gwj16LKvk66rOMyGFrnF6f0aV8lT89lqOsckOAjYY=
github.com/hugomods/simple-icons v9.16.1+incompatible h1:uwR8zjl8/FBKK/MzWc7G/53xlZbtpSF6TFvT26jyTlo=
github.com/hugomods/simple-icons v9.16.1+incompatible/go.mod h1:1Lvymol7AMVY7ji/o88jMoDHHZIJ5Wc+WwNe5hjmk+U=
github.com/hugomods/simple-icons v9.17.0+incompatible/go.mod h1:1Lvymol7AMVY7ji/o88jMoDHHZIJ5Wc+WwNe5hjmk+U=
github.com/hugomods/simple-icons v9.18.0+incompatible/go.mod h1:1Lvymol7AMVY7ji/o88jMoDHHZIJ5Wc+WwNe5hjmk+U=
github.com/hugomods/simple-icons v9.19.0+incompatible/go.mod h1:1Lvymol7AMVY7ji/o88jMoDHHZIJ5Wc+WwNe5hjmk+U=
