github.com/gohugoio/hugo-mod-bootstrap-scss/v5 v5.20300.20200 h1:SmpwwN3DNzJWbV+IT8gaFu07ENUFpCvKou5BHYUKuVs=
github.com/gohugoio/hugo-mod-bootstrap-scss/v5 v5.20300.20200/go.mod h1:kx8MBj9T7SFR8ZClWvKZPmmUxBaltkoXvnWlZZcSnYA=
github.com/gohugoio/hugo-mod-jslibs-dist/popperjs/v2 v2.21100.20000/go.mod h1:mFberT6ZtcchrsDtfvJM7aAH2bDKLdOnruUHl0hlapI=
github.com/hbstack/back-to-top v0.1.2 h1:eQ05oJjjl6ByFMKjuSCYJDLl5i5DCRyUt7Z5EdsxzIU=
github.com/hbstack/back-to-top v0.1.2/go.mod h1:/Hc4gkEbdaNLSd5j7jjYsvjl39UBX0bTO5/g4ltNfR0=
github.com/hbstack/back-to-top v0.2.0/go.mod h1:lVnZhVZ8pabJJ/M27APUyayelJO5yr9jkwsVnxk1O4k=
github.com/hbstack/bigger-picture v0.9.2 h1:JTvg77xSkUBvz0TAX/eVDllFYAxpiCECxwX14H52kxc=
github.com/hbstack/bigger-picture v0.9.2/go.mod h1:CficQfdxEJx1U/5JOUOSgAqkH40XxdnSRcvLzsyHMl8=
github.com/hbstack/bigger-picture v0.10.0/go.mod h1:VBAxZu+1v9o8jr9KuzCeDnPBWTgVyKmEvEP8N26RDPs=
github.com/hbstack/bigger-picture v0.10.1/go.mod h1:wZpRrOlTFrt2lO3tl9Y7cIAJbAJN1MdvRu0UsbCnkaE=
github.com/hbstack/blog v0.15.8 h1:YXggs2a5u1O901TdV681dEhv6Zs9Oj24eP0XUuQOj2s=
github.com/hbstack/blog v0.15.8/go.mod h1:eyO2jY0S5VC7D2DPAW80c0YEAj8+8fyRmKvlKBwTV9Y=
github.com/hbstack/blog v0.15.9/go.mod h1:CGEILF/dAKWnkXru0R/eEDikXMPxvBFeOTvFZsg2L/s=
github.com/hbstack/blog v0.16.0/go.mod h1:MZiQPU9CMlM/fKtCihoKRD7xR+243P9LymQ9R+JEKcQ=
github.com/hbstack/blog v0.16.1/go.mod h1:8sBP+PIq/hKN6Y99DuA3jup+aFUl/bbB8okNgwERNOs=
github.com/hbstack/blog v0.17.0/go.mod h1:Bgd+QmsuBWQQs19OsYSJ08a4Bjc74Ntbda+jROslwZU=
github.com/hbstack/blog v0.18.0/go.mod h1:KnzxoBimPscpB0275kItIJPWM989KPj6ADJIbZTGaY0=
github.com/hbstack/blog v0.18.1/go.mod h1:KnzxoBimPscpB0275kItIJPWM989KPj6ADJIbZTGaY0=
github.com/hbstack/blog v0.19.0/go.mod h1:KnzxoBimPscpB0275kItIJPWM989KPj6ADJIbZTGaY0=
github.com/hbstack/blog v0.19.1/go.mod h1:dKyXHRCRkEA1MzCYPUDu4RhEKDZZ/0zEjveJ0rRPj/k=
github.com/hbstack/blog v0.19.2/go.mod h1:dKyXHRCRkEA1MzCYPUDu4RhEKDZZ/0zEjveJ0rRPj/k=
github.com/hbstack/blog v0.20.0/go.mod h1:54hUZXBYs1tBUVH2ogb2xxXPLMLqTDHmLbwEXt/czJ8=
github.com/hbstack/blog v0.21.0/go.mod h1:uOHUphJ8GjPeFHoGq50aEEsbiQ1OLiBsa8Qll0i3BuY=
github.com/hbstack/blog v0.22.0/go.mod h1:/7lTlv0U75nnxemioHYmBEOW/rYYm+n0s/xjEWnW8FI=
github.com/hbstack/blog v0.22.1/go.mod h1:/7lTlv0U75nnxemioHYmBEOW/rYYm+n0s/xjEWnW8FI=
github.com/hbstack/blog v0.22.2/go.mod h1:chG+CUsXw7iAnB+PU1sYCRzEg/wGIbSDjycnuG0rus4=
github.com/hbstack/blog v0.22.3/go.mod h1:Cgl6vahWLroBnWElXKa8aLcgkXIEAw6/4S+dW8f1AGk=
github.com/hbstack/blog v0.22.5/go.mod h1:Cgl6vahWLroBnWElXKa8aLcgkXIEAw6/4S+dW8f1AGk=
github.com/hbstack/blog v0.22.6/go.mod h1:t2NOr8WXadG+x0e7p38D5M8JCOw4G14WyuWg12DTejg=
github.com/hbstack/blog v0.22.7/go.mod h1:t2NOr8WXadG+x0e7p38D5M8JCOw4G14WyuWg12DTejg=
github.com/hbstack/blog v0.22.8/go.mod h1:vTjQqYFAK5nRcKdiktZOgSqOh6F0taDzqykJjjZkGuw=
github.com/hbstack/blog v0.23.0/go.mod h1:+hvHHCoBYAtUDBaf1JD54mJ/XScL+TSa/OZD+OrfbgY=
github.com/hbstack/blog v0.24.0/go.mod h1:+hvHHCoBYAtUDBaf1JD54mJ/XScL+TSa/OZD+OrfbgY=
github.com/hbstack/blog v0.24.1/go.mod h1:kph+UDJmulJJ2UqNN1L9pCYNVMk6qAY9kAVnn/2QIik=
github.com/hbstack/blog v0.24.2/go.mod h1:MVyMZqDGbWrT4FTC7X0mJwoBvanhD22j/0CWsS/saFo=
github.com/hbstack/blog v0.24.3/go.mod h1:54ctuT+rObZR1Ta9PvHvFGfpR+lP4chp5QRsJksht5c=
github.com/hbstack/blog v0.25.0/go.mod h1:tBpnIWjlf0ybe/0j3LVj3dS7FD2GQL0/RMP2qpMYveM=
github.com/hbstack/blog v0.25.1/go.mod h1:XBIbUVJR4ueJQmt8h1C+rB9Q7dZ06EVc36g2ffH0TiU=
github.com/hbstack/blog v0.25.2/go.mod h1:RHtaIph9jKCXLIMVzdc9voX7pSu6fpk2IPzVwGLWjKc=
github.com/hbstack/blog v0.26.0/go.mod h1:y3guhi3enHGM4+RKekB8NaewEw8EczmCU+HvmgIsjSU=
github.com/hbstack/blog v0.26.1/go.mod h1:WBmo3M7F5HFabY2nWU8g2oJ8RK7rAynxKwVWf15AAIQ=
github.com/hbstack/blog v0.26.2/go.mod h1:WBmo3M7F5HFabY2nWU8g2oJ8RK7rAynxKwVWf15AAIQ=
github.com/hbstack/blog v0.26.3/go.mod h1:WBmo3M7F5HFabY2nWU8g2oJ8RK7rAynxKwVWf15AAIQ=
github.com/hbstack/blog v0.27.0/go.mod h1:WBmo3M7F5HFabY2nWU8g2oJ8RK7rAynxKwVWf15AAIQ=
github.com/hbstack/blog v0.27.2/go.mod h1:WBmo3M7F5HFabY2nWU8g2oJ8RK7rAynxKwVWf15AAIQ=
github.com/hbstack/blog v0.29.0/go.mod h1:JeosIMEAE5RvRokP03xIVhPL1n19e0oyfvaMNzr+OpE=
github.com/hbstack/blog v0.29.1/go.mod h1:seD+hskGzqejUgQJeif45jFXJDP9ltY7UkWBvb0Q/To=
github.com/hbstack/blog v0.30.0/go.mod h1:VRcCQo79uAPKJJ9zILRovLEi5GhJ5kWcfuCcSmbWpa4=
github.com/hbstack/blog v0.31.0/go.mod h1:VRcCQo79uAPKJJ9zILRovLEi5GhJ5kWcfuCcSmbWpa4=
github.com/hbstack/blog v0.31.1/go.mod h1:GO9bM+547de/TtOGP6cETsz8zymLkLrximZHj06B6Co=
github.com/hbstack/blog v0.32.0/go.mod h1:GO9bM+547de/TtOGP6cETsz8zymLkLrximZHj06B6Co=
github.com/hbstack/blog v0.32.1/go.mod h1:GO9bM+547de/TtOGP6cETsz8zymLkLrximZHj06B6Co=
github.com/hbstack/blog v0.32.2/go.mod h1:ArJ8ucu5m8PHmRNk/Y/K5y5JHXZvhnuyV1XKoGuWqd4=
github.com/hbstack/blog v0.33.0/go.mod h1:oYyhhRNxUTAv3zSKPmu43YUgImEn0qsugj6ZdrAshsY=
github.com/hbstack/blog v0.34.0/go.mod h1:X27vP5wZXzOSyOO44Ma0TFd187/SU8z/I1FTZhfmSWM=
github.com/hbstack/blog v0.35.0/go.mod h1:NFSWnd34kl/9062qIgVsJU0Pi4BqLKiLw6BItG3D0VA=
github.com/hbstack/blog v0.35.1/go.mod h1:/A1EQoCCs9zlcn7dWecP0YMUmH2n1juv3DO4e/mfQ+o=
github.com/hbstack/blog v0.35.2/go.mod h1:6uWETL+fybTZEKOJ1BEMXG84B+Ucy0GmfFy1t8Itjjg=
github.com/hbstack/blog v0.35.3/go.mod h1:4yQsuqIiYIyQCLWxgaueK3lRCmAm30pVRdwGEdHE95I=
github.com/hbstack/blog v0.35.4/go.mod h1:noV38aLO4c2nWZPUYgRyvjIX4seSTToaRt4kKImo4KQ=
github.com/hbstack/blog v0.36.1/go.mod h1:IJuliGxBkgSi8wmacZ9CGSlUIRFCCnhyViCzrWxjnlo=
github.com/hbstack/blog v0.37.0/go.mod h1:9yZB+gkRkINisP5uWk5CllGJ4bv211KjkHdsTtvEdjM=
github.com/hbstack/blog v0.37.1/go.mod h1:X4Wo3ClIdrMNXiZ7JbI65pKLNCVt5HJeidFMSIFIwb8=
github.com/hbstack/blog v0.37.2/go.mod h1:ivXn9g7VMsTmlbkrBsY6rA/+8KWESGXZI60CTTCBLyw=
github.com/hbstack/blog v0.37.3/go.mod h1:AIDU/s/QGVJhMB9Y20ZR4L7h2zOCI9XuPBpv11O6rJY=
github.com/hbstack/blog v0.37.4/go.mod h1:kPLAw+tLZGjcnaNevNjo86KS2zQNkblFLiG01qF2O1Q=
github.com/hbstack/blog v0.38.0/go.mod h1:mSWZq1M68aJSjGPv+yfbduABOSNbpBJ9HAM/EIKWxfQ=
github.com/hbstack/blog/modules/breadcrumb v0.1.13 h1:OZKnRKkAHn+61o51i8yT+djI2UYeguxaBNJUOfmWxXE=
github.com/hbstack/blog/modules/breadcrumb v0.1.13/go.mod h1:d1fkB4UEG9ncXkAUKYDDz3Foib+v4q5wW5sroIpXmQc=
github.com/hbstack/blog/modules/breadcrumb v0.1.14/go.mod h1:QnT56HSOtIE3fTNkAMXWp6Ts1um+zWDlhdLNdGpN4zo=
github.com/hbstack/blog/modules/breadcrumb v0.1.15/go.mod h1:Bx0kizY5MaRUu+HpLiq76u425dfBFZce41ls1NZRqz4=
github.com/hbstack/blog/modules/breadcrumb v0.1.16/go.mod h1:IDJYZB2NaalO9aOFt06WZROsA96Mo9L7pUIG3trBt0I=
github.com/hbstack/blog/modules/breadcrumb v0.1.17/go.mod h1:LVnjsdno11DPcJoWH3xnhrHReeiX5zP+vJRoFo+DmDQ=
github.com/hbstack/blog/modules/breadcrumb v0.1.19/go.mod h1:A006/NK+6qiL/2lQ42CA9rVw00St28G2tGCQOIFJSqA=
github.com/hbstack/blog/modules/breadcrumb v0.1.20/go.mod h1:y7ILJ8vd+NCizDDRqdqxuajUV62YrwBk72728lcWPvw=
github.com/hbstack/blog/modules/breadcrumb v0.1.21/go.mod h1:L+7V8+yWEesEMt5olaCqUHK/AJvJxJTrZxBpIgUoDnM=
github.com/hbstack/blog/modules/breadcrumb v0.1.22/go.mod h1:abqj7FTsHihbv3B2szGm4YmVGVZWzWg2VVA5ZhqUyKY=
github.com/hbstack/blog/modules/breadcrumb v0.1.23/go.mod h1:smQySqXDtUv2pP7bb+XBr+QGNFxhDGN0fLmQkOIWa5g=
github.com/hbstack/blog/modules/featured-image v0.2.12 h1:8/r88r+AArb5GG9/1ZOaGDaJQy3fUDNPQ3SadbyLEec=
github.com/hbstack/blog/modules/featured-image v0.2.12/go.mod h1:3g1A/4TgrLaT8cZX1lsdgGRrjN+IQHy2Mt1ig3+NEKA=
github.com/hbstack/blog/modules/featured-image v0.2.13/go.mod h1:DgyeWjLB+461yfkwgqPcmiSISH/2JwHyv12+oaM3u9g=
github.com/hbstack/blog/modules/featured-image v0.2.14/go.mod h1:daN2ov1ascIC+OUC17YDbABQjwqcPxnVPtzbbwKmjBk=
github.com/hbstack/blog/modules/featured-image v0.2.15/go.mod h1:QbmzFB1iHL5SWsHso/7ei89QbOPdBzHxk5AmVs3Iow8=
github.com/hbstack/blog/modules/featured-image v0.2.16/go.mod h1:Ql5kmCXH51q7cRmKwVs4x4zn4kOAd02GeTwQC9FaMoU=
github.com/hbstack/blog/modules/featured-image v0.2.18/go.mod h1:7xorHxzuSnSO9N1T+sxTZhTr6Lt+V8h6mEmNasG1bmo=
github.com/hbstack/blog/modules/featured-image v0.2.19/go.mod h1:5jaQDmc9Ralz4QICY8e9JPlmDfsg3WeNStlsFrUSPVQ=
github.com/hbstack/blog/modules/featured-image v0.2.20/go.mod h1:OJ8Y29wUJEI4aCLtD/xy7bBzCkJiHmkBVz/l2hvmAww=
github.com/hbstack/blog/modules/featured-image v0.2.21/go.mod h1:+gxtGAEh7aXDDKQA0wWzdi9HPLcqCSRtRp63F+NN8QU=
github.com/hbstack/blog/modules/heading-sign v0.1.14 h1:LQ847k8Bwy3tPj3APQ7MA/V+qQ5OjKJikQBP/8LLL20=
github.com/hbstack/blog/modules/heading-sign v0.1.14/go.mod h1:Q4lbhSy1BZ9zjCzDECtyx7Sna1QxiREpQttHiIfbVkI=
github.com/hbstack/blog/modules/heading-sign v0.1.15/go.mod h1:9Ly5ZUsXsKqcdymXRYEP2GlOKypoNqA/0oARLo/FbTU=
github.com/hbstack/blog/modules/heading-sign v0.1.16/go.mod h1:DEcSa8eaKIsOD/e+KVSH4IxSdeEzhGOA4flgkHMGqnQ=
github.com/hbstack/blog/modules/heading-sign v0.1.17/go.mod h1:O7fC6ln+vfQ+xpTP+jjH3axqN8HkP/NFyT0xCTBTF+8=
github.com/hbstack/blog/modules/heading-sign v0.1.18/go.mod h1:8VvVQC5HXt4eDJg/KsAu+H6kAEV21xthXcn98NSDKpM=
github.com/hbstack/blog/modules/heading-sign v0.1.20/go.mod h1:P2daipU5Zl95PqHpFzAPq6/2hoG7V4GlaDtpHBBmtWU=
github.com/hbstack/blog/modules/heading-sign v0.1.21/go.mod h1:iOmZZFbVPejTWKSSS49hUpdXEAsK+VdM94pcQkvLlGk=
github.com/hbstack/blog/modules/heading-sign v0.1.22/go.mod h1:5JzFPz1b2iFKcFLGkWdsE6GWPPpThc5jCuN2onr8UgE=
github.com/hbstack/blog/modules/heading-sign v0.1.23/go.mod h1:fBpZ5ifaLbAVClB/cXGQCD45wFc7bU/GBuNyTwTMjJ8=
github.com/hbstack/blog/modules/post-nav v0.2.11 h1:Jee1HBquoH2EN9LDAP4ZBEnN1osxL+p39HWx97K3lAk=
github.com/hbstack/blog/modules/post-nav v0.2.11/go.mod h1:Dn/jDQ1TpDdioYYZyxlRvnhkMkV0Oc0wY3Yj3PMtc64=
github.com/hbstack/blog/modules/post-nav v0.2.12/go.mod h1:eHcLia78CNnsy0uiLqL/WWRB8Q66D8Nxr1N8ygqAcBc=
github.com/hbstack/blog/modules/post-nav v0.2.13/go.mod h1:i7ikEFM4y7tFVc3Hle2xw6RHcXNgJcfyxUbeHJiOe9I=
github.com/hbstack/blog/modules/post-nav v0.2.14/go.mod h1:qdavGlLCaDcFfWTqVV23w4+XU7xC53xtGm4tajQv27g=
github.com/hbstack/blog/modules/post-nav v0.2.15/go.mod h1:d06kyy89kkf8D9gj350+cNOLhcmhn4VbGDkX4QgjWl8=
github.com/hbstack/blog/modules/post-nav v0.3.1/go.mod h1:xR3YFqdXSbEyL6w31UC7EbfY9sY7Wcu56D2oDIxVxi8=
github.com/hbstack/blog/modules/post-nav v0.3.2/go.mod h1:VUOkPqGKHVll+IPgI0oZlhjw1IAZwlibT184dnKVzYE=
github.com/hbstack/blog/modules/post-nav v0.3.3/go.mod h1:gbjBCf92bjEwfnZVNh3pj21o+MYx2pPgNj2SvKSkinA=
github.com/hbstack/blog/modules/post-nav v0.3.4/go.mod h1:ogsyzVxfRRi2mlFq2z67Vg7CFfczSgykb7Tl0CiRKzM=
github.com/hbstack/blog/modules/post-nav v0.3.5/go.mod h1:RaRPQwGTMcIzUqSlRD2fthSWGeEfIuPMLbLt/LKZFcY=
github.com/hbstack/blog/modules/post-nav v0.3.6/go.mod h1:NjxKH/72tO9mtUwUvtgD3mIGSNYHmFe6YisS6zSJd6s=
github.com/hbstack/blog/modules/post-nav v0.3.7/go.mod h1:GZ0npVaGdRhaQNlNoCFqPexC7YYoWCLl82ZIAWQ7h6c=
github.com/hbstack/blog/modules/post-nav v0.3.8/go.mod h1:sofELsR4vKeCqgtG4tzIHDqM9PFCgNBVXMcCZ7N4CSs=
github.com/hbstack/blog/modules/post-nav v0.4.0/go.mod h1:tgP0PtW87TQPYz52S6rAjwusQcBheJLBC8US/bwxy0Q=
github.com/hbstack/blog/modules/related-posts v0.1.13 h1:v/uSYR5wnNLRwwkBi6H+o6n8zxvZqJ7G3YWDtvAPmCQ=
github.com/hbstack/blog/modules/related-posts v0.1.13/go.mod h1:qoqDRe0lxq4olu+DwYODjcunbkJvSn+isQDy4Svf964=
github.com/hbstack/blog/modules/related-posts v0.1.14/go.mod h1:pyzb1WNinQ3g4epq0mDzpo6LoXx1XX7LOtXbcZB1GYQ=
github.com/hbstack/blog/modules/related-posts v0.1.15/go.mod h1:Y0Vt7R0BLRdPfkJq5ZK6npXrZA6vDmBWU/woDA5IVyw=
github.com/hbstack/blog/modules/related-posts v0.1.16/go.mod h1:e+FQvL55bomTZbnnv8QgONoB9JJfX7LWB9VMaIgVwoc=
github.com/hbstack/blog/modules/related-posts v0.1.17/go.mod h1:ZCopBSvf9MBz+2cCvkIToVGJYIq6DF+6Ppu1M7nURpk=
github.com/hbstack/blog/modules/related-posts v0.2.1/go.mod h1:AMUnUU8fmRqXvi+/iGcA7WNGlG5DQNBKRNOGjuqtM6w=
github.com/hbstack/blog/modules/related-posts v0.2.2/go.mod h1:yx3jhSPZy1G2RtW2GZDijZtqm9w7A2y0ng3vmoKZs8g=
github.com/hbstack/blog/modules/related-posts v0.2.3/go.mod h1:y5bp1zWsMM9hqCIMcs97vqdq6cvFVSXL47C0ubIl0Hk=
github.com/hbstack/blog/modules/related-posts v0.2.4/go.mod h1:doDygspG1tGEX2VUdLe0VhJ0uApoBUzku7s3/WyThCc=
github.com/hbstack/blog/modules/related-posts v0.2.5/go.mod h1:MG7gAdmJIMDTRD9Qyx3ANsJCY/xmG12zO69aDSKWDlE=
github.com/hbstack/blog/modules/related-posts v0.3.0/go.mod h1:CdfAPmda/Sakyt+hvicJudKIuwx3/pwfHTDb2dNk8FQ=
github.com/hbstack/blog/modules/related-posts v0.4.0/go.mod h1:h+O7tmtrhKImBt6/RS0GYDnOgDXCE632yyzlVVHTtN0=
github.com/hbstack/bootstrap v0.2.0 h1:pHZ1KQ0HHwhHFbgzZ401kMSxkS7Tg0I/X002SD6WHak=
github.com/hbstack/bootstrap v0.2.0/go.mod h1:BqrUe89qxDkc8kxJ4iaK/XZxzZrWhlGloOFJfcNxAUU=
github.com/hbstack/bootstrap v0.2.1/go.mod h1:IvEwsxbTINkAbiwCC9Nqvuguh6V+Z/8Dg3eZ+TLwWHc=
github.com/hbstack/bootstrap v0.2.2/go.mod h1:2Qd2g72fKgje8fCMSaz8KlKIv60c6PAak59Zg2FJHs0=
github.com/hbstack/carousel v0.2.3 h1:4jCjvd2+MDm9sAp3FOtPVa06JmnNLdfBRTxtkyrXl/M=
github.com/hbstack/carousel v0.2.3/go.mod h1:BUoUKVTPOSoE2iCJABFoCURetHa6OCw6r+gr5DBYavo=
github.com/hbstack/carousel v0.2.4/go.mod h1:AchKlXiqYNZouE3Ee/VSSQle2FUZV5CJgTnPBFI7Gj0=
github.com/hbstack/carousel v0.2.5/go.mod h1:37ffr9r5ilAS4b7KrplyCeOcTPmFd2PMygLo+VPe3oY=
github.com/hbstack/carousel v0.2.6/go.mod h1:XWL7LkRRjyy4g/NF83cnLi49NpWBgW554HGb52lvrzc=
github.com/hbstack/carousel v0.2.7/go.mod h1:jjsMHn99vOq5Vbu9WVyPOq9vm+0NBgWuGaNW6vjumZE=
github.com/hbstack/code-block-panel v0.1.1 h1:9fHjXmlU7x8nbWI3Qr9t5YnRDtaF9auqPWMpsUNMGuc=
github.com/hbstack/code-block-panel v0.1.1/go.mod h1:EJ9PgJrLnJ8DQ0SxU6DrdOesLF1h+YF1MCtMd0DodQg=
github.com/hbstack/code-block-panel v0.1.2/go.mod h1:VK2kn+hD3pr5HPz8izFAUyFG0lB/nXybe8ix5uc/LLs=
github.com/hbstack/docs v0.6.4 h1:Uid2yk/x95i2qGfOQ3x06cSlVaHIYl08zNdmdO7D60o=
github.com/hbstack/docs v0.6.4/go.mod h1:kSVzryHYdTGxWh0TF0Nvkk8BoZBQLgiokgPUK8hKfzs=
github.com/hbstack/docs v0.7.0/go.mod h1:gg+Shum/JRUzh/A1/SOT8nXHjokygF39SufrpYsD29s=
github.com/hbstack/docs v0.8.0/go.mod h1:gg+Shum/JRUzh/A1/SOT8nXHjokygF39SufrpYsD29s=
github.com/hbstack/docs v0.9.0/go.mod h1:rXOtp9eVDMJnrIYZzYBSSUlFElj8hJZiaoCh4cv8cPg=
github.com/hbstack/docs v0.10.0/go.mod h1:MPNsuVtGkOZckKppIIvusem151aoO934hv7yj/epWFw=
github.com/hbstack/docs v0.11.0/go.mod h1:lnY3lCyZMU+MjKanhIm+WyBTqIPjLInJgP8ukIzPDtE=
github.com/hbstack/docs v0.11.1/go.mod h1:vzdSxwSyCPWZUSXbLOojFd5YhZDWceyfbSRjLVkvEDs=
github.com/hbstack/docs v0.11.2/go.mod h1:lhMS1RUegW09gWtwJNr9svMjuzREAaFB1OFwusWoZEg=
github.com/hbstack/docs v0.11.3/go.mod h1:r5PqcXIcXb91kEGMrczPPcKYNJou+u/UvEcWHu7bSvo=
github.com/hbstack/docs v0.11.4/go.mod h1:Lmw+6O3fOIrkCBqAYYGgRCCn6iK4Jk3KsftN7KEFO7o=
github.com/hbstack/docs v0.11.5/go.mod h1:scQd01bWyOnI9eIPhEihRFi/fjwSKuPVafGEXuLKSLI=
github.com/hbstack/docs v0.11.6/go.mod h1:/zkJ3wq0ZfDGYuK9SoQ1perr3fuh26+9jaLEQTdapIU=
github.com/hbstack/docs v0.11.7/go.mod h1:cvXBPmA+1TqRIf7CqL6Q3YFO820VsI9ZFEtF91/Uvx0=
github.com/hbstack/docs v0.12.0/go.mod h1:riLih1YZKqRbm7L7roN7Z6AwbCFQMX2xYPVIj/IWqSY=
github.com/hbstack/docs v0.13.0/go.mod h1:75rhXYO+Y2bfCnLqJRVby1IA4b3BBFBmaIpKkLXOXOI=
github.com/hbstack/docs v0.13.1/go.mod h1:iey13n4+pBonrrBX8+GUULMOBIQEyLSlezec7rcwloY=
github.com/hbstack/docs v0.13.2/go.mod h1:PQ3F3OXkDcKxBO46MSSdnqssGBbZjox26kNNx9aAJQ8=
github.com/hbstack/docs v0.14.0/go.mod h1:wXdXKn/rEWXXJyouep5Z4O1Atr898Cxh0Aa36qmKRls=
github.com/hbstack/docs v0.14.1/go.mod h1:wXdXKn/rEWXXJyouep5Z4O1Atr898Cxh0Aa36qmKRls=
github.com/hbstack/docs v0.15.0/go.mod h1:VAj1PCNArRNXMrDnhZEvVlX6QXqgI9mXBChBm91XXYk=
github.com/hbstack/docs v0.16.0/go.mod h1:YJefwfpWdeXDsgkSDCJUnvPadycxDwgnpWHOMUpUNjg=
github.com/hbstack/docs v0.17.0/go.mod h1:yk/D2ab4vnD5cNwoHsnpBDruPFYI6jPzc/rg5xnM0q8=
github.com/hbstack/docs v0.17.1/go.mod h1:8nM1YwlDGfIkb51arJR8Viy35NFkytHfKqKUjdjLb8w=
github.com/hbstack/docs v0.17.2/go.mod h1:8nM1YwlDGfIkb51arJR8Viy35NFkytHfKqKUjdjLb8w=
github.com/hbstack/docs v0.17.3/go.mod h1:kB7GEXmLn1lOE/QUhMHf3hMxTE2n4fwrvbU9AegHGvQ=
github.com/hbstack/docs v0.18.0/go.mod h1:VsGPvObHOsKYEQL6a4LgC2baFmru1O9gZavEsBmrIq0=
github.com/hbstack/docs v0.18.1/go.mod h1:C58ZH20u3yjzwcZL4emE+HIYrudHPAd94/c/xZdqp1w=
github.com/hbstack/docs v0.19.0/go.mod h1:C58ZH20u3yjzwcZL4emE+HIYrudHPAd94/c/xZdqp1w=
github.com/hbstack/docs v0.20.0/go.mod h1:34Lnp91olEaYg2Ipbgx667U2EXz+aNRcPq7VUyYNook=
github.com/hbstack/docs v0.20.1/go.mod h1:34Lnp91olEaYg2Ipbgx667U2EXz+aNRcPq7VUyYNook=
github.com/hbstack/docs/modules/breadcrumb v0.1.6 h1:oShbIYWTKT+mOUyFVCep58U/cVJInnWt1YSlqcXMhMs=
github.com/hbstack/docs/modules/breadcrumb v0.1.6/go.mod h1:a+K5/jvdYPlSgragg2Og3qn1To/gwSR+vYxHKYFUJS8=
github.com/hbstack/docs/modules/breadcrumb v0.1.7/go.mod h1:UjZ1pDFCob8cHTKXOoYMo6SwxBxWKaNc0KlQEaCBAbk=
github.com/hbstack/docs/modules/breadcrumb v0.1.8/go.mod h1:1NKYNYa8Lw8KWY+3AoSiCOuDmBnRsWdC3iD9DK7QX1c=
github.com/hbstack/docs/modules/breadcrumb v0.1.9/go.mod h1:vpQYRcZmRTqYpVb7x7sOgw13MxBuNgUt82wQDz6ZtZU=
github.com/hbstack/docs/modules/breadcrumb v0.1.10/go.mod h1:pTh43gl04dPERZZVDQ70KVU0j0Z4hmPK7GrxUfLw15s=
github.com/hbstack/docs/modules/doc-nav v0.2.5 h1:9JQbivRmauRsw2cyS1NRSbpoXIeMWQFafsZbYGWaQ00=
github.com/hbstack/docs/modules/doc-nav v0.2.5/go.mod h1:pBJKJb0X6zhWKcCJcyG13yrd3HumoDptQATFP4teW9o=
github.com/hbstack/docs/modules/doc-nav v0.3.0/go.mod h1:w9luWR/6FiLUs2tbjW4jD0/iG1rnndXZm76NmokhPNc=
github.com/hbstack/docs/modules/doc-nav v0.3.1/go.mod h1:oPis8QwnR1g8wGnNMbDo3VSS6++sAluQNC1NG4QXCns=
github.com/hbstack/docs/modules/doc-nav v0.3.2/go.mod h1:s/gO2HobSLPXjcKJ94CWi5S3+qeVYmkfRtr6gMo06Cg=
github.com/hbstack/docs/modules/doc-nav v0.3.4/go.mod h1:52tWPJSu6DO7q5KXK/O6F+nUWKbveNOHkJC1yie51Es=
github.com/hbstack/docs/modules/doc-nav v0.3.5/go.mod h1:Kr+QaGD0Uq6WGxLGO6vGv6WA7l6ssXMuSa4aVi9Kpsg=
github.com/hbstack/docs/modules/doc-nav v0.3.6/go.mod h1:cRImUxU04/2EnsFnhtg3cVS/lH4V4cPCeCCJJEfU+Ao=
github.com/hbstack/docs/modules/doc-nav v0.3.7/go.mod h1:EoYAPHmhHmM7hDgDvIJIRNRiy6G+n/Eeto6HUgsw5ww=
github.com/hbstack/docs/modules/featured-image v0.2.5 h1:Yt0WYsLEMLvlGyXtLyuoMBH/tMkzN7upfNrLAHxei2Q=
github.com/hbstack/docs/modules/featured-image v0.2.5/go.mod h1:xO6X2rM/zCEFbpfejHCUzbNeqfbuyYCxcycngt+V+kA=
github.com/hbstack/docs/modules/featured-image v0.2.6/go.mod h1:7RL3v8GF/63rB5bY/2XoWiFRBTrNz4xbCvWGAOqYuMc=
github.com/hbstack/docs/modules/featured-image v0.2.7/go.mod h1:dt6FzvWZGx/4zzQnqItcbsMED9EVPkNDU7w2BxBPwRg=
github.com/hbstack/docs/modules/featured-image v0.2.8/go.mod h1:zg3OOJK2GXuggE0w/Ov2M0FDzyCHs8BRoWiD7Nz5o58=
github.com/hbstack/docs/modules/heading-sign v0.1.6 h1:5OgBkLlbEEDtQcBcIiek36ey3KXncHFwyYnhLlVbNCg=
github.com/hbstack/docs/modules/heading-sign v0.1.6/go.mod h1:uDDtKAQi/XHH6pPCsbpPFMI7Ba3ZGjFYpSewxfwPJYk=
github.com/hbstack/docs/modules/heading-sign v0.1.7/go.mod h1:QVJkUvDKZML3q2sibECzpAk3ylJ2cwv0s5naEDJfhm0=
github.com/hbstack/docs/modules/heading-sign v0.1.8/go.mod h1:S139I7KQWECptWp28peWm1jWkrpLYYsLkxljYBm1MdY=
github.com/hbstack/docs/modules/heading-sign v0.1.9/go.mod h1:64D1dr+tmjfQh0F1PtYa+cs9PiZttR6LCoXaiBXD4bI=
github.com/hbstack/footer v0.2.5 h1:SBelvFYo8/IDPisprlZxEaR70PXcoHfjL+2mm1ir6/A=
github.com/hbstack/footer v0.2.5/go.mod h1:L0ZYdYRROlGUGLRA9QchkYeByHIff/EU4WKRdAUW+E8=
github.com/hbstack/footer v0.2.6/go.mod h1:MqglUBsBvlatiE5utMwLlnwHxLLOPe89zFmuD4HM37M=
github.com/hbstack/footer v0.2.7/go.mod h1:MqglUBsBvlatiE5utMwLlnwHxLLOPe89zFmuD4HM37M=
github.com/hbstack/footer v0.2.8/go.mod h1:9lJgQPtlefBNs/nrdt6Qr/hF5CjvymwkUVBunjdgrcg=
github.com/hbstack/footer v0.2.9/go.mod h1:9lJgQPtlefBNs/nrdt6Qr/hF5CjvymwkUVBunjdgrcg=
github.com/hbstack/footer v0.2.10/go.mod h1:z779/sE1prEcABuz4RjhSwA8QkFLkmf+xv/5yM3BtPc=
github.com/hbstack/footer v0.3.0/go.mod h1:mYITqQNk4PJWxPciS4/r0bRuB3cDDOXZ3dGwIHuYTME=
github.com/hbstack/footer v0.4.0/go.mod h1:5eB1ETT2WO5pNHObzRpFdwzrcQnHDGoBUOi+gtX/fa4=
github.com/hbstack/footer v0.4.1/go.mod h1:EvignAN0ShrWDbPAlf9+lrRfJSha9G4wYPDUed4wPzg=
github.com/hbstack/footer/modules/socials v0.2.4 h1:O2wfIFWVzmGWiel+uT9ipGYhdIuqqaG34UZ3wwLDJ10=
github.com/hbstack/footer/modules/socials v0.2.4/go.mod h1:pdjL1xFGtz9Tob7b8LtOtKWvY+krtH2zv0xF6v8JS1E=
github.com/hbstack/footer/modules/socials v0.2.5/go.mod h1:bggKfxJiylFYCG3AP3cKkhNBNtQrYnZzU9S5UBJ3gu8=
github.com/hbstack/footer/modules/socials v0.3.0/go.mod h1:clVl77mC1//pSZuHEr8aHqDk8Ylggk+I+XOQoBiim8w=
github.com/hbstack/header v0.11.0 h1:ASqPBW5S1oojfnpLq6JMXejEFSXsxRxABmOxzJmeDB8=
github.com/hbstack/header v0.11.0/go.mod h1:MkFJjAqVs/pgOEBjdCzBTdjT6q43It0PGvZh56OkdB4=
github.com/hbstack/header v0.11.1/go.mod h1:MkFJjAqVs/pgOEBjdCzBTdjT6q43It0PGvZh56OkdB4=
github.com/hbstack/header v0.11.3/go.mod h1:MkFJjAqVs/pgOEBjdCzBTdjT6q43It0PGvZh56OkdB4=
github.com/hbstack/header v0.12.0/go.mod h1:MkFJjAqVs/pgOEBjdCzBTdjT6q43It0PGvZh56OkdB4=
github.com/hbstack/header v0.12.1/go.mod h1:MkFJjAqVs/pgOEBjdCzBTdjT6q43It0PGvZh56OkdB4=
github.com/hbstack/header v0.12.2/go.mod h1:Tr1ae4nQQ43FQM+z/GcCPwTANmuJ8NaUpzcEcN4ynTg=
github.com/hbstack/header v0.12.3/go.mod h1:Tr1ae4nQQ43FQM+z/GcCPwTANmuJ8NaUpzcEcN4ynTg=
github.com/hbstack/header v0.12.4/go.mod h1:4XKdpn0KyL9VN8tFRsVqU8AF5eOM1Gw5+vvhXlsF/X0=
github.com/hbstack/header v0.12.5/go.mod h1:qJ6oP59zCAmkKnFALrEOBo92dnAmxCkYeG1uFjmVMj8=
github.com/hbstack/header v0.12.6/go.mod h1:7veV7tRH43rdYf4OIhoiy473Y/qoyeAJhglGTO+egKE=
github.com/hbstack/header v0.12.7/go.mod h1:UmRz21kEHDZjFA+TGjWSM/68WL8xHK15CmNgWBM9BEM=
github.com/hbstack/header v0.13.0/go.mod h1:F50k0BteNpwlfSs4V+5k4jn+ozqRnjTfxugUT7esA80=
github.com/hbstack/header v0.14.0/go.mod h1:F50k0BteNpwlfSs4V+5k4jn+ozqRnjTfxugUT7esA80=
github.com/hbstack/header v0.14.1/go.mod h1:f0GHuDsvRYKmseNq10MAqX9yySxNQTKFNwW+z1p3YWg=
github.com/hbstack/header v0.14.2/go.mod h1:ixl3LE1P436T4lVErrUVTyRv7fYqEs4zLc1OeBK+VqI=
github.com/hbstack/header v0.14.3/go.mod h1:W7eolpYJctsTD8GVFEj09Ogbqqy8OAqcxBEbW3ZTYIg=
github.com/hbstack/header v0.14.4/go.mod h1:W7eolpYJctsTD8GVFEj09Ogbqqy8OAqcxBEbW3ZTYIg=
github.com/hbstack/header v0.14.5/go.mod h1:W7eolpYJctsTD8GVFEj09Ogbqqy8OAqcxBEbW3ZTYIg=
github.com/hbstack/header v0.14.6/go.mod h1:L/d+aYCUxWqzvdGzsVUI8hWJNESs1qw4emI4Gobvda4=
github.com/hbstack/header v0.15.0/go.mod h1:L/d+aYCUxWqzvdGzsVUI8hWJNESs1qw4emI4Gobvda4=
github.com/hbstack/header v0.15.1/go.mod h1:ruhJLStQ+YHY31W/PpcBSuvKJbWENbbB9RmNkuKnPpk=
github.com/hbstack/header v0.16.0/go.mod h1:ruhJLStQ+YHY31W/PpcBSuvKJbWENbbB9RmNkuKnPpk=
github.com/hbstack/header v0.16.1/go.mod h1:ruhJLStQ+YHY31W/PpcBSuvKJbWENbbB9RmNkuKnPpk=
github.com/hbstack/header v0.16.2/go.mod h1:ruhJLStQ+YHY31W/PpcBSuvKJbWENbbB9RmNkuKnPpk=
github.com/hbstack/header/modules/language-picker v0.1.17 h1:Ssguu1bX+fG+qay4oM0r6t+rWuH44+1lQ+q57UgY81E=
github.com/hbstack/header/modules/language-picker v0.1.17/go.mod h1:nbdkbAXd0DlNJgfG/QPMQ56rfvD1n58YLI03XZeUEmU=
github.com/hbstack/header/modules/language-picker v0.1.18/go.mod h1:NktjHB9iRkmFH5rZ1XXPc7D40mcMOipDmKyCoxwGfxM=
github.com/hbstack/header/modules/language-picker v0.1.19/go.mod h1:Sz/xCTaw7eL8mU8wL+d/sIpN7sjJnOGyd1VsR1iio9o=
github.com/hbstack/header/modules/language-picker v0.1.20/go.mod h1:aNct66xWjiQoxjNiUIGDA0gwvjPyyRQ5Qdww+BCPMuw=
github.com/hbstack/header/modules/language-picker v0.1.21/go.mod h1:vlKi+qkfV0AVXl910GTj432RPrvIIUgTbejBO/vahM4=
github.com/hbstack/header/modules/language-picker v0.1.22/go.mod h1:UdCrzSFw8kluHZL5Vyhi0q01SDqe9Vz6RG8y+mpXMhw=
github.com/hbstack/header/modules/language-picker v0.1.23/go.mod h1:rLN2zbcsGXWsyOfVedSEZk8V7N4/Nk/iyuVm8wjBkuM=
github.com/hbstack/header/modules/language-picker v0.1.24/go.mod h1:HeIUdvoG+2ni8dqQNnsUtOQVo1U8ydVBEowJ/U85KCA=
github.com/hbstack/header/modules/language-picker v0.1.25/go.mod h1:kkNF76Y6HJUA+sCAVVlhAR9UoKJirpnZSIT2z/9tyoo=
github.com/hbstack/header/modules/language-picker v0.1.26/go.mod h1:/U3czl4OdnIVkThN1hb1r0HCElgeCr4rZx0Rl/TCGME=
github.com/hbstack/header/modules/search v0.1.27 h1:SXkIQg4jfFJKX+bvFtoS69j6TxVQ0czgrWAISesB14E=
github.com/hbstack/header/modules/search v0.1.27/go.mod h1:2xQ5lbiNTgWFFbUSMx0edktKhwtJs59wCwppwABPwQo=
github.com/hbstack/header/modules/search v0.1.28/go.mod h1:DEShhkQEvh36507BdXXLnAB6pNjNoDYC17EwfT4Al08=
github.com/hbstack/header/modules/search v0.1.30/go.mod h1:DRhdnl4uzi6pjWmv0UMMUOlotLtUgFlWbGWZ2xXm4Js=
github.com/hbstack/header/modules/search v0.1.31/go.mod h1:chtAc5meafXNJhISM6uodmMCp0QJ5Mis6ZHhgPJewfk=
github.com/hbstack/header/modules/search v0.1.32/go.mod h1:i/nG4odj0NoN7/evRDX/+VfyNjNboDxXwnb5n+haRtc=
github.com/hbstack/header/modules/search v0.1.33/go.mod h1:KJsndL1ZmVgUrIOEOPcfvfegLqL7lSTbVQhaTwTqbxg=
github.com/hbstack/header/modules/search v0.1.34/go.mod h1:t3c6zjQW2hLOw0Js9yHVw/e47Fo8M3Wx9RHC8pZkR8g=
github.com/hbstack/header/modules/search v0.1.35/go.mod h1:86x1O6KwCi+oLWCNGCwPrVfbW0Px35hYdj9LOTzZv4I=
github.com/hbstack/header/modules/search v0.1.36/go.mod h1:enMXYMhDd+V2OQ0e2xzD9qbkktwK5DzbpP5UxvdALXo=
github.com/hbstack/header/modules/search v0.1.37/go.mod h1:6B9LOCIzdWw4AE6N2xzQ0mwHHuU1z3DPZly6uyVrVAc=
github.com/hbstack/header/modules/socials v0.1.23 h1:TTqjllJzzakPyqiwF2Mp7Ft82xy7PAYwZDOGErSPPMQ=
github.com/hbstack/header/modules/socials v0.1.23/go.mod h1:wBLG4VnCNtVTD5XNGy1iwFsemCdTmroDV6+Ootoo4iY=
github.com/hbstack/header/modules/socials v0.1.24/go.mod h1:UU4FJT0/cqi/z4ttmBJlIQm9BdpEvuBaErmEBDVlPjc=
github.com/hbstack/header/modules/socials v0.1.26/go.mod h1:ppyvjpy6wg/WxgDWSHXATx51/ykpTgLpXAq3BhMqT7A=
github.com/hbstack/header/modules/socials v0.1.27/go.mod h1:5UmG5kRAdSeWSc7UuN+voFPq3hsKqMXfFZH+D0PNMO8=
github.com/hbstack/header/modules/socials v0.1.28/go.mod h1:N3tqnzmImktAMRJlwEBp7CX9zb2xrc4nyV4eSjNmGNM=
github.com/hbstack/header/modules/socials v0.2.0/go.mod h1:OoJfwBEicrezWzSF+F/mKuqCoo9FfP1nb8Oo4vmGWG8=
github.com/hbstack/header/modules/socials v0.2.1/go.mod h1:ntNP1E47dOuqKNPsw5XGsg0Wr9nAJhiGU8ZtZ33Ur8s=
github.com/hbstack/header/modules/socials v0.2.2/go.mod h1:oy5kARWoEresORePUcmtFax0wTgCA4U7jsxExltgHC0=
github.com/hbstack/header/modules/theme-toggle v0.1.17 h1:4HuMpd77BQZ49swamC1y6S2TH/3+dHiD+AXIqB1ULjU=
github.com/hbstack/header/modules/theme-toggle v0.1.17/go.mod h1:Wv12j/hd0VYgif8ecd/l2JXXQpynOu+AUSvSBiFtKVU=
github.com/hbstack/header/modules/theme-toggle v0.1.18/go.mod h1:QFRunk14ktM/oYuYxlKOnJvw0ZPFTiPnSSbWwSYLLc4=
github.com/hbstack/header/modules/theme-toggle v0.1.20/go.mod h1:JBLtu7vWYBtTE7GTiI7vR5BpdSbW4V025h6lEDNaSik=
github.com/hbstack/header/modules/theme-toggle v0.2.0/go.mod h1:ljUc5lLVzRh7Fud+V0pob7c2CxIYPJe18++PGRAhLMI=
github.com/hbstack/header/modules/theme-toggle v0.2.1/go.mod h1:Nwcp4+cyMYquF5Jgo2EvOREBypvTqCpFd/0zpYg/4FI=
github.com/hbstack/header/modules/theme-toggle v0.3.1/go.mod h1:dlWVMYlCuvQOogTEU5AZUF0qLFu4niBUaVSoALvOTH4=
github.com/hbstack/header/modules/theme-toggle v0.4.1/go.mod h1:yRuGvwvQe+lzFzKa+L3Qw5UHpEKLzvArbC90jfo1EjY=
github.com/hbstack/header/modules/theme-toggle v0.4.2/go.mod h1:pnBI67A1fSzKJG1GC3YRWOQSHbk5ehuYyHljx1a5duc=
github.com/hbstack/header/modules/theme-toggle v0.4.3/go.mod h1:RnAxM/75D5uPWQ/9xsYIImgxfJEFGwS/BBklOXxd4hM=
github.com/hbstack/header/modules/theme-toggle v0.4.4/go.mod h1:s0wry+fpt4OJO49dwHSaDW2aux7SZ+zvX5t6wlWSw5k=
github.com/hbstack/header/modules/theme-toggle v0.5.0/go.mod h1:UDWiCLYAWmna+M4Uk5IDUgV4+zK1nvHUZiYvVfTj1YE=
github.com/hbstack/header/modules/theme-toggle v0.5.1/go.mod h1:EHXmyYT45ZhcUIXdL45lRG3HpxodbHSr4KpD9Ynhzfg=
github.com/hbstack/header/modules/theme-toggle v0.5.2/go.mod h1:5WCCiPjN34SYO4CjhMlGgxv2N3r4NnjFLN/8PgiAeEc=
github.com/hbstack/mermaid v0.1.0 h1:T/3Az7xujbFmbC4r1tZGKTwt6GOcz/72yc2N9oFNU2I=
github.com/hbstack/mermaid v0.1.0/go.mod h1:dQAfzX1SA4b3k5ytA8WPR5luxjX4ii7EdtoRsr8WLNw=
github.com/hbstack/mermaid v0.2.0/go.mod h1:8teRAhZr8uLd/G5anYe0X7I2GLW5nCPZuE9lbrd12FI=
github.com/hbstack/mermaid v0.2.1/go.mod h1:8teRAhZr8uLd/G5anYe0X7I2GLW5nCPZuE9lbrd12FI=
github.com/hbstack/mermaid v0.2.2/go.mod h1:gVO/itIHv07hiGqzmUtLw78vkcTU8RMnOl72GVSUUrA=
github.com/hbstack/noscript v0.2.0 h1:yAWYGD1stUicaKATrA9BnhQNjRZWgiFgP8Y7C44AqG0=
github.com/hbstack/noscript v0.2.0/go.mod h1:Lxh6eXJijehQw92g4g+2+fVEQgVqRJXi5xGri/y+Eyo=
github.com/hbstack/noscript v0.3.0/go.mod h1:YLqA9Y8R1yfkTEgtURXb5it5bZKuOiE1ZKyVyLn0RrU=
github.com/hbstack/noscript v0.4.0/go.mod h1:BvSmPt+YXX3boc6pIncpIi+hEAYDiCw18eldLBBWHJc=
github.com/hbstack/noscript v0.5.0/go.mod h1:BvSmPt+YXX3boc6pIncpIi+hEAYDiCw18eldLBBWHJc=
github.com/hbstack/noscript v0.6.0/go.mod h1:F0qU9/caEaqa45OfHiL+8nTCohs2rg97Hek2KQUzK8M=
github.com/hbstack/noscript v0.7.0/go.mod h1:F0qU9/caEaqa45OfHiL+8nTCohs2rg97Hek2KQUzK8M=
github.com/hbstack/progress-bar v0.1.0 h1:2ZiGS3RFZbZYBUbT2nFCoU9SJsbD9jtV4A7ab41B4jg=
github.com/hbstack/progress-bar v0.1.0/go.mod h1:JZt160XK62FxThzt+RmokjOww3De8ZL0ITcxMJLVE7g=
github.com/hbstack/progress-bar v0.1.1/go.mod h1:FIGc4o/OJjz79uyjOenyjKfinWu2r7oUzI+XRSRMaOM=
github.com/hbstack/pwa v0.1.2 h1:zJhLf5Uf+jO9aCBKvFcASlw7sULK2i0qUJZxscBo0HM=
github.com/hbstack/pwa v0.1.2/go.mod h1:8x01rczLrSw1aCWD+yrn6v5FRQPtaEh/PYCtFDICEWo=
github.com/hbstack/scrollbar v0.1.0 h1:uQMNbkWbLxnjQMiD3zdt33RG48sY2a0XWyGQkK2HsyY=
github.com/hbstack/scrollbar v0.1.0/go.mod h1:BEDha5gOjQfXBKZfwT+4vn8hCE88qElocjEI2SY1eAs=
github.com/hbstack/search v0.1.7 h1:5u1aCCAqtuh0vHENqGOvKsJ0q7il7kO2zYnBWjETAFw=
github.com/hbstack/search v0.1.7/go.mod h1:VLRF5mP2a1YBMH+o+0zEFEclb+NzKlpZmIfY+1aIGDM=
github.com/hbstack/search v0.2.0/go.mod h1:vi7s2EhB+X9DnRhO4QqpSiCpYovzGAiZ8iUmmJEc+o0=
github.com/hbstack/search v0.2.1/go.mod h1:w9dTxAjAhIaV7P6zdeFd1XDo4LOpMhfpm6it7NWZtD8=
github.com/hbstack/search v0.2.2/go.mod h1:sVNCCvokrCfydqCNF/q7kcAd+U73a7Y/0P+v8vJaC0I=
github.com/hbstack/slide v0.2.0 h1:0D8Vt4bxtFCNpozRu0WDMz0kgOy60Gk1aJKAZSPUnik=
github.com/hbstack/slide v0.2.0/go.mod h1:7fBmuBpoxrmP+dQPArVyX80LTQOWCm8z7Rf38nzDlzE=
github.com/hbstack/slide v0.3.0/go.mod h1:iKDyeU/HJpjXiwsAScBH626Z0oTCsfiK6Tt1O1RxEjc=
github.com/hbstack/slide v0.3.1/go.mod h1:DXC2z0RZvREHl2+gcN6n90xD5c+l+edSkC1q/VUi8yI=
github.com/hbstack/slide v0.3.2/go.mod h1:5LOWGyawNzSWFlW+3kuUBSrK15kottNvolEc7FVcYVg=
github.com/hbstack/slide v0.4.0/go.mod h1:5LOWGyawNzSWFlW+3kuUBSrK15kottNvolEc7FVcYVg=
github.com/hbstack/socials v0.6.0 h1:vnDZLpQmA2tJAHQeOXuFtlzMIoE8rUKahiBRuhkeg3w=
github.com/hbstack/socials v0.6.0/go.mod h1:vOckvjx7Tvhg+QJ4rKR7lTj3GytBMACj1Q43V459J5Q=
github.com/hbstack/socials v0.7.0/go.mod h1:0IViwiReyAknJBIXFqhThn6m13jbib6lLFYfMIWZYzY=
github.com/hbstack/socials v0.8.0/go.mod h1:D9aDcI9L3rlQpCPhpPfPUerKmH0Fr6LezwLJYeFWfRQ=
github.com/hbstack/socials v0.9.0/go.mod h1:8H+ztN27J59oWcQyQTFj95HsauF2a22GXqQlNMGTQw4=
github.com/hbstack/socials v0.10.0/go.mod h1:VeK9k0+f+HsKuPbVAqRwwz5KqWm+2+NlYlJsMdja4c8=
github.com/hbstack/socials v0.11.0/go.mod h1:VeK9k0+f+HsKuPbVAqRwwz5KqWm+2+NlYlJsMdja4c8=
github.com/hbstack/socials v0.12.0/go.mod h1:VeK9k0+f+HsKuPbVAqRwwz5KqWm+2+NlYlJsMdja4c8=
github.com/hbstack/socials v0.13.0/go.mod h1:xCbwzO1NzuLhll79QlkG9r/wS0r3Hl5Cy+GhxZBqceo=
github.com/hbstack/socials v0.14.0/go.mod h1:xCbwzO1NzuLhll79QlkG9r/wS0r3Hl5Cy+GhxZBqceo=
github.com/hbstack/socials v0.14.1/go.mod h1:xCbwzO1NzuLhll79QlkG9r/wS0r3Hl5Cy+GhxZBqceo=
github.com/hbstack/socials v0.15.0/go.mod h1:Bu1TdfuxLKtpEImsmuvB8OwbYJaGzOriQbOh3u7gTtc=
github.com/hbstack/socials v0.16.0/go.mod h1:9pfExMNoBMnQ0JV2ODURqUQsEC/HlgUo9b3jXdrHNM4=
github.com/hbstack/socials v0.17.0/go.mod h1:bGfRrGxVWfvwseOzJ+13vHhHpZ+e+f2z8k4ypPBhH10=
github.com/hbstack/syntax-highlighting v0.1.0 h1:WxdhNgCktllNKQDqu1BmLmg9dsi77/dXIlcdQ8KZZI0=
github.com/hbstack/syntax-highlighting v0.1.0/go.mod h1:6IoaM+tSIkKZblIrT1i5L3zVH68nt4UScU9JB30FQsc=
github.com/hbstack/syntax-highlighting v0.2.0/go.mod h1:6IoaM+tSIkKZblIrT1i5L3zVH68nt4UScU9JB30FQsc=
github.com/hbstack/syntax-highlighting/styles/gruvbox v0.1.0 h1:lGH8nqOU/+3yzHIk5s1nTrzHDImEnvLkr/0viuPfx3Y=
github.com/hbstack/syntax-highlighting/styles/gruvbox v0.1.0/go.mod h1:ar5ZFplNyVZCVG6rvo69co1hNZwptxtrDz3zproGLPg=
github.com/hbstack/syntax-highlighting/styles/gruvbox v0.1.1/go.mod h1:ar5ZFplNyVZCVG6rvo69co1hNZwptxtrDz3zproGLPg=
github.com/hugomods/base v0.1.0 h1:3o9Y85BvXHjkYzZfswM/EtthQ8GOYKN8aXHkIWqu3/8=
github.com/hugomods/base v0.1.0/go.mod h1:hnWCPbVxuhXBwdFax3mmbMlWKmIo/7OP36MCLOyHtT4=
github.com/hugomods/base v0.2.0/go.mod h1:hnWCPbVxuhXBwdFax3mmbMlWKmIo/7OP36MCLOyHtT4=
github.com/hugomods/base v0.3.0/go.mod h1:hnWCPbVxuhXBwdFax3mmbMlWKmIo/7OP36MCLOyHtT4=
github.com/hugomods/base v0.4.0/go.mod h1:hnWCPbVxuhXBwdFax3mmbMlWKmIo/7OP36MCLOyHtT4=
github.com/hugomods/base v0.4.1/go.mod h1:hnWCPbVxuhXBwdFax3mmbMlWKmIo/7OP36MCLOyHtT4=
github.com/hugomods/base v0.4.2/go.mod h1:hnWCPbVxuhXBwdFax3mmbMlWKmIo/7OP36MCLOyHtT4=
github.com/hugomods/base v0.5.0/go.mod h1:hnWCPbVxuhXBwdFax3mmbMlWKmIo/7OP36MCLOyHtT4=
github.com/hugomods/base v0.6.0/go.mod h1:hnWCPbVxuhXBwdFax3mmbMlWKmIo/7OP36MCLOyHtT4=
github.com/hugomods/base v0.7.0/go.mod h1:hnWCPbVxuhXBwdFax3mmbMlWKmIo/7OP36MCLOyHtT4=
github.com/hugomods/base v0.7.1/go.mod h1:hnWCPbVxuhXBwdFax3mmbMlWKmIo/7OP36MCLOyHtT4=
github.com/hugomods/base v0.7.2/go.mod h1:hnWCPbVxuhXBwdFax3mmbMlWKmIo/7OP36MCLOyHtT4=
github.com/hugomods/fuse-js v0.1.0 h1:CmWHBZANvjOP44RDNQNLntqlLf9GLqeM29jekxTNcPE=
github.com/hugomods/fuse-js v0.1.0/go.mod h1:srCqvtBQR02HS/abTraDU4oINv1D3PljNPdexdoHhpo=
github.com/hugomods/gravatar v0.2.0 h1:642HNhGN7Mw7qefNcUFJKzLoT2zJKt4IQkrS53mIUfA=
github.com/hugomods/gravatar v0.2.0/go.mod h1:oATWuh5u2XUK/ZKzOD0VEP5I/TZfVZwplTyhT61Q4Fc=
github.com/hugomods/hugopress v0.2.1 h1:coYEPHUNLuTxKrVWVIPgs0lbZ6yrqxdWjgSriNFuBVo=
github.com/hugomods/hugopress v0.2.1/go.mod h1:CRYvr60xOkZOf4Atkuj+uEj2EH5pjJ39Ws3aJAkoMkA=
github.com/hugomods/hugopress v0.2.2/go.mod h1:CRYvr60xOkZOf4Atkuj+uEj2EH5pjJ39Ws3aJAkoMkA=
github.com/hugomods/hugopress v0.2.3/go.mod h1:CRYvr60xOkZOf4Atkuj+uEj2EH5pjJ39Ws3aJAkoMkA=
github.com/hugomods/hugopress v0.3.0/go.mod h1:CRYvr60xOkZOf4Atkuj+uEj2EH5pjJ39Ws3aJAkoMkA=
github.com/hugomods/hugopress v0.4.0/go.mod h1:CRYvr60xOkZOf4Atkuj+uEj2EH5pjJ39Ws3aJAkoMkA=
github.com/hugomods/hugopress v0.4.1/go.mod h1:CRYvr60xOkZOf4Atkuj+uEj2EH5pjJ39Ws3aJAkoMkA=
github.com/hugomods/hugopress v0.5.0/go.mod h1:CRYvr60xOkZOf4Atkuj+uEj2EH5pjJ39Ws3aJAkoMkA=
github.com/hugomods/icons v0.6.0 h1:G6RU93okhPPRDh/jqcew9gwkcYpSpg0rCBv4S6yUAFw=
github.com/hugomods/icons v0.6.0/go.mod h1:cIkSvK6W0q6N4U6n9KGz+QfRWQXAW0INd+1P31gPNGg=
github.com/hugomods/icons v0.6.1/go.mod h1:cIkSvK6W0q6N4U6n9KGz+QfRWQXAW0INd+1P31gPNGg=
github.com/hugomods/icons v0.6.2/go.mod h1:cIkSvK6W0q6N4U6n9KGz+QfRWQXAW0INd+1P31gPNGg=
github.com/hugomods/icons v0.6.3/go.mod h1:cIkSvK6W0q6N4U6n9KGz+QfRWQXAW0INd+1P31gPNGg=
github.com/hugomods/icons v0.6.4/go.mod h1:cIkSvK6W0q6N4U6n9KGz+QfRWQXAW0INd+1P31gPNGg=
github.com/hugomods/images v0.7.0 h1:NEGgCSrh1YuHGmTAL9wDAKLdXL4WU6Nw4BfkampJxyM=
github.com/hugomods/images v0.7.0/go.mod h1:U6Gwj16LKvk66rOMyGFrnF6f0aV8lT89lqOsckOAjYY=
github.com/hugomods/images v0.8.0/go.mod h1:U6Gwj16LKvk66rOMyGFrnF6f0aV8lT89lqOsckOAjYY=
github.com/hugomods/images v0.8.1/go.mod h1:U6Gwj16LKvk66rOMyGFrnF6f0aV8lT89lqOsckOAjYY=
github.com/hugomods/images v0.8.2/go.mod h1:U6Gwj16LKvk66rOMyGFrnF6f0aV8lT89lqOsckOAjYY=
github.com/hugomods/images v0.8.3/go.mod h1:U6Gwj16LKvk66rOMyGFrnF6f0aV8lT89lqOsckOAjYY=
github.com/hugomods/images v0.8.4/go.mod h1:U6Gwj16LKvk66rOMyGFrnF6f0aV8lT89lqOsckOAjYY=
github.com/hugomods/images v0.9.0/go.mod h1:U6Gwj16LKvk66rOMyGFrnF6f0aV8lT89lqOsckOAjYY=
github.com/hugomods/images v0.9.1/go.mod h1:U6Gwj16LKvk66rOMyGFrnF6f0aV8lT89lqOsckOAjYY=
github.com/hugomods/images v0.9.2/go.mod h1:U6Gwj16LKvk66rOMyGFrnF6f0aV8lT89lqOsckOAjYY=
github.com/hugomods/images v0.9.3/go.mod h1:U6Gwj16LKvk66rOMyGFrnF6f0aV8lT89lqOsckOAjYY=
github.com/hugomods/images v0.10.0/go.mod h1:U6Gwj16LKvk66rOMyGFrnF6f0aV8lT89lqOsckOAjYY=
github.com/hugomods/images v0.10.1/go.mod h1:U6Gwj16LKvk66rOMyGFrnF6f0aV8lT89lqOsckOAjYY=
github.com/hugomods/images v0.11.0/go.mod h1:U6Gwj16LKvk66rOMyGFrnF6f0aV8lT89lqOsckOAjYY=
github.com/hugomods/images v0.11.2/go.mod h1:U6Gwj16LKvk66rOMyGFrnF6f0aV8lT89lqOsckOAjYY=
github.com/hugomods/katex v0.3.0 h1:hq0Kels9clL38Y2K/QZgXFKF7hQuumyQYz16TT4/Hhk=
github.com/hugomods/katex v0.3.0/go.mod h1:EBY1YQTN6F8FDQz+mWp3EzEh8vDN31YjL9luVni+Wm0=
github.com/hugomods/katex v0.3.1/go.mod h1:EBY1YQTN6F8FDQz+mWp3EzEh8vDN31YjL9luVni+Wm0=
github.com/hugomods/katex v0.3.2/go.mod h1:i+fKI52f3QbiuK0ug5yRCB9ZJ/qUFERTk8UGuSZMQNQ=
github.com/hugomods/katex v0.3.3/go.mod h1:i+fKI52f3QbiuK0ug5yRCB9ZJ/qUFERTk8UGuSZMQNQ=
github.com/hugomods/seo/modules/alternatives v0.1.0 h1:G5IjM7j7ExgXEMyxQj1Z/5JwwRW8DEmL0nDJYxA3NhE=
github.com/hugomods/seo/modules/alternatives v0.1.0/go.mod h1:ff9uz+f5yii9k2jbwt/HKM3RpLR3EYZrNQBAOabNxMA=
github.com/hugomods/seo/modules/alternatives v0.1.1/go.mod h1:y/VmIbVDnJWgcbhw0Rp8PP4RtvLhAx+URfvwl5SrWg0=
github.com/hugomods/seo/modules/base v0.1.0 h1:ZEkWuYeRJeQakBkBThO3N3lmGzOZoPixs4pDugJXfJk=
github.com/hugomods/seo/modules/base v0.1.0/go.mod h1:qfm1Vga0eGxL+Szgz8Jopm+NtJ5PGov2a2dikTg1qSg=
github.com/hugomods/seo/modules/base v0.1.1/go.mod h1:qfm1Vga0eGxL+Szgz8Jopm+NtJ5PGov2a2dikTg1qSg=
github.com/hugomods/seo/modules/base v0.1.2/go.mod h1:qfm1Vga0eGxL+Szgz8Jopm+NtJ5PGov2a2dikTg1qSg=
github.com/hugomods/seo/modules/base v0.1.3/go.mod h1:kKuDlSh6uMjNAfe4j1RFQze4HwTHVKWuLIRsMwENqxs=
github.com/hugomods/seo/modules/favicons v0.2.0 h1:pzQMocbHHMNNiuE5vsCxE4qqaJBprYAUX4EOoiF+ynM=
github.com/hugomods/seo/modules/favicons v0.2.0/go.mod h1:xFDhrpWUZR4NMMVkilzT6xFBHiF5eyCQ8PlzOS2K9lY=
github.com/hugomods/seo/modules/favicons v0.2.1/go.mod h1:xFDhrpWUZR4NMMVkilzT6xFBHiF5eyCQ8PlzOS2K9lY=
github.com/hugomods/seo/modules/favicons v0.2.2/go.mod h1:Bb/Se6JHet2xnWBa2vxmePR/gCBptqVB82oy0GwN/Y8=
github.com/hugomods/seo/modules/open-graph v0.1.0 h1:Whveal1j1n2xZWcAlNAd2rdfKp7Fh5apol36wLGLb54=
github.com/hugomods/seo/modules/open-graph v0.1.0/go.mod h1:G7mXf7D1QtRN/i7A9v+cUF5P55H/QaxRqxJ8tp9fVq4=
github.com/hugomods/seo/modules/open-graph v0.1.1/go.mod h1:LZ8Pg5t2eri5itVVlndGCjGyBH5zxcCOj3LM4dLehNo=
github.com/hugomods/seo/modules/schema v0.1.1 h1:8IuJxCOxk9pfKpCFMik5fDCX7zaFwkGoeKacnYV0sgA=
github.com/hugomods/seo/modules/schema v0.1.1/go.mod h1:R6hRr2FIJITcMnFA/3V3dPAZgGQLNWGS7v1PLsmVRxU=
github.com/hugomods/seo/modules/schema v0.1.2/go.mod h1:R6hRr2FIJITcMnFA/3V3dPAZgGQLNWGS7v1PLsmVRxU=
github.com/hugomods/seo/modules/schema v0.1.3/go.mod h1:BObpqP67u8l/hPm3iy0J5gSO/ZFCG0tYK/vRZ4JoZTw=
github.com/hugomods/seo/modules/translations v0.1.0 h1:wPDuPKGx/x+otHn2HfAankKCGQxSrC3gLHhRHpNjC18=
github.com/hugomods/seo/modules/translations v0.1.0/go.mod h1:yU2p2hk2dK86YNRU9zfoWRoCrYmrjEmf3oN7cCTbzcM=
github.com/hugomods/seo/modules/translations v0.1.1/go.mod h1:ARboWQ31UeIwpB2AiN/efWLfplTTjarZRGEgKkkg3CA=
github.com/hugomods/seo/modules/twitter-cards v0.1.0 h1:jH9WfmFZ3kCndUkATM/D/BYL+TQYoXA7/IxgQJbifKQ=
github.com/hugomods/seo/modules/twitter-cards v0.1.0/go.mod h1:QYs7SWbhXSQrsn/RHZSD7DwzaCHFpoLQdVPxEI3j63k=
github.com/hugomods/seo/modules/twitter-cards v0.1.1/go.mod h1:KA6MA3GbyQZdd3vloDgcTFBoztmqEJI8R59whcSxpf4=
github.com/hugomods/shortcodes v0.12.1 h1:bhPTgbDIUEG8Hqi0eMESdrCN9Ot4SE3zV0TXSUlo+Fo=
github.com/hugomods/shortcodes v0.12.1/go.mod h1:EnVopbZMNI/HeteM3Lp3phBTCRLvPSe7l142qhRFFPY=
github.com/hugomods/shortcodes v0.13.1/go.mod h1:EnVopbZMNI/HeteM3Lp3phBTCRLvPSe7l142qhRFFPY=
github.com/hugomods/shortcodes v0.13.2/go.mod h1:EnVopbZMNI/HeteM3Lp3phBTCRLvPSe7l142qhRFFPY=
github.com/hugomods/shortcodes v0.14.0/go.mod h1:EnVopbZMNI/HeteM3Lp3phBTCRLvPSe7l142qhRFFPY=
github.com/hugomods/shortcodes v0.15.0/go.mod h1:EnVopbZMNI/HeteM3Lp3phBTCRLvPSe7l142qhRFFPY=
github.com/hugomods/shortcodes v0.16.0/go.mod h1:EnVopbZMNI/HeteM3Lp3phBTCRLvPSe7l142qhRFFPY=
github.com/hugomods/shortcodes v0.17.0/go.mod h1:EnVopbZMNI/HeteM3Lp3phBTCRLvPSe7l142qhRFFPY=
github.com/hugomods/shortcodes v0.18.0/go.mod h1:EnVopbZMNI/HeteM3Lp3phBTCRLvPSe7l142qhRFFPY=
github.com/hugomods/shortcodes v0.18.1/go.mod h1:EnVopbZMNI/HeteM3Lp3phBTCRLvPSe7l142qhRFFPY=
github.com/hugomods/shortcodes v0.19.0/go.mod h1:EnVopbZMNI/HeteM3Lp3phBTCRLvPSe7l142qhRFFPY=
github.com/hugomods/shortcodes v0.21.0/go.mod h1:EnVopbZMNI/HeteM3Lp3phBTCRLvPSe7l142qhRFFPY=
github.com/hugomods/shortcodes v0.22.0/go.mod h1:EnVopbZMNI/HeteM3Lp3phBTCRLvPSe7l142qhRFFPY=
github.com/hugomods/shortcodes v0.22.1/go.mod h1:EnVopbZMNI/HeteM3Lp3phBTCRLvPSe7l142qhRFFPY=
github.com/hugomods/shortcodes v0.23.0/go.mod h1:EnVopbZMNI/HeteM3Lp3phBTCRLvPSe7l142qhRFFPY=
github.com/hugomods/simple-icons v9.16.1+incompatible h1:uwR8zjl8/FBKK/MzWc7G/53xlZbtpSF6TFvT26jyTlo=
github.com/hugomods/simple-icons v9.16.1+incompatible/go.mod h1:1Lvymol7AMVY7ji/o88jMoDHHZIJ5Wc+WwNe5hjmk+U=
github.com/hugomods/simple-icons v9.17.0+incompatible/go.mod h1:1Lvymol7AMVY7ji/o88jMoDHHZIJ5Wc+WwNe5hjmk+U=
github.com/hugomods/simple-icons v9.18.0+incompatible/go.mod h1:1Lvymol7AMVY7ji/o88jMoDHHZIJ5Wc+WwNe5hjmk+U=
github.com/hugomods/simple-icons v9.19.0+incompatible/go.mod h1:1Lvymol7AMVY7ji/o88jMoDHHZIJ5Wc+WwNe5hjmk+U=
github.com/hugomods/simple-icons v9.19.1+incompatible/go.mod h1:1Lvymol7AMVY7ji/o88jMoDHHZIJ5Wc+WwNe5hjmk+U=
github.com/hugomods/simple-icons v9.20.0+incompatible/go.mod h1:1Lvymol7AMVY7ji/o88jMoDHHZIJ5Wc+WwNe5hjmk+U=
github.com/hugomods/simple-icons v9.21.0+incompatible/go.mod h1:1Lvymol7AMVY7ji/o88jMoDHHZIJ5Wc+WwNe5hjmk+U=
github.com/hugomods/simple-icons v10.0.0+incompatible/go.mod h1:1Lvymol7AMVY7ji/o88jMoDHHZIJ5Wc+WwNe5hjmk+U=
github.com/hugomods/simple-icons v10.2.0+incompatible/go.mod h1:1Lvymol7AMVY7ji/o88jMoDHHZIJ5Wc+WwNe5hjmk+U=
github.com/hugomods/simple-icons v10.3.0+incompatible/go.mod h1:1Lvymol7AMVY7ji/o88jMoDHHZIJ5Wc+WwNe5hjmk+U=
github.com/hugomods/simple-icons v10.4.0+incompatible/go.mod h1:1Lvymol7AMVY7ji/o88jMoDHHZIJ5Wc+WwNe5hjmk+U=
github.com/hugomods/simple-icons v11.0.0+incompatible/go.mod h1:1Lvymol7AMVY7ji/o88jMoDHHZIJ5Wc+WwNe5hjmk+U=
github.com/hugomods/simple-icons v11.1.0+incompatible/go.mod h1:1Lvymol7AMVY7ji/o88jMoDHHZIJ5Wc+WwNe5hjmk+U=
github.com/hugomods/simple-icons v11.4.0+incompatible/go.mod h1:1Lvymol7AMVY7ji/o88jMoDHHZIJ5Wc+WwNe5hjmk+U=
github.com/hugomods/simple-icons v11.6.0+incompatible/go.mod h1:1Lvymol7AMVY7ji/o88jMoDHHZIJ5Wc+WwNe5hjmk+U=
github.com/hugomods/simple-icons v11.8.0+incompatible/go.mod h1:1Lvymol7AMVY7ji/o88jMoDHHZIJ5Wc+WwNe5hjmk+U=
github.com/hugomods/simple-icons v11.9.0+incompatible/go.mod h1:1Lvymol7AMVY7ji/o88jMoDHHZIJ5Wc+WwNe5hjmk+U=
github.com/hugomods/simple-icons v11.10.0+incompatible/go.mod h1:1Lvymol7AMVY7ji/o88jMoDHHZIJ5Wc+WwNe5hjmk+U=
github.com/hugomods/simple-icons v11.11.0+incompatible/go.mod h1:1Lvymol7AMVY7ji/o88jMoDHHZIJ5Wc+WwNe5hjmk+U=
github.com/hugomods/simple-icons v11.13.0+incompatible/go.mod h1:1Lvymol7AMVY7ji/o88jMoDHHZIJ5Wc+WwNe5hjmk+U=
github.com/hugomods/simple-icons v11.14.0+incompatible/go.mod h1:1Lvymol7AMVY7ji/o88jMoDHHZIJ5Wc+WwNe5hjmk+U=
github.com/hugomods/simple-icons v11.15.0+incompatible/go.mod h1:1Lvymol7AMVY7ji/o88jMoDHHZIJ5Wc+WwNe5hjmk+U=
github.com/hugomods/simple-icons v12.0.0+incompatible/go.mod h1:1Lvymol7AMVY7ji/o88jMoDHHZIJ5Wc+WwNe5hjmk+U=
github.com/hugomods/simple-icons v12.1.0+incompatible/go.mod h1:1Lvymol7AMVY7ji/o88jMoDHHZIJ5Wc+WwNe5hjmk+U=
github.com/hugomods/simple-icons v12.2.0+incompatible/go.mod h1:1Lvymol7AMVY7ji/o88jMoDHHZIJ5Wc+WwNe5hjmk+U=
github.com/hugomods/simple-icons v12.3.0+incompatible/go.mod h1:1Lvymol7AMVY7ji/o88jMoDHHZIJ5Wc+WwNe5hjmk+U=
github.com/hugomods/simple-icons v12.4.0+incompatible/go.mod h1:1Lvymol7AMVY7ji/o88jMoDHHZIJ5Wc+WwNe5hjmk+U=
github.com/hugomods/simple-icons v13.0.0+incompatible/go.mod h1:1Lvymol7AMVY7ji/o88jMoDHHZIJ5Wc+WwNe5hjmk+U=
github.com/hugomods/simple-icons v13.1.0+incompatible/go.mod h1:1Lvymol7AMVY7ji/o88jMoDHHZIJ5Wc+WwNe5hjmk+U=
github.com/hugomods/simple-icons v13.2.0+incompatible/go.mod h1:1Lvymol7AMVY7ji/o88jMoDHHZIJ5Wc+WwNe5hjmk+U=
github.com/hugomods/simple-icons v13.3.0+incompatible/go.mod h1:1Lvymol7AMVY7ji/o88jMoDHHZIJ5Wc+WwNe5hjmk+U=
github.com/hugomods/simple-icons v13.4.0+incompatible/go.mod h1:1Lvymol7AMVY7ji/o88jMoDHHZIJ5Wc+WwNe5hjmk+U=
github.com/hugomods/simple-icons v13.5.0+incompatible/go.mod h1:1Lvymol7AMVY7ji/o88jMoDHHZIJ5Wc+WwNe5hjmk+U=
github.com/hugomods/simple-icons v13.6.0+incompatible/go.mod h1:1Lvymol7AMVY7ji/o88jMoDHHZIJ5Wc+WwNe5hjmk+U=
github.com/hugomods/simple-icons v13.7.0+incompatible/go.mod h1:1Lvymol7AMVY7ji/o88jMoDHHZIJ5Wc+WwNe5hjmk+U=
github.com/hugomods/simple-icons v13.8.0+incompatible/go.mod h1:1Lvymol7AMVY7ji/o88jMoDHHZIJ5Wc+WwNe5hjmk+U=
github.com/hugomods/simple-icons v13.10.0+incompatible/go.mod h1:1Lvymol7AMVY7ji/o88jMoDHHZIJ5Wc+WwNe5hjmk+U=
github.com/hugomods/simple-icons v13.11.0+incompatible/go.mod h1:1Lvymol7AMVY7ji/o88jMoDHHZIJ5Wc+WwNe5hjmk+U=
github.com/hugomods/simple-icons v13.12.0+incompatible/go.mod h1:1Lvymol7AMVY7ji/o88jMoDHHZIJ5Wc+WwNe5hjmk+U=
github.com/hugomods/simple-icons v13.13.0+incompatible/go.mod h1:1Lvymol7AMVY7ji/o88jMoDHHZIJ5Wc+WwNe5hjmk+U=
github.com/hugomods/simple-icons v13.14.0+incompatible/go.mod h1:1Lvymol7AMVY7ji/o88jMoDHHZIJ5Wc+WwNe5hjmk+U=
github.com/hugomods/snackbar v0.1.2 h1:SLpfH9jlYwf81epH7DvM2XTZHo+3fXXpk6XKtxmo964=
github.com/hugomods/snackbar v0.1.2/go.mod h1:ykFm0IFibeQPuPAm8Gaa27xJS/bNZcSez4omVSl2gQ0=
github.com/hugomods/workbox v0.1.0 h1:yxuTj3gT1BNf6OitxrjxSJXfmbFBj2UTwdWr142eYFQ=
github.com/hugomods/workbox v0.1.0/go.mod h1:RpFcIcltqYsiHWJV6PHPOdMagFZxO7nrO5XUpn/TMoc=
github.com/jakearchibald/idb v7.1.1+incompatible h1:/o1ng3qUjgMUeeKFim3J3tiQAitcVXU12pXIjSzwT/c=
github.com/jakearchibald/idb v7.1.1+incompatible/go.mod h1:AuDoW54s2DKfbclM+ScrnPp8ahUQ9rHph9bb8sZTEXc=
github.com/jakearchibald/idb v8.0.0+incompatible/go.mod h1:AuDoW54s2DKfbclM+ScrnPp8ahUQ9rHph9bb8sZTEXc=
github.com/twbs/bootstrap v5.3.2+incompatible/go.mod h1:fZTSrkpSf0/HkL0IIJzvVspTt1r9zuf7XlZau8kpcY0=
github.com/twbs/icons v1.11.1 h1:lMKkMwupTDfBJWXx6RFLwfYuCmqG/uUAu2LaOf7bZjU=
github.com/twbs/icons v1.11.1/go.mod h1:GnRlymgVWp5iVJCMa0Me5b6tFyGpVc2bSxPMRGIJmyA=
github.com/twbs/icons v1.11.2/go.mod h1:GnRlymgVWp5iVJCMa0Me5b6tFyGpVc2bSxPMRGIJmyA=
github.com/twbs/icons v1.11.3/go.mod h1:GnRlymgVWp5iVJCMa0Me5b6tFyGpVc2bSxPMRGIJmyA=
