github.com/gohugoio/hugo-mod-bootstrap-scss/v5 v5.20300.20003 h1:pt/JGVD5YYRsVVijOHPZI6YKTUvbR4e0hgV9B0S6rbI=
github.com/gohugoio/hugo-mod-bootstrap-scss/v5 v5.20300.20003/go.mod h1:mvM05r93HiefwoaxQTaYiJxtJAhTebwQtU1Xh/J+Okk=
github.com/gohugoio/hugo-mod-jslibs-dist/popperjs/v2 v2.21100.20000/go.mod h1:mFberT6ZtcchrsDtfvJM7aAH2bDKLdOnruUHl0hlapI=
github.com/hbstack/header v0.8.1 h1:VGYiT93z3YWg8X2FLXUv/TglHzUJiLzVxduH+rzFchw=
github.com/hbstack/header v0.8.1/go.mod h1:ZnACw6m73xB7Z5TUTyjErh6yURnMDDSWj8BVVrR9/+M=
github.com/hbstack/header/modules/language-picker v0.1.12 h1:rbhZwVkTQI6OL8aUsmnOk8LSIXON1gZifN8tfbrI1zA=
github.com/hbstack/header/modules/language-picker v0.1.12/go.mod h1:imd+ayLpbymZUFD67Vt05VFZ9nk3t/lgF4RAeSvVIFc=
github.com/hbstack/header/modules/search v0.1.20 h1:6q9idmZTNqKmzdu4EimSDOYNb+vm9aAMO4F/ZZHJU98=
github.com/hbstack/header/modules/search v0.1.20/go.mod h1:gnYVovvdcWFOsOkh1BkSGDGwCZSwj8cK3Ojau8bDdIY=
github.com/hbstack/header/modules/search v0.1.21/go.mod h1:gnYVovvdcWFOsOkh1BkSGDGwCZSwj8cK3Ojau8bDdIY=
github.com/hbstack/header/modules/socials v0.1.15 h1:SeReAQqkGRwSXMtNHwimzNTVzKISgdFSPJ/D5LaY2us=
github.com/hbstack/header/modules/socials v0.1.15/go.mod h1:UX12ApPuJZ8iVGRpXC3Bi9Y7Hz9xEOXhdDynpeTT4m8=
github.com/hbstack/header/modules/theme-toggle v0.1.12 h1:01puZ0b3KNy9wTTa8NmNC8Eu6vAzmRT1igg9aH1cfLM=
github.com/hbstack/header/modules/theme-toggle v0.1.12/go.mod h1:IgM8QP65AHsh8MaaExgfri6KieJiaFAPcsZztjvgxEs=
github.com/hugomods/base v0.1.0 h1:3o9Y85BvXHjkYzZfswM/EtthQ8GOYKN8aXHkIWqu3/8=
github.com/hugomods/base v0.1.0/go.mod h1:hnWCPbVxuhXBwdFax3mmbMlWKmIo/7OP36MCLOyHtT4=
github.com/hugomods/fuse-js v0.1.0 h1:CmWHBZANvjOP44RDNQNLntqlLf9GLqeM29jekxTNcPE=
github.com/hugomods/fuse-js v0.1.0/go.mod h1:srCqvtBQR02HS/abTraDU4oINv1D3PljNPdexdoHhpo=
github.com/hugomods/hugopress v0.2.1 h1:coYEPHUNLuTxKrVWVIPgs0lbZ6yrqxdWjgSriNFuBVo=
github.com/hugomods/hugopress v0.2.1/go.mod h1:CRYvr60xOkZOf4Atkuj+uEj2EH5pjJ39Ws3aJAkoMkA=
github.com/hugomods/i18n-js v0.2.1 h1:uIUl4LiYdwo8IK08oq7OmluYLedL21Wc9Rig1taDTSI=
github.com/hugomods/i18n-js v0.2.1/go.mod h1:eJfxjgI2CQsNA1/ReIVvr5127DftUKcbHd2A2SQmDvU=
github.com/hugomods/icons v0.6.0 h1:G6RU93okhPPRDh/jqcew9gwkcYpSpg0rCBv4S6yUAFw=
github.com/hugomods/icons v0.6.0/go.mod h1:cIkSvK6W0q6N4U6n9KGz+QfRWQXAW0INd+1P31gPNGg=
github.com/hugomods/simple-icons v9.11.0+incompatible h1:XHVMjL5Nx0rY6KWuYH9a/9SoE5wB/i0gAfAvU513ApE=
github.com/hugomods/simple-icons v9.11.0+incompatible/go.mod h1:1Lvymol7AMVY7ji/o88jMoDHHZIJ5Wc+WwNe5hjmk+U=
github.com/twbs/bootstrap v5.3.0+incompatible/go.mod h1:fZTSrkpSf0/HkL0IIJzvVspTt1r9zuf7XlZau8kpcY0=
github.com/twbs/icons v1.10.5 h1:F9uvW7cGfDBAautw5aeCmnB3hw4vv3aEQGbHnzcQKaE=
github.com/twbs/icons v1.10.5/go.mod h1:GnRlymgVWp5iVJCMa0Me5b6tFyGpVc2bSxPMRGIJmyA=
