github.com/gohugoio/hugo-mod-bootstrap-scss/v5 v5.20300.20200 h1:SmpwwN3DNzJWbV+IT8gaFu07ENUFpCvKou5BHYUKuVs=
github.com/gohugoio/hugo-mod-bootstrap-scss/v5 v5.20300.20200/go.mod h1:kx8MBj9T7SFR8ZClWvKZPmmUxBaltkoXvnWlZZcSnYA=
github.com/gohugoio/hugo-mod-jslibs-dist/popperjs/v2 v2.21100.20000/go.mod h1:mFberT6ZtcchrsDtfvJM7aAH2bDKLdOnruUHl0hlapI=
github.com/hbstack/header v0.11.0 h1:ASqPBW5S1oojfnpLq6JMXejEFSXsxRxABmOxzJmeDB8=
github.com/hbstack/header v0.11.0/go.mod h1:MkFJjAqVs/pgOEBjdCzBTdjT6q43It0PGvZh56OkdB4=
github.com/hbstack/header v0.11.1/go.mod h1:MkFJjAqVs/pgOEBjdCzBTdjT6q43It0PGvZh56OkdB4=
github.com/hbstack/header v0.11.3/go.mod h1:MkFJjAqVs/pgOEBjdCzBTdjT6q43It0PGvZh56OkdB4=
github.com/hbstack/header v0.12.0/go.mod h1:MkFJjAqVs/pgOEBjdCzBTdjT6q43It0PGvZh56OkdB4=
github.com/hbstack/header v0.12.1/go.mod h1:MkFJjAqVs/pgOEBjdCzBTdjT6q43It0PGvZh56OkdB4=
github.com/hbstack/header v0.12.2/go.mod h1:Tr1ae4nQQ43FQM+z/GcCPwTANmuJ8NaUpzcEcN4ynTg=
github.com/hbstack/header v0.12.3/go.mod h1:Tr1ae4nQQ43FQM+z/GcCPwTANmuJ8NaUpzcEcN4ynTg=
github.com/hbstack/header v0.12.4/go.mod h1:4XKdpn0KyL9VN8tFRsVqU8AF5eOM1Gw5+vvhXlsF/X0=
github.com/hbstack/header v0.12.5/go.mod h1:qJ6oP59zCAmkKnFALrEOBo92dnAmxCkYeG1uFjmVMj8=
github.com/hbstack/header v0.12.6/go.mod h1:7veV7tRH43rdYf4OIhoiy473Y/qoyeAJhglGTO+egKE=
github.com/hbstack/header v0.12.7/go.mod h1:UmRz21kEHDZjFA+TGjWSM/68WL8xHK15CmNgWBM9BEM=
github.com/hbstack/header v0.13.0/go.mod h1:F50k0BteNpwlfSs4V+5k4jn+ozqRnjTfxugUT7esA80=
github.com/hbstack/header v0.14.0/go.mod h1:F50k0BteNpwlfSs4V+5k4jn+ozqRnjTfxugUT7esA80=
github.com/hbstack/header v0.14.1/go.mod h1:f0GHuDsvRYKmseNq10MAqX9yySxNQTKFNwW+z1p3YWg=
github.com/hbstack/header v0.14.2/go.mod h1:ixl3LE1P436T4lVErrUVTyRv7fYqEs4zLc1OeBK+VqI=
github.com/hbstack/header/modules/language-picker v0.1.17 h1:Ssguu1bX+fG+qay4oM0r6t+rWuH44+1lQ+q57UgY81E=
github.com/hbstack/header/modules/language-picker v0.1.17/go.mod h1:nbdkbAXd0DlNJgfG/QPMQ56rfvD1n58YLI03XZeUEmU=
github.com/hbstack/header/modules/language-picker v0.1.18/go.mod h1:NktjHB9iRkmFH5rZ1XXPc7D40mcMOipDmKyCoxwGfxM=
github.com/hbstack/header/modules/language-picker v0.1.19/go.mod h1:Sz/xCTaw7eL8mU8wL+d/sIpN7sjJnOGyd1VsR1iio9o=
github.com/hbstack/header/modules/language-picker v0.1.20/go.mod h1:aNct66xWjiQoxjNiUIGDA0gwvjPyyRQ5Qdww+BCPMuw=
github.com/hbstack/header/modules/language-picker v0.1.21/go.mod h1:vlKi+qkfV0AVXl910GTj432RPrvIIUgTbejBO/vahM4=
github.com/hbstack/header/modules/language-picker v0.1.22/go.mod h1:UdCrzSFw8kluHZL5Vyhi0q01SDqe9Vz6RG8y+mpXMhw=
github.com/hbstack/header/modules/language-picker v0.1.23/go.mod h1:rLN2zbcsGXWsyOfVedSEZk8V7N4/Nk/iyuVm8wjBkuM=
github.com/hbstack/header/modules/language-picker v0.1.24/go.mod h1:HeIUdvoG+2ni8dqQNnsUtOQVo1U8ydVBEowJ/U85KCA=
github.com/hbstack/header/modules/search v0.1.27 h1:SXkIQg4jfFJKX+bvFtoS69j6TxVQ0czgrWAISesB14E=
github.com/hbstack/header/modules/search v0.1.27/go.mod h1:2xQ5lbiNTgWFFbUSMx0edktKhwtJs59wCwppwABPwQo=
github.com/hbstack/header/modules/search v0.1.28/go.mod h1:DEShhkQEvh36507BdXXLnAB6pNjNoDYC17EwfT4Al08=
github.com/hbstack/header/modules/search v0.1.30/go.mod h1:DRhdnl4uzi6pjWmv0UMMUOlotLtUgFlWbGWZ2xXm4Js=
github.com/hbstack/header/modules/search v0.1.31/go.mod h1:chtAc5meafXNJhISM6uodmMCp0QJ5Mis6ZHhgPJewfk=
github.com/hbstack/header/modules/search v0.1.32/go.mod h1:i/nG4odj0NoN7/evRDX/+VfyNjNboDxXwnb5n+haRtc=
github.com/hbstack/header/modules/search v0.1.33/go.mod h1:KJsndL1ZmVgUrIOEOPcfvfegLqL7lSTbVQhaTwTqbxg=
github.com/hbstack/header/modules/search v0.1.34/go.mod h1:t3c6zjQW2hLOw0Js9yHVw/e47Fo8M3Wx9RHC8pZkR8g=
github.com/hbstack/header/modules/search v0.1.35/go.mod h1:86x1O6KwCi+oLWCNGCwPrVfbW0Px35hYdj9LOTzZv4I=
github.com/hbstack/header/modules/socials v0.1.23 h1:TTqjllJzzakPyqiwF2Mp7Ft82xy7PAYwZDOGErSPPMQ=
github.com/hbstack/header/modules/socials v0.1.23/go.mod h1:wBLG4VnCNtVTD5XNGy1iwFsemCdTmroDV6+Ootoo4iY=
github.com/hbstack/header/modules/socials v0.1.24/go.mod h1:UU4FJT0/cqi/z4ttmBJlIQm9BdpEvuBaErmEBDVlPjc=
github.com/hbstack/header/modules/socials v0.1.26/go.mod h1:ppyvjpy6wg/WxgDWSHXATx51/ykpTgLpXAq3BhMqT7A=
github.com/hbstack/header/modules/socials v0.1.27/go.mod h1:5UmG5kRAdSeWSc7UuN+voFPq3hsKqMXfFZH+D0PNMO8=
github.com/hbstack/header/modules/socials v0.1.28/go.mod h1:N3tqnzmImktAMRJlwEBp7CX9zb2xrc4nyV4eSjNmGNM=
github.com/hbstack/header/modules/theme-toggle v0.1.17 h1:4HuMpd77BQZ49swamC1y6S2TH/3+dHiD+AXIqB1ULjU=
github.com/hbstack/header/modules/theme-toggle v0.1.17/go.mod h1:Wv12j/hd0VYgif8ecd/l2JXXQpynOu+AUSvSBiFtKVU=
github.com/hbstack/header/modules/theme-toggle v0.1.18/go.mod h1:QFRunk14ktM/oYuYxlKOnJvw0ZPFTiPnSSbWwSYLLc4=
github.com/hbstack/header/modules/theme-toggle v0.1.20/go.mod h1:JBLtu7vWYBtTE7GTiI7vR5BpdSbW4V025h6lEDNaSik=
github.com/hbstack/header/modules/theme-toggle v0.2.0/go.mod h1:ljUc5lLVzRh7Fud+V0pob7c2CxIYPJe18++PGRAhLMI=
github.com/hbstack/header/modules/theme-toggle v0.2.1/go.mod h1:Nwcp4+cyMYquF5Jgo2EvOREBypvTqCpFd/0zpYg/4FI=
github.com/hbstack/header/modules/theme-toggle v0.3.1/go.mod h1:dlWVMYlCuvQOogTEU5AZUF0qLFu4niBUaVSoALvOTH4=
github.com/hbstack/header/modules/theme-toggle v0.4.1/go.mod h1:yRuGvwvQe+lzFzKa+L3Qw5UHpEKLzvArbC90jfo1EjY=
github.com/hbstack/header/modules/theme-toggle v0.4.2/go.mod h1:pnBI67A1fSzKJG1GC3YRWOQSHbk5ehuYyHljx1a5duc=
github.com/hbstack/header/modules/theme-toggle v0.4.3/go.mod h1:RnAxM/75D5uPWQ/9xsYIImgxfJEFGwS/BBklOXxd4hM=
github.com/hbstack/header/modules/theme-toggle v0.4.4/go.mod h1:s0wry+fpt4OJO49dwHSaDW2aux7SZ+zvX5t6wlWSw5k=
github.com/hugomods/base v0.1.0 h1:3o9Y85BvXHjkYzZfswM/EtthQ8GOYKN8aXHkIWqu3/8=
github.com/hugomods/base v0.1.0/go.mod h1:hnWCPbVxuhXBwdFax3mmbMlWKmIo/7OP36MCLOyHtT4=
github.com/hugomods/base v0.2.0/go.mod h1:hnWCPbVxuhXBwdFax3mmbMlWKmIo/7OP36MCLOyHtT4=
github.com/hugomods/base v0.3.0/go.mod h1:hnWCPbVxuhXBwdFax3mmbMlWKmIo/7OP36MCLOyHtT4=
github.com/hugomods/base v0.4.0/go.mod h1:hnWCPbVxuhXBwdFax3mmbMlWKmIo/7OP36MCLOyHtT4=
github.com/hugomods/base v0.4.1/go.mod h1:hnWCPbVxuhXBwdFax3mmbMlWKmIo/7OP36MCLOyHtT4=
github.com/hugomods/base v0.4.2/go.mod h1:hnWCPbVxuhXBwdFax3mmbMlWKmIo/7OP36MCLOyHtT4=
github.com/hugomods/fuse-js v0.1.0 h1:CmWHBZANvjOP44RDNQNLntqlLf9GLqeM29jekxTNcPE=
github.com/hugomods/fuse-js v0.1.0/go.mod h1:srCqvtBQR02HS/abTraDU4oINv1D3PljNPdexdoHhpo=
github.com/hugomods/hugopress v0.2.1 h1:coYEPHUNLuTxKrVWVIPgs0lbZ6yrqxdWjgSriNFuBVo=
github.com/hugomods/hugopress v0.2.1/go.mod h1:CRYvr60xOkZOf4Atkuj+uEj2EH5pjJ39Ws3aJAkoMkA=
github.com/hugomods/hugopress v0.2.2/go.mod h1:CRYvr60xOkZOf4Atkuj+uEj2EH5pjJ39Ws3aJAkoMkA=
github.com/hugomods/hugopress v0.2.3/go.mod h1:CRYvr60xOkZOf4Atkuj+uEj2EH5pjJ39Ws3aJAkoMkA=
github.com/hugomods/i18n-js v0.2.1 h1:uIUl4LiYdwo8IK08oq7OmluYLedL21Wc9Rig1taDTSI=
github.com/hugomods/i18n-js v0.2.1/go.mod h1:eJfxjgI2CQsNA1/ReIVvr5127DftUKcbHd2A2SQmDvU=
github.com/hugomods/icons v0.6.0 h1:G6RU93okhPPRDh/jqcew9gwkcYpSpg0rCBv4S6yUAFw=
github.com/hugomods/icons v0.6.0/go.mod h1:cIkSvK6W0q6N4U6n9KGz+QfRWQXAW0INd+1P31gPNGg=
github.com/hugomods/icons v0.6.1/go.mod h1:cIkSvK6W0q6N4U6n9KGz+QfRWQXAW0INd+1P31gPNGg=
github.com/hugomods/icons v0.6.2/go.mod h1:cIkSvK6W0q6N4U6n9KGz+QfRWQXAW0INd+1P31gPNGg=
github.com/hugomods/icons v0.6.3/go.mod h1:cIkSvK6W0q6N4U6n9KGz+QfRWQXAW0INd+1P31gPNGg=
github.com/hugomods/simple-icons v9.16.1+incompatible h1:uwR8zjl8/FBKK/MzWc7G/53xlZbtpSF6TFvT26jyTlo=
github.com/hugomods/simple-icons v9.16.1+incompatible/go.mod h1:1Lvymol7AMVY7ji/o88jMoDHHZIJ5Wc+WwNe5hjmk+U=
github.com/hugomods/simple-icons v9.17.0+incompatible/go.mod h1:1Lvymol7AMVY7ji/o88jMoDHHZIJ5Wc+WwNe5hjmk+U=
github.com/hugomods/simple-icons v9.18.0+incompatible/go.mod h1:1Lvymol7AMVY7ji/o88jMoDHHZIJ5Wc+WwNe5hjmk+U=
github.com/hugomods/simple-icons v9.19.0+incompatible/go.mod h1:1Lvymol7AMVY7ji/o88jMoDHHZIJ5Wc+WwNe5hjmk+U=
github.com/hugomods/simple-icons v9.19.1+incompatible/go.mod h1:1Lvymol7AMVY7ji/o88jMoDHHZIJ5Wc+WwNe5hjmk+U=
github.com/hugomods/simple-icons v9.20.0+incompatible/go.mod h1:1Lvymol7AMVY7ji/o88jMoDHHZIJ5Wc+WwNe5hjmk+U=
github.com/hugomods/simple-icons v9.21.0+incompatible/go.mod h1:1Lvymol7AMVY7ji/o88jMoDHHZIJ5Wc+WwNe5hjmk+U=
github.com/hugomods/simple-icons v10.0.0+incompatible/go.mod h1:1Lvymol7AMVY7ji/o88jMoDHHZIJ5Wc+WwNe5hjmk+U=
github.com/hugomods/simple-icons v10.2.0+incompatible/go.mod h1:1Lvymol7AMVY7ji/o88jMoDHHZIJ5Wc+WwNe5hjmk+U=
github.com/hugomods/simple-icons v10.3.0+incompatible/go.mod h1:1Lvymol7AMVY7ji/o88jMoDHHZIJ5Wc+WwNe5hjmk+U=
github.com/hugomods/simple-icons v10.4.0+incompatible/go.mod h1:1Lvymol7AMVY7ji/o88jMoDHHZIJ5Wc+WwNe5hjmk+U=
github.com/hugomods/simple-icons v11.0.0+incompatible/go.mod h1:1Lvymol7AMVY7ji/o88jMoDHHZIJ5Wc+WwNe5hjmk+U=
github.com/hugomods/simple-icons v11.1.0+incompatible/go.mod h1:1Lvymol7AMVY7ji/o88jMoDHHZIJ5Wc+WwNe5hjmk+U=
github.com/hugomods/simple-icons v11.4.0+incompatible/go.mod h1:1Lvymol7AMVY7ji/o88jMoDHHZIJ5Wc+WwNe5hjmk+U=
github.com/hugomods/simple-icons v11.6.0+incompatible/go.mod h1:1Lvymol7AMVY7ji/o88jMoDHHZIJ5Wc+WwNe5hjmk+U=
github.com/hugomods/simple-icons v11.8.0+incompatible/go.mod h1:1Lvymol7AMVY7ji/o88jMoDHHZIJ5Wc+WwNe5hjmk+U=
github.com/twbs/bootstrap v5.3.2+incompatible/go.mod h1:fZTSrkpSf0/HkL0IIJzvVspTt1r9zuf7XlZau8kpcY0=
github.com/twbs/icons v1.11.1 h1:lMKkMwupTDfBJWXx6RFLwfYuCmqG/uUAu2LaOf7bZjU=
github.com/twbs/icons v1.11.1/go.mod h1:GnRlymgVWp5iVJCMa0Me5b6tFyGpVc2bSxPMRGIJmyA=
github.com/twbs/icons v1.11.2/go.mod h1:GnRlymgVWp5iVJCMa0Me5b6tFyGpVc2bSxPMRGIJmyA=
github.com/twbs/icons v1.11.3/go.mod h1:GnRlymgVWp5iVJCMa0Me5b6tFyGpVc2bSxPMRGIJmyA=
